<?xml version="1.0" encoding="utf-8"?>
<Project ToolsVersion="4.0" xmlns="http://schemas.microsoft.com/developer/msbuild/2003">
  <ItemGroup>
    <Filter Include="include">
      <UniqueIdentifier>{6d57fec9-a5c6-4708-8380-d09fa33986e2}</UniqueIdentifier>
    </Filter>
    <Filter Include="include\libxml">
      <UniqueIdentifier>{b853c4b5-dcc2-409b-aca9-911588ae741e}</UniqueIdentifier>
    </Filter>
    <Filter Include="Sources">
      <UniqueIdentifier>{bbc47180-e571-4175-a9e2-2beae3cfe0fe}</UniqueIdentifier>
    </Filter>
  </ItemGroup>
  <ItemGroup>
    <ClInclude Include="..\..\w32deps\libxml2\include\win32config.h">
      <Filter>include</Filter>
    </ClInclude>
    <ClInclude Include="..\..\w32deps\libxml2\include\wsockcompat.h">
      <Filter>include</Filter>
    </ClInclude>
    <ClInclude Include="..\..\w32deps\libxml2\include\libxml\c14n.h">
      <Filter>include\libxml</Filter>
    </ClInclude>
    <ClInclude Include="..\..\w32deps\libxml2\include\libxml\catalog.h">
      <Filter>include\libxml</Filter>
    </ClInclude>
    <ClInclude Include="..\..\w32deps\libxml2\include\libxml\chvalid.h">
      <Filter>include\libxml</Filter>
    </ClInclude>
    <ClInclude Include="..\..\w32deps\libxml2\include\libxml\debugXML.h">
      <Filter>include\libxml</Filter>
    </ClInclude>
    <ClInclude Include="..\..\w32deps\libxml2\include\libxml\dict.h">
      <Filter>include\libxml</Filter>
    </ClInclude>
    <ClInclude Include="..\..\w32deps\libxml2\include\libxml\DOCBparser.h">
      <Filter>include\libxml</Filter>
    </ClInclude>
    <ClInclude Include="..\..\w32deps\libxml2\include\libxml\encoding.h">
      <Filter>include\libxml</Filter>
    </ClInclude>
    <ClInclude Include="..\..\w32deps\libxml2\include\libxml\entities.h">
      <Filter>include\libxml</Filter>
    </ClInclude>
    <ClInclude Include="..\..\w32deps\libxml2\include\libxml\globals.h">
      <Filter>include\libxml</Filter>
    </ClInclude>
    <ClInclude Include="..\..\w32deps\libxml2\include\libxml\hash.h">
      <Filter>include\libxml</Filter>
    </ClInclude>
    <ClInclude Include="..\..\w32deps\libxml2\include\libxml\HTMLparser.h">
      <Filter>include\libxml</Filter>
    </ClInclude>
    <ClInclude Include="..\..\w32deps\libxml2\include\libxml\HTMLtree.h">
      <Filter>include\libxml</Filter>
    </ClInclude>
    <ClInclude Include="..\..\w32deps\libxml2\include\libxml\list.h">
      <Filter>include\libxml</Filter>
    </ClInclude>
    <ClInclude Include="..\..\w32deps\libxml2\include\libxml\nanoftp.h">
      <Filter>include\libxml</Filter>
    </ClInclude>
    <ClInclude Include="..\..\w32deps\libxml2\include\libxml\nanohttp.h">
      <Filter>include\libxml</Filter>
    </ClInclude>
    <ClInclude Include="..\..\w32deps\libxml2\include\libxml\parser.h">
      <Filter>include\libxml</Filter>
    </ClInclude>
    <ClInclude Include="..\..\w32deps\libxml2\include\libxml\parserInternals.h">
      <Filter>include\libxml</Filter>
    </ClInclude>
    <ClInclude Include="..\..\w32deps\libxml2\include\libxml\pattern.h">
      <Filter>include\libxml</Filter>
    </ClInclude>
    <ClInclude Include="..\..\w32deps\libxml2\include\libxml\relaxng.h">
      <Filter>include\libxml</Filter>
    </ClInclude>
    <ClInclude Include="..\..\w32deps\libxml2\include\libxml\SAX.h">
      <Filter>include\libxml</Filter>
    </ClInclude>
    <ClInclude Include="..\..\w32deps\libxml2\include\libxml\SAX2.h">
      <Filter>include\libxml</Filter>
    </ClInclude>
    <ClInclude Include="..\..\w32deps\libxml2\include\libxml\schemasInternals.h">
      <Filter>include\libxml</Filter>
    </ClInclude>
    <ClInclude Include="..\..\w32deps\libxml2\include\libxml\schematron.h">
      <Filter>include\libxml</Filter>
    </ClInclude>
    <ClInclude Include="..\..\w32deps\libxml2\include\libxml\threads.h">
      <Filter>include\libxml</Filter>
    </ClInclude>
    <ClInclude Include="..\..\w32deps\libxml2\include\libxml\tree.h">
      <Filter>include\libxml</Filter>
    </ClInclude>
    <ClInclude Include="..\..\w32deps\libxml2\include\libxml\uri.h">
      <Filter>include\libxml</Filter>
    </ClInclude>
    <ClInclude Include="..\..\w32deps\libxml2\include\libxml\valid.h">
      <Filter>include\libxml</Filter>
    </ClInclude>
    <ClInclude Include="..\..\w32deps\libxml2\include\libxml\xinclude.h">
      <Filter>include\libxml</Filter>
    </ClInclude>
    <ClInclude Include="..\..\w32deps\libxml2\include\libxml\xlink.h">
      <Filter>include\libxml</Filter>
    </ClInclude>
    <ClInclude Include="..\..\w32deps\libxml2\include\libxml\xmlautomata.h">
      <Filter>include\libxml</Filter>
    </ClInclude>
    <ClInclude Include="..\..\w32deps\libxml2\include\libxml\xmlerror.h">
      <Filter>include\libxml</Filter>
    </ClInclude>
    <ClInclude Include="..\..\w32deps\libxml2\include\libxml\xmlexports.h">
      <Filter>include\libxml</Filter>
    </ClInclude>
    <ClInclude Include="..\..\w32deps\libxml2\include\libxml\xmlIO.h">
      <Filter>include\libxml</Filter>
    </ClInclude>
    <ClInclude Include="..\..\w32deps\libxml2\include\libxml\xmlmemory.h">
      <Filter>include\libxml</Filter>
    </ClInclude>
    <ClInclude Include="..\..\w32deps\libxml2\include\libxml\xmlmodule.h">
      <Filter>include\libxml</Filter>
    </ClInclude>
    <ClInclude Include="..\..\w32deps\libxml2\include\libxml\xmlreader.h">
      <Filter>include\libxml</Filter>
    </ClInclude>
    <ClInclude Include="..\..\w32deps\libxml2\include\libxml\xmlregexp.h">
      <Filter>include\libxml</Filter>
    </ClInclude>
    <ClInclude Include="..\..\w32deps\libxml2\include\libxml\xmlsave.h">
      <Filter>include\libxml</Filter>
    </ClInclude>
    <ClInclude Include="..\..\w32deps\libxml2\include\libxml\xmlschemas.h">
      <Filter>include\libxml</Filter>
    </ClInclude>
    <ClInclude Include="..\..\w32deps\libxml2\include\libxml\xmlschemastypes.h">
      <Filter>include\libxml</Filter>
    </ClInclude>
    <ClInclude Include="..\..\w32deps\libxml2\include\libxml\xmlstring.h">
      <Filter>include\libxml</Filter>
    </ClInclude>
    <ClInclude Include="..\..\w32deps\libxml2\include\libxml\xmlunicode.h">
      <Filter>include\libxml</Filter>
    </ClInclude>
    <ClInclude Include="..\..\w32deps\libxml2\include\libxml\xmlversion.h">
      <Filter>include\libxml</Filter>
    </ClInclude>
    <ClInclude Include="..\..\w32deps\libxml2\include\libxml\xmlwriter.h">
      <Filter>include\libxml</Filter>
    </ClInclude>
    <ClInclude Include="..\..\w32deps\libxml2\include\libxml\xpath.h">
      <Filter>include\libxml</Filter>
    </ClInclude>
    <ClInclude Include="..\..\w32deps\libxml2\include\libxml\xpathInternals.h">
      <Filter>include\libxml</Filter>
    </ClInclude>
    <ClInclude Include="..\..\w32deps\libxml2\include\libxml\xpointer.h">
      <Filter>include\libxml</Filter>
    </ClInclude>
    <ClInclude Include="..\libxml2\buf.h">
      <Filter>Sources</Filter>
    </ClInclude>
    <ClInclude Include="..\libxml2\config.h">
      <Filter>Sources</Filter>
    </ClInclude>
    <ClInclude Include="..\libxml2\elfgcchack.h">
      <Filter>Sources</Filter>
    </ClInclude>
    <ClInclude Include="..\libxml2\enc.h">
      <Filter>Sources</Filter>
    </ClInclude>
    <ClInclude Include="..\libxml2\libxml.h">
      <Filter>Sources</Filter>
    </ClInclude>
    <ClInclude Include="..\libxml2\save.h">
      <Filter>Sources</Filter>
    </ClInclude>
    <ClInclude Include="..\libxml2\timsort.h">
      <Filter>Sources</Filter>
    </ClInclude>
    <ClInclude Include="..\libxml2\trio.h">
      <Filter>Sources</Filter>
    </ClInclude>
    <ClInclude Include="..\libxml2\triodef.h">
      <Filter>Sources</Filter>
    </ClInclude>
    <ClInclude Include="..\libxml2\trionan.h">
      <Filter>Sources</Filter>
    </ClInclude>
    <ClInclude Include="..\libxml2\triop.h">
      <Filter>Sources</Filter>
    </ClInclude>
    <ClInclude Include="..\libxml2\triostr.h">
      <Filter>Sources</Filter>
    </ClInclude>
    <ClInclude Include="..\libxml2\xzlib.h">
      <Filter>Sources</Filter>
    </ClInclude>
  </ItemGroup>
  <ItemGroup>
    <ClCompile Include="..\libxml2\entities.c">
      <Filter>Sources</Filter>
    </ClCompile>
    <ClCompile Include="..\libxml2\error.c">
      <Filter>Sources</Filter>
    </ClCompile>
    <ClCompile Include="..\libxml2\globals.c">
      <Filter>Sources</Filter>
    </ClCompile>
    <ClCompile Include="..\libxml2\hash.c">
      <Filter>Sources</Filter>
    </ClCompile>
    <ClCompile Include="..\libxml2\HTMLparser.c">
      <Filter>Sources</Filter>
    </ClCompile>
    <ClCompile Include="..\libxml2\HTMLtree.c">
      <Filter>Sources</Filter>
    </ClCompile>
    <ClCompile Include="..\libxml2\legacy.c">
      <Filter>Sources</Filter>
    </ClCompile>
    <ClCompile Include="..\libxml2\list.c">
      <Filter>Sources</Filter>
    </ClCompile>
    <ClCompile Include="..\libxml2\nanoftp.c">
      <Filter>Sources</Filter>
    </ClCompile>
    <ClCompile Include="..\libxml2\nanohttp.c">
      <Filter>Sources</Filter>
    </ClCompile>
    <ClCompile Include="..\libxml2\parser.c">
      <Filter>Sources</Filter>
    </ClCompile>
    <ClCompile Include="..\libxml2\parserInternals.c">
      <Filter>Sources</Filter>
    </ClCompile>
    <ClCompile Include="..\libxml2\pattern.c">
      <Filter>Sources</Filter>
    </ClCompile>
    <ClCompile Include="..\libxml2\relaxng.c">
      <Filter>Sources</Filter>
    </ClCompile>
    <ClCompile Include="..\libxml2\SAX.c">
      <Filter>Sources</Filter>
    </ClCompile>
    <ClCompile Include="..\libxml2\SAX2.c">
      <Filter>Sources</Filter>
    </ClCompile>
    <ClCompile Include="..\libxml2\schematron.c">
      <Filter>Sources</Filter>
    </ClCompile>
    <ClCompile Include="..\libxml2\threads.c">
      <Filter>Sources</Filter>
    </ClCompile>
    <ClCompile Include="..\libxml2\tree.c">
      <Filter>Sources</Filter>
    </ClCompile>
    <ClCompile Include="..\libxml2\trio.c">
      <Filter>Sources</Filter>
    </ClCompile>
    <ClCompile Include="..\libxml2\trionan.c">
      <Filter>Sources</Filter>
    </ClCompile>
    <ClCompile Include="..\libxml2\triostr.c">
      <Filter>Sources</Filter>
    </ClCompile>
    <ClCompile Include="..\libxml2\uri.c">
      <Filter>Sources</Filter>
    </ClCompile>
    <ClCompile Include="..\libxml2\valid.c">
      <Filter>Sources</Filter>
    </ClCompile>
    <ClCompile Include="..\libxml2\xinclude.c">
      <Filter>Sources</Filter>
    </ClCompile>
    <ClCompile Include="..\libxml2\xlink.c">
      <Filter>Sources</Filter>
    </ClCompile>
    <ClCompile Include="..\libxml2\xmlIO.c">
      <Filter>Sources</Filter>
    </ClCompile>
    <ClCompile Include="..\libxml2\xmlmemory.c">
      <Filter>Sources</Filter>
    </ClCompile>
    <ClCompile Include="..\libxml2\xmlmodule.c">
      <Filter>Sources</Filter>
    </ClCompile>
    <ClCompile Include="..\libxml2\xmlreader.c">
      <Filter>Sources</Filter>
    </ClCompile>
    <ClCompile Include="..\libxml2\xmlregexp.c">
      <Filter>Sources</Filter>
    </ClCompile>
    <ClCompile Include="..\libxml2\xmlsave.c">
      <Filter>Sources</Filter>
    </ClCompile>
    <ClCompile Include="..\libxml2\xmlschemas.c">
      <Filter>Sources</Filter>
    </ClCompile>
    <ClCompile Include="..\libxml2\xmlschemastypes.c">
      <Filter>Sources</Filter>
    </ClCompile>
    <ClCompile Include="..\libxml2\xmlstring.c">
      <Filter>Sources</Filter>
    </ClCompile>
    <ClCompile Include="..\libxml2\xmlunicode.c">
      <Filter>Sources</Filter>
    </ClCompile>
    <ClCompile Include="..\libxml2\xmlwriter.c">
      <Filter>Sources</Filter>
    </ClCompile>
    <ClCompile Include="..\libxml2\xpath.c">
      <Filter>Sources</Filter>
    </ClCompile>
    <ClCompile Include="..\libxml2\xpointer.c">
      <Filter>Sources</Filter>
    </ClCompile>
    <ClCompile Include="..\libxml2\xzlib.c">
      <Filter>Sources</Filter>
    </ClCompile>
    <ClCompile Include="..\libxml2\buf.c">
      <Filter>Sources</Filter>
    </ClCompile>
    <ClCompile Include="..\libxml2\c14n.c">
      <Filter>Sources</Filter>
    </ClCompile>
    <ClCompile Include="..\libxml2\catalog.c">
      <Filter>Sources</Filter>
    </ClCompile>
    <ClCompile Include="..\libxml2\chvalid.c">
      <Filter>Sources</Filter>
    </ClCompile>
    <ClCompile Include="..\libxml2\debugXML.c">
      <Filter>Sources</Filter>
    </ClCompile>
    <ClCompile Include="..\libxml2\dict.c">
      <Filter>Sources</Filter>
    </ClCompile>
    <ClCompile Include="..\libxml2\DOCBparser.c">
      <Filter>Sources</Filter>
    </ClCompile>
    <ClCompile Include="..\libxml2\encoding.c">
      <Filter>Sources</Filter>
    </ClCompile>
  </ItemGroup>
</Project>