
Microsoft Visual Studio Solution File, Format Version 12.00
# Visual Studio Version 17
VisualStudioVersion = 17.9.34723.18
MinimumVisualStudioVersion = 10.0.40219.1
Project("{8BC9CEB8-8B4A-11D0-8D11-00A0C91BC942}") = "git2", "src\git2.vcxproj", "{6513549D-28D7-366F-A537-B9A1C01DD762}"
	ProjectSection(ProjectDependencies) = postProject
		{602A913E-56F8-342B-B18D-60DFD68A02A4} = {602A913E-56F8-342B-B18D-60DFD68A02A4}
		{BC763B49-39E4-3A76-9D65-F08FD13EBD1E} = {BC763B49-39E4-3A76-9D65-F08FD13EBD1E}
		{2C3DC5BB-DB6A-365F-A018-0AB8E893510A} = {2C3DC5BB-DB6A-365F-A018-0AB8E893510A}
		{A41C5AC8-278A-3E6E-93A7-F384D7E0BE99} = {A41C5AC8-278A-3E6E-93A7-F384D7E0BE99}
	EndProjectSection
EndProject
Project("{8BC9CEB8-8B4A-11D0-8D11-00A0C91BC942}") = "git2internal", "src\git2internal.vcxproj", "{602A913E-56F8-342B-B18D-60DFD68A02A4}"
EndProject
Project("{8BC9CEB8-8B4A-11D0-8D11-00A0C91BC942}") = "http-parser", "deps\http-parser\http-parser.vcxproj", "{BC763B49-39E4-3A76-9D65-F08FD13EBD1E}"
EndProject
Project("{8BC9CEB8-8B4A-11D0-8D11-00A0C91BC942}") = "pcre", "deps\pcre\pcre.vcxproj", "{2C3DC5BB-DB6A-365F-A018-0AB8E893510A}"
EndProject
Project("{8BC9CEB8-8B4A-11D0-8D11-00A0C91BC942}") = "zlib", "deps\zlib\zlib.vcxproj", "{A41C5AC8-278A-3E6E-93A7-F384D7E0BE99}"
EndProject
Global
	GlobalSection(SolutionConfigurationPlatforms) = preSolution
		Debug|x64 = Debug|x64
		MinSizeRel|x64 = MinSizeRel|x64
		Release|x64 = Release|x64
		RelWithDebInfo|x64 = RelWithDebInfo|x64
	EndGlobalSection
	GlobalSection(ProjectConfigurationPlatforms) = postSolution
		{6513549D-28D7-366F-A537-B9A1C01DD762}.Debug|x64.ActiveCfg = Debug|x64
		{6513549D-28D7-366F-A537-B9A1C01DD762}.Debug|x64.Build.0 = Debug|x64
		{6513549D-28D7-366F-A537-B9A1C01DD762}.MinSizeRel|x64.ActiveCfg = MinSizeRel|x64
		{6513549D-28D7-366F-A537-B9A1C01DD762}.MinSizeRel|x64.Build.0 = MinSizeRel|x64
		{6513549D-28D7-366F-A537-B9A1C01DD762}.Release|x64.ActiveCfg = Release|x64
		{6513549D-28D7-366F-A537-B9A1C01DD762}.Release|x64.Build.0 = Release|x64
		{6513549D-28D7-366F-A537-B9A1C01DD762}.RelWithDebInfo|x64.ActiveCfg = RelWithDebInfo|x64
		{6513549D-28D7-366F-A537-B9A1C01DD762}.RelWithDebInfo|x64.Build.0 = RelWithDebInfo|x64
		{602A913E-56F8-342B-B18D-60DFD68A02A4}.Debug|x64.ActiveCfg = Debug|x64
		{602A913E-56F8-342B-B18D-60DFD68A02A4}.Debug|x64.Build.0 = Debug|x64
		{602A913E-56F8-342B-B18D-60DFD68A02A4}.MinSizeRel|x64.ActiveCfg = MinSizeRel|x64
		{602A913E-56F8-342B-B18D-60DFD68A02A4}.MinSizeRel|x64.Build.0 = MinSizeRel|x64
		{602A913E-56F8-342B-B18D-60DFD68A02A4}.Release|x64.ActiveCfg = Release|x64
		{602A913E-56F8-342B-B18D-60DFD68A02A4}.Release|x64.Build.0 = Release|x64
		{602A913E-56F8-342B-B18D-60DFD68A02A4}.RelWithDebInfo|x64.ActiveCfg = RelWithDebInfo|x64
		{602A913E-56F8-342B-B18D-60DFD68A02A4}.RelWithDebInfo|x64.Build.0 = RelWithDebInfo|x64
		{BC763B49-39E4-3A76-9D65-F08FD13EBD1E}.Debug|x64.ActiveCfg = Debug|x64
		{BC763B49-39E4-3A76-9D65-F08FD13EBD1E}.Debug|x64.Build.0 = Debug|x64
		{BC763B49-39E4-3A76-9D65-F08FD13EBD1E}.MinSizeRel|x64.ActiveCfg = MinSizeRel|x64
		{BC763B49-39E4-3A76-9D65-F08FD13EBD1E}.MinSizeRel|x64.Build.0 = MinSizeRel|x64
		{BC763B49-39E4-3A76-9D65-F08FD13EBD1E}.Release|x64.ActiveCfg = Release|x64
		{BC763B49-39E4-3A76-9D65-F08FD13EBD1E}.Release|x64.Build.0 = Release|x64
		{BC763B49-39E4-3A76-9D65-F08FD13EBD1E}.RelWithDebInfo|x64.ActiveCfg = RelWithDebInfo|x64
		{BC763B49-39E4-3A76-9D65-F08FD13EBD1E}.RelWithDebInfo|x64.Build.0 = RelWithDebInfo|x64
		{2C3DC5BB-DB6A-365F-A018-0AB8E893510A}.Debug|x64.ActiveCfg = Debug|x64
		{2C3DC5BB-DB6A-365F-A018-0AB8E893510A}.Debug|x64.Build.0 = Debug|x64
		{2C3DC5BB-DB6A-365F-A018-0AB8E893510A}.MinSizeRel|x64.ActiveCfg = MinSizeRel|x64
		{2C3DC5BB-DB6A-365F-A018-0AB8E893510A}.MinSizeRel|x64.Build.0 = MinSizeRel|x64
		{2C3DC5BB-DB6A-365F-A018-0AB8E893510A}.Release|x64.ActiveCfg = Release|x64
		{2C3DC5BB-DB6A-365F-A018-0AB8E893510A}.Release|x64.Build.0 = Release|x64
		{2C3DC5BB-DB6A-365F-A018-0AB8E893510A}.RelWithDebInfo|x64.ActiveCfg = RelWithDebInfo|x64
		{2C3DC5BB-DB6A-365F-A018-0AB8E893510A}.RelWithDebInfo|x64.Build.0 = RelWithDebInfo|x64
		{A41C5AC8-278A-3E6E-93A7-F384D7E0BE99}.Debug|x64.ActiveCfg = Debug|x64
		{A41C5AC8-278A-3E6E-93A7-F384D7E0BE99}.Debug|x64.Build.0 = Debug|x64
		{A41C5AC8-278A-3E6E-93A7-F384D7E0BE99}.MinSizeRel|x64.ActiveCfg = MinSizeRel|x64
		{A41C5AC8-278A-3E6E-93A7-F384D7E0BE99}.MinSizeRel|x64.Build.0 = MinSizeRel|x64
		{A41C5AC8-278A-3E6E-93A7-F384D7E0BE99}.Release|x64.ActiveCfg = Release|x64
		{A41C5AC8-278A-3E6E-93A7-F384D7E0BE99}.Release|x64.Build.0 = Release|x64
		{A41C5AC8-278A-3E6E-93A7-F384D7E0BE99}.RelWithDebInfo|x64.ActiveCfg = RelWithDebInfo|x64
		{A41C5AC8-278A-3E6E-93A7-F384D7E0BE99}.RelWithDebInfo|x64.Build.0 = RelWithDebInfo|x64
	EndGlobalSection
	GlobalSection(SolutionProperties) = preSolution
		HideSolutionNode = FALSE
	EndGlobalSection
	GlobalSection(ExtensibilityGlobals) = postSolution
		SolutionGuid = {157211F7-53E7-3EB5-AECA-631C587C12BF}
	EndGlobalSection
EndGlobal
