<?xml version="1.0" encoding="utf-8"?>
<Project ToolsVersion="4.0" xmlns="http://schemas.microsoft.com/developer/msbuild/2003">
  <ItemGroup>
    <Filter Include="gdk">
      <UniqueIdentifier>{a7c93e52-3e53-4c83-b722-18a969263dfc}</UniqueIdentifier>
    </Filter>
    <Filter Include="gdk\win32">
      <UniqueIdentifier>{4c3dca5d-eeae-43ea-8611-f17b4eeaf8d8}</UniqueIdentifier>
    </Filter>
    <Filter Include="gdk\glext">
      <UniqueIdentifier>{afdcebf2-894f-4523-afb7-44378c519e75}</UniqueIdentifier>
    </Filter>
  </ItemGroup>
  <ItemGroup>
    <ClInclude Include="..\gdk\gdkgl.h">
      <Filter>gdk</Filter>
    </ClInclude>
    <ClInclude Include="..\gdk\gdkglconfig.h">
      <Filter>gdk</Filter>
    </ClInclude>
    <ClInclude Include="..\gdk\gdkglcontext.h">
      <Filter>gdk</Filter>
    </ClInclude>
    <ClInclude Include="..\gdk\gdkgldebug.h">
      <Filter>gdk</Filter>
    </ClInclude>
    <ClInclude Include="..\gdk\gdkgldefs.h">
      <Filter>gdk</Filter>
    </ClInclude>
    <ClInclude Include="..\gdk\gdkgldrawable.h">
      <Filter>gdk</Filter>
    </ClInclude>
    <ClInclude Include="..\gdk\gdkglenumtypes.h">
      <Filter>gdk</Filter>
    </ClInclude>
    <ClInclude Include="..\gdk\gdkglext-config.h">
      <Filter>gdk</Filter>
    </ClInclude>
    <ClInclude Include="..\gdk\gdkglfont.h">
      <Filter>gdk</Filter>
    </ClInclude>
    <ClInclude Include="..\gdk\gdkglglext.h">
      <Filter>gdk</Filter>
    </ClInclude>
    <ClInclude Include="..\gdk\gdkglinit.h">
      <Filter>gdk</Filter>
    </ClInclude>
    <ClInclude Include="..\gdk\gdkglpixmap.h">
      <Filter>gdk</Filter>
    </ClInclude>
    <ClInclude Include="..\gdk\gdkglprivate.h">
      <Filter>gdk</Filter>
    </ClInclude>
    <ClInclude Include="..\gdk\gdkglquery.h">
      <Filter>gdk</Filter>
    </ClInclude>
    <ClInclude Include="..\gdk\gdkglshapes.h">
      <Filter>gdk</Filter>
    </ClInclude>
    <ClInclude Include="..\gdk\gdkgltokens.h">
      <Filter>gdk</Filter>
    </ClInclude>
    <ClInclude Include="..\gdk\gdkgltypes.h">
      <Filter>gdk</Filter>
    </ClInclude>
    <ClInclude Include="..\gdk\gdkglversion.h">
      <Filter>gdk</Filter>
    </ClInclude>
    <ClInclude Include="..\gdk\gdkglwindow.h">
      <Filter>gdk</Filter>
    </ClInclude>
    <ClInclude Include="..\gdk\win32\gdkglconfig-win32.h">
      <Filter>gdk\win32</Filter>
    </ClInclude>
    <ClInclude Include="..\gdk\win32\gdkglcontext-win32.h">
      <Filter>gdk\win32</Filter>
    </ClInclude>
    <ClInclude Include="..\gdk\win32\gdkglpixmap-win32.h">
      <Filter>gdk\win32</Filter>
    </ClInclude>
    <ClInclude Include="..\gdk\win32\gdkglprivate-win32.h">
      <Filter>gdk\win32</Filter>
    </ClInclude>
    <ClInclude Include="..\gdk\win32\gdkglwglext.h">
      <Filter>gdk\win32</Filter>
    </ClInclude>
    <ClInclude Include="..\gdk\win32\gdkglwin32.h">
      <Filter>gdk\win32</Filter>
    </ClInclude>
    <ClInclude Include="..\gdk\win32\gdkglwindow-win32.h">
      <Filter>gdk\win32</Filter>
    </ClInclude>
    <ClInclude Include="..\gdk\glext\common-header.h">
      <Filter>gdk\glext</Filter>
    </ClInclude>
    <ClInclude Include="..\gdk\glext\glext-extra.h">
      <Filter>gdk\glext</Filter>
    </ClInclude>
    <ClInclude Include="..\gdk\glext\glext.h">
      <Filter>gdk\glext</Filter>
    </ClInclude>
    <ClInclude Include="..\gdk\glext\glxext-extra.h">
      <Filter>gdk\glext</Filter>
    </ClInclude>
    <ClInclude Include="..\gdk\glext\glxext.h">
      <Filter>gdk\glext</Filter>
    </ClInclude>
    <ClInclude Include="..\gdk\glext\wglext-extra.h">
      <Filter>gdk\glext</Filter>
    </ClInclude>
    <ClInclude Include="..\gdk\glext\wglext.h">
      <Filter>gdk\glext</Filter>
    </ClInclude>
  </ItemGroup>
  <ItemGroup>
    <ClCompile Include="..\gdk\gdkglconfig.c">
      <Filter>gdk</Filter>
    </ClCompile>
    <ClCompile Include="..\gdk\gdkglcontext.c">
      <Filter>gdk</Filter>
    </ClCompile>
    <ClCompile Include="..\gdk\gdkgldrawable.c">
      <Filter>gdk</Filter>
    </ClCompile>
    <ClCompile Include="..\gdk\gdkglenumtypes.c">
      <Filter>gdk</Filter>
    </ClCompile>
    <ClCompile Include="..\gdk\gdkglglext.c">
      <Filter>gdk</Filter>
    </ClCompile>
    <ClCompile Include="..\gdk\gdkglinit.c">
      <Filter>gdk</Filter>
    </ClCompile>
    <ClCompile Include="..\gdk\gdkglpixmap.c">
      <Filter>gdk</Filter>
    </ClCompile>
    <ClCompile Include="..\gdk\gdkglquery.c">
      <Filter>gdk</Filter>
    </ClCompile>
    <ClCompile Include="..\gdk\gdkglshapes.c">
      <Filter>gdk</Filter>
    </ClCompile>
    <ClCompile Include="..\gdk\gdkglversion.c">
      <Filter>gdk</Filter>
    </ClCompile>
    <ClCompile Include="..\gdk\gdkglwindow.c">
      <Filter>gdk</Filter>
    </ClCompile>
    <ClCompile Include="..\gdk\win32\gdkglconfig-win32.c">
      <Filter>gdk\win32</Filter>
    </ClCompile>
    <ClCompile Include="..\gdk\win32\gdkglcontext-win32.c">
      <Filter>gdk\win32</Filter>
    </ClCompile>
    <ClCompile Include="..\gdk\win32\gdkgldrawable-win32.c">
      <Filter>gdk\win32</Filter>
    </ClCompile>
    <ClCompile Include="..\gdk\win32\gdkglfont-win32.c">
      <Filter>gdk\win32</Filter>
    </ClCompile>
    <ClCompile Include="..\gdk\win32\gdkglpixmap-win32.c">
      <Filter>gdk\win32</Filter>
    </ClCompile>
    <ClCompile Include="..\gdk\win32\gdkglquery-win32.c">
      <Filter>gdk\win32</Filter>
    </ClCompile>
    <ClCompile Include="..\gdk\win32\gdkglwglext.c">
      <Filter>gdk\win32</Filter>
    </ClCompile>
    <ClCompile Include="..\gdk\win32\gdkglwindow-win32.c">
      <Filter>gdk\win32</Filter>
    </ClCompile>
  </ItemGroup>
  <ItemGroup>
    <None Include="..\gdk\gdkglext-gtk20.def">
      <Filter>gdk</Filter>
    </None>
    <None Include="..\gdk\glext\gen-gdkglglext-c.pl">
      <Filter>gdk\glext</Filter>
    </None>
    <None Include="..\gdk\glext\gen-gdkglglext-h.pl">
      <Filter>gdk\glext</Filter>
    </None>
    <None Include="..\gdk\glext\gen-gdkglglxext-c.pl">
      <Filter>gdk\glext</Filter>
    </None>
    <None Include="..\gdk\glext\gen-gdkglglxext-h.pl">
      <Filter>gdk\glext</Filter>
    </None>
    <None Include="..\gdk\glext\gen-gdkglwglext-c.pl">
      <Filter>gdk\glext</Filter>
    </None>
    <None Include="..\gdk\glext\gen-gdkglwglext-h.pl">
      <Filter>gdk\glext</Filter>
    </None>
    <None Include="..\gdk\glext\list-ext.pl">
      <Filter>gdk\glext</Filter>
    </None>
    <None Include="..\gdk\gdkglext.def" />
  </ItemGroup>
</Project>