<?xml version="1.0" encoding="utf-8"?>
<Project ToolsVersion="4.0" xmlns="http://schemas.microsoft.com/developer/msbuild/2003">
  <ItemGroup>
    <Filter Include="Source Files">
      <UniqueIdentifier>{4FC737F1-C7A5-4376-A066-2A32D752A2FF}</UniqueIdentifier>
      <Extensions>cpp;c;cxx;def;odl;idl;hpj;bat;asm;asmx</Extensions>
    </Filter>
    <Filter Include="Header Files">
      <UniqueIdentifier>{93995380-89BD-4b04-88EB-625FBE52EBFB}</UniqueIdentifier>
      <Extensions>h;hpp;hxx;hm;inl;inc;xsd</Extensions>
    </Filter>
    <Filter Include="Resource Files">
      <UniqueIdentifier>{67DA6AB6-F800-4c08-8B7A-83BB121AAD01}</UniqueIdentifier>
      <Extensions>rc;ico;cur;bmp;dlg;rc2;rct;bin;rgs;gif;jpg;jpeg;jpe;resx</Extensions>
    </Filter>
  </ItemGroup>
  <ItemGroup>
    <ClCompile Include="..\gtkmm\cairo\cairomm\fontoptions.cc">
      <Filter>Source Files</Filter>
    </ClCompile>
    <ClCompile Include="..\gtkmm\cairo\cairomm\matrix.cc">
      <Filter>Source Files</Filter>
    </ClCompile>
    <ClCompile Include="..\gtkmm\cairo\cairomm\path.cc">
      <Filter>Source Files</Filter>
    </ClCompile>
    <ClCompile Include="..\gtkmm\cairo\cairomm\pattern.cc">
      <Filter>Source Files</Filter>
    </ClCompile>
    <ClCompile Include="..\gtkmm\cairo\cairomm\private.cc">
      <Filter>Source Files</Filter>
    </ClCompile>
    <ClCompile Include="..\gtkmm\cairo\cairomm\quartz_font.cc">
      <Filter>Source Files</Filter>
    </ClCompile>
    <ClCompile Include="..\gtkmm\cairo\cairomm\quartz_surface.cc">
      <Filter>Source Files</Filter>
    </ClCompile>
    <ClCompile Include="..\gtkmm\cairo\cairomm\region.cc">
      <Filter>Source Files</Filter>
    </ClCompile>
    <ClCompile Include="..\gtkmm\cairo\cairomm\scaledfont.cc">
      <Filter>Source Files</Filter>
    </ClCompile>
    <ClCompile Include="..\gtkmm\cairo\cairomm\surface.cc">
      <Filter>Source Files</Filter>
    </ClCompile>
    <ClCompile Include="..\gtkmm\cairo\cairomm\win32_font.cc">
      <Filter>Source Files</Filter>
    </ClCompile>
    <ClCompile Include="..\gtkmm\cairo\cairomm\win32_surface.cc">
      <Filter>Source Files</Filter>
    </ClCompile>
    <ClCompile Include="..\gtkmm\cairo\cairomm\xlib_surface.cc">
      <Filter>Source Files</Filter>
    </ClCompile>
    <ClCompile Include="..\gtkmm\cairo\cairomm\context.cc">
      <Filter>Source Files</Filter>
    </ClCompile>
    <ClCompile Include="..\gtkmm\cairo\cairomm\context_surface_quartz.cc">
      <Filter>Source Files</Filter>
    </ClCompile>
    <ClCompile Include="..\gtkmm\cairo\cairomm\context_surface_win32.cc">
      <Filter>Source Files</Filter>
    </ClCompile>
    <ClCompile Include="..\gtkmm\cairo\cairomm\context_surface_xlib.cc">
      <Filter>Source Files</Filter>
    </ClCompile>
    <ClCompile Include="..\gtkmm\cairo\cairomm\device.cc">
      <Filter>Source Files</Filter>
    </ClCompile>
    <ClCompile Include="..\gtkmm\cairo\cairomm\exception.cc">
      <Filter>Source Files</Filter>
    </ClCompile>
    <ClCompile Include="..\gtkmm\cairo\cairomm\fontface.cc">
      <Filter>Source Files</Filter>
    </ClCompile>
  </ItemGroup>
  <ItemGroup>
    <ClInclude Include="..\..\w32deps\gtkmm\include\cairomm\context_private.h">
      <Filter>Header Files</Filter>
    </ClInclude>
    <ClInclude Include="..\..\w32deps\gtkmm\include\cairomm\device.h">
      <Filter>Header Files</Filter>
    </ClInclude>
    <ClInclude Include="..\..\w32deps\gtkmm\include\cairomm\enums.h">
      <Filter>Header Files</Filter>
    </ClInclude>
    <ClInclude Include="..\..\w32deps\gtkmm\include\cairomm\exception.h">
      <Filter>Header Files</Filter>
    </ClInclude>
    <ClInclude Include="..\..\w32deps\gtkmm\include\cairomm\fontface.h">
      <Filter>Header Files</Filter>
    </ClInclude>
    <ClInclude Include="..\..\w32deps\gtkmm\include\cairomm\fontoptions.h">
      <Filter>Header Files</Filter>
    </ClInclude>
    <ClInclude Include="..\..\w32deps\gtkmm\include\cairomm\matrix.h">
      <Filter>Header Files</Filter>
    </ClInclude>
    <ClInclude Include="..\..\w32deps\gtkmm\include\cairomm\path.h">
      <Filter>Header Files</Filter>
    </ClInclude>
    <ClInclude Include="..\..\w32deps\gtkmm\include\cairomm\pattern.h">
      <Filter>Header Files</Filter>
    </ClInclude>
    <ClInclude Include="..\..\w32deps\gtkmm\include\cairomm\private.h">
      <Filter>Header Files</Filter>
    </ClInclude>
    <ClInclude Include="..\..\w32deps\gtkmm\include\cairomm\quartz_font.h">
      <Filter>Header Files</Filter>
    </ClInclude>
    <ClInclude Include="..\..\w32deps\gtkmm\include\cairomm\quartz_surface.h">
      <Filter>Header Files</Filter>
    </ClInclude>
    <ClInclude Include="..\..\w32deps\gtkmm\include\cairomm\refptr.h">
      <Filter>Header Files</Filter>
    </ClInclude>
    <ClInclude Include="..\..\w32deps\gtkmm\include\cairomm\region.h">
      <Filter>Header Files</Filter>
    </ClInclude>
    <ClInclude Include="..\..\w32deps\gtkmm\include\cairomm\scaledfont.h">
      <Filter>Header Files</Filter>
    </ClInclude>
    <ClInclude Include="..\..\w32deps\gtkmm\include\cairomm\surface.h">
      <Filter>Header Files</Filter>
    </ClInclude>
    <ClInclude Include="..\..\w32deps\gtkmm\include\cairomm\types.h">
      <Filter>Header Files</Filter>
    </ClInclude>
    <ClInclude Include="..\..\w32deps\gtkmm\include\cairomm\win32_font.h">
      <Filter>Header Files</Filter>
    </ClInclude>
    <ClInclude Include="..\..\w32deps\gtkmm\include\cairomm\win32_surface.h">
      <Filter>Header Files</Filter>
    </ClInclude>
    <ClInclude Include="..\..\w32deps\gtkmm\include\cairomm\xlib_surface.h">
      <Filter>Header Files</Filter>
    </ClInclude>
    <ClInclude Include="..\..\w32deps\gtkmm\include\cairomm\cairomm.h">
      <Filter>Header Files</Filter>
    </ClInclude>
    <ClInclude Include="..\..\w32deps\gtkmm\include\cairomm\context.h">
      <Filter>Header Files</Filter>
    </ClInclude>
  </ItemGroup>
</Project>