
Microsoft Visual Studio Solution File, Format Version 11.00
# Visual Studio 2010
Project("{8BC9CEB8-8B4A-11D0-8D11-00A0C91BC942}") = "libzlib", "libzlib.vcxproj", "{6780EE95-8768-4138-A89B-47D3504A6E5D}"
EndProject
Project("{8BC9CEB8-8B4A-11D0-8D11-00A0C91BC942}") = "libpng", "libpng.vcxproj", "{D6973076-9317-4EF2-A0B8-B7A18AC0713E}"
EndProject
Project("{8BC9CEB8-8B4A-11D0-8D11-00A0C91BC942}") = "pixman", "pixman.vcxproj", "{198DEC2B-566D-4EDE-A400-5B4285C41D86}"
EndProject
Project("{8BC9CEB8-8B4A-11D0-8D11-00A0C91BC942}") = "libjpeg", "libjpeg.vcxproj", "{13F034FC-2F0F-474E-B362-1C5750613C52}"
EndProject
Project("{8BC9CEB8-8B4A-11D0-8D11-00A0C91BC942}") = "freetype", "freetype.vcxproj", "{78B079BD-9FC7-4B9E-B4A6-96DA0F00248B}"
EndProject
Project("{8BC9CEB8-8B4A-11D0-8D11-00A0C91BC942}") = "expat", "expat.vcxproj", "{1BA66698-2B4F-DE32-8950-6AEA21D7B7E6}"
EndProject
Project("{8BC9CEB8-8B4A-11D0-8D11-00A0C91BC942}") = "fontconfig", "fontconfig.vcxproj", "{E82C60A1-5613-4DB5-B965-5F1E11CB68BD}"
	ProjectSection(ProjectDependencies) = postProject
		{1BA66698-2B4F-DE32-8950-6AEA21D7B7E6} = {1BA66698-2B4F-DE32-8950-6AEA21D7B7E6}
		{78B079BD-9FC7-4B9E-B4A6-96DA0F00248B} = {78B079BD-9FC7-4B9E-B4A6-96DA0F00248B}
	EndProjectSection
EndProject
Project("{8BC9CEB8-8B4A-11D0-8D11-00A0C91BC942}") = "gettext", "gettext.vcxproj", "{56ED427B-0428-48B0-BD86-58AD1EEFEEEF}"
	ProjectSection(ProjectDependencies) = postProject
		{C486CD3C-31E0-4438-BCED-B8A26F9ACAE1} = {C486CD3C-31E0-4438-BCED-B8A26F9ACAE1}
	EndProjectSection
EndProject
Project("{8BC9CEB8-8B4A-11D0-8D11-00A0C91BC942}") = "libiconv", "win_iconv.vcxproj", "{C486CD3C-31E0-4438-BCED-B8A26F9ACAE1}"
EndProject
Project("{8BC9CEB8-8B4A-11D0-8D11-00A0C91BC942}") = "libffi", "libffi.vcxproj", "{8B7F7E4C-CEFE-4440-8F46-FAEE748BB811}"
EndProject
Project("{8BC9CEB8-8B4A-11D0-8D11-00A0C91BC942}") = "glib", "glib.vcxproj", "{12BCA020-EABF-429E-876A-A476BC9C10C0}"
EndProject
Project("{8BC9CEB8-8B4A-11D0-8D11-00A0C91BC942}") = "gio", "gio.vcxproj", "{F3D1583C-5613-4809-BD98-7CC1C1276F92}"
	ProjectSection(ProjectDependencies) = postProject
		{4214047C-F5C1-40B3-8369-5DCED8C32770} = {4214047C-F5C1-40B3-8369-5DCED8C32770}
		{F172EFFC-E30F-4593-809E-DB2024B1E753} = {F172EFFC-E30F-4593-809E-DB2024B1E753}
	EndProjectSection
EndProject
Project("{8BC9CEB8-8B4A-11D0-8D11-00A0C91BC942}") = "gobject", "gobject.vcxproj", "{F172EFFC-E30F-4593-809E-DB2024B1E753}"
EndProject
Project("{8BC9CEB8-8B4A-11D0-8D11-00A0C91BC942}") = "gthread", "gthread.vcxproj", "{C8AFB8C3-FFFD-460F-BC13-9AC25D7B117C}"
EndProject
Project("{8BC9CEB8-8B4A-11D0-8D11-00A0C91BC942}") = "gmodule", "gmodule.vcxproj", "{4214047C-F5C1-40B3-8369-5DCED8C32770}"
EndProject
Project("{8BC9CEB8-8B4A-11D0-8D11-00A0C91BC942}") = "atk", "atk.vcxproj", "{86EACD59-F69F-4AAD-854B-AA03D5447360}"
	ProjectSection(ProjectDependencies) = postProject
		{12BCA020-EABF-429E-876A-A476BC9C10C0} = {12BCA020-EABF-429E-876A-A476BC9C10C0}
		{8B7F7E4C-CEFE-4440-8F46-FAEE748BB811} = {8B7F7E4C-CEFE-4440-8F46-FAEE748BB811}
		{56ED427B-0428-48B0-BD86-58AD1EEFEEEF} = {56ED427B-0428-48B0-BD86-58AD1EEFEEEF}
		{4214047C-F5C1-40B3-8369-5DCED8C32770} = {4214047C-F5C1-40B3-8369-5DCED8C32770}
		{F172EFFC-E30F-4593-809E-DB2024B1E753} = {F172EFFC-E30F-4593-809E-DB2024B1E753}
	EndProjectSection
EndProject
Project("{8BC9CEB8-8B4A-11D0-8D11-00A0C91BC942}") = "gdk-pixbuf", "gdk-pixbuf.vcxproj", "{01ADE22D-F6EC-4D09-8FE1-B9A97DEC2BA3}"
	ProjectSection(ProjectDependencies) = postProject
		{12BCA020-EABF-429E-876A-A476BC9C10C0} = {12BCA020-EABF-429E-876A-A476BC9C10C0}
		{F3D1583C-5613-4809-BD98-7CC1C1276F92} = {F3D1583C-5613-4809-BD98-7CC1C1276F92}
		{D6973076-9317-4EF2-A0B8-B7A18AC0713E} = {D6973076-9317-4EF2-A0B8-B7A18AC0713E}
		{56ED427B-0428-48B0-BD86-58AD1EEFEEEF} = {56ED427B-0428-48B0-BD86-58AD1EEFEEEF}
		{4214047C-F5C1-40B3-8369-5DCED8C32770} = {4214047C-F5C1-40B3-8369-5DCED8C32770}
		{6780EE95-8768-4138-A89B-47D3504A6E5D} = {6780EE95-8768-4138-A89B-47D3504A6E5D}
		{C8AFB8C3-FFFD-460F-BC13-9AC25D7B117C} = {C8AFB8C3-FFFD-460F-BC13-9AC25D7B117C}
		{F172EFFC-E30F-4593-809E-DB2024B1E753} = {F172EFFC-E30F-4593-809E-DB2024B1E753}
	EndProjectSection
EndProject
Project("{8BC9CEB8-8B4A-11D0-8D11-00A0C91BC942}") = "cairo-gobject", "cairo-gobject-fc.vcxproj", "{C8D08F82-700E-4ACE-A766-A52C4048B5F7}"
	ProjectSection(ProjectDependencies) = postProject
		{E82F3508-C849-4D33-86AF-13300224A169} = {E82F3508-C849-4D33-86AF-13300224A169}
		{12BCA020-EABF-429E-876A-A476BC9C10C0} = {12BCA020-EABF-429E-876A-A476BC9C10C0}
		{F172EFFC-E30F-4593-809E-DB2024B1E753} = {F172EFFC-E30F-4593-809E-DB2024B1E753}
	EndProjectSection
EndProject
Project("{8BC9CEB8-8B4A-11D0-8D11-00A0C91BC942}") = "cairo", "cairo-fc.vcxproj", "{E82F3508-C849-4D33-86AF-13300224A169}"
	ProjectSection(ProjectDependencies) = postProject
		{198DEC2B-566D-4EDE-A400-5B4285C41D86} = {198DEC2B-566D-4EDE-A400-5B4285C41D86}
		{D6973076-9317-4EF2-A0B8-B7A18AC0713E} = {D6973076-9317-4EF2-A0B8-B7A18AC0713E}
		{6780EE95-8768-4138-A89B-47D3504A6E5D} = {6780EE95-8768-4138-A89B-47D3504A6E5D}
		{E82C60A1-5613-4DB5-B965-5F1E11CB68BD} = {E82C60A1-5613-4DB5-B965-5F1E11CB68BD}
		{78B079BD-9FC7-4B9E-B4A6-96DA0F00248B} = {78B079BD-9FC7-4B9E-B4A6-96DA0F00248B}
	EndProjectSection
EndProject
Project("{8BC9CEB8-8B4A-11D0-8D11-00A0C91BC942}") = "pango", "pango.vcxproj", "{68CC80B9-7225-4FB5-B9AB-9C1DF50B6C72}"
	ProjectSection(ProjectDependencies) = postProject
		{12BCA020-EABF-429E-876A-A476BC9C10C0} = {12BCA020-EABF-429E-876A-A476BC9C10C0}
		{F3D1583C-5613-4809-BD98-7CC1C1276F92} = {F3D1583C-5613-4809-BD98-7CC1C1276F92}
		{56ED427B-0428-48B0-BD86-58AD1EEFEEEF} = {56ED427B-0428-48B0-BD86-58AD1EEFEEEF}
		{4214047C-F5C1-40B3-8369-5DCED8C32770} = {4214047C-F5C1-40B3-8369-5DCED8C32770}
	EndProjectSection
EndProject
Project("{8BC9CEB8-8B4A-11D0-8D11-00A0C91BC942}") = "pangocairo", "pangocairo_fc.vcxproj", "{68CC80B9-7225-4FB5-B9AB-9C1DF50B6C76}"
	ProjectSection(ProjectDependencies) = postProject
		{E82C60A1-5613-4DB5-B965-5F1E11CB68BD} = {E82C60A1-5613-4DB5-B965-5F1E11CB68BD}
		{68CC80B9-7225-4FB5-B9AB-9C1DF50B6C72} = {68CC80B9-7225-4FB5-B9AB-9C1DF50B6C72}
		{68CC80B9-7225-4FB5-B9AB-9C1DF50B6C74} = {68CC80B9-7225-4FB5-B9AB-9C1DF50B6C74}
		{78B079BD-9FC7-4B9E-B4A6-96DA0F00248B} = {78B079BD-9FC7-4B9E-B4A6-96DA0F00248B}
	EndProjectSection
EndProject
Project("{8BC9CEB8-8B4A-11D0-8D11-00A0C91BC942}") = "pangoft2", "pangoft2.vcxproj", "{68CC80B9-7225-4FB5-B9AB-9C1DF50B6C73}"
	ProjectSection(ProjectDependencies) = postProject
		{68CC80B9-7225-4FB5-B9AB-9C1DF50B6C74} = {68CC80B9-7225-4FB5-B9AB-9C1DF50B6C74}
	EndProjectSection
EndProject
Project("{8BC9CEB8-8B4A-11D0-8D11-00A0C91BC942}") = "pangowin32", "pangowin32.vcxproj", "{68CC80B9-7225-4FB5-B9AB-9C1DF50B6C74}"
EndProject
Project("{8BC9CEB8-8B4A-11D0-8D11-00A0C91BC942}") = "gdk", "gdk.vcxproj", "{FC5AADB5-95CD-4BF0-BA8B-0C16FE7073F7}"
	ProjectSection(ProjectDependencies) = postProject
		{E82F3508-C849-4D33-86AF-13300224A169} = {E82F3508-C849-4D33-86AF-13300224A169}
		{12BCA020-EABF-429E-876A-A476BC9C10C0} = {12BCA020-EABF-429E-876A-A476BC9C10C0}
		{01ADE22D-F6EC-4D09-8FE1-B9A97DEC2BA3} = {01ADE22D-F6EC-4D09-8FE1-B9A97DEC2BA3}
		{F3D1583C-5613-4809-BD98-7CC1C1276F92} = {F3D1583C-5613-4809-BD98-7CC1C1276F92}
		{56ED427B-0428-48B0-BD86-58AD1EEFEEEF} = {56ED427B-0428-48B0-BD86-58AD1EEFEEEF}
		{4214047C-F5C1-40B3-8369-5DCED8C32770} = {4214047C-F5C1-40B3-8369-5DCED8C32770}
		{FC5AADB5-95CD-4BF0-BA8B-0C16FE7073FA} = {FC5AADB5-95CD-4BF0-BA8B-0C16FE7073FA}
		{68CC80B9-7225-4FB5-B9AB-9C1DF50B6C72} = {68CC80B9-7225-4FB5-B9AB-9C1DF50B6C72}
		{68CC80B9-7225-4FB5-B9AB-9C1DF50B6C76} = {68CC80B9-7225-4FB5-B9AB-9C1DF50B6C76}
	EndProjectSection
EndProject
Project("{8BC9CEB8-8B4A-11D0-8D11-00A0C91BC942}") = "gdk-win32", "gdk-win32.vcxproj", "{FC5AADB5-95CD-4BF0-BA8B-0C16FE7073FA}"
EndProject
Project("{8BC9CEB8-8B4A-11D0-8D11-00A0C91BC942}") = "gtk", "gtk.vcxproj", "{FC5AADB5-95CD-4BF0-BA8B-0C16FE7073F5}"
	ProjectSection(ProjectDependencies) = postProject
		{86EACD59-F69F-4AAD-854B-AA03D5447360} = {86EACD59-F69F-4AAD-854B-AA03D5447360}
		{68CC80B9-7225-4FB5-B9AB-9C1DF50B6C74} = {68CC80B9-7225-4FB5-B9AB-9C1DF50B6C74}
	EndProjectSection
EndProject
Project("{8BC9CEB8-8B4A-11D0-8D11-00A0C91BC942}") = "gdkglext", "gdkglext.vcxproj", "{C001FB56-998C-414A-A87D-BD48043CFD48}"
	ProjectSection(ProjectDependencies) = postProject
		{E82F3508-C849-4D33-86AF-13300224A169} = {E82F3508-C849-4D33-86AF-13300224A169}
		{12BCA020-EABF-429E-876A-A476BC9C10C0} = {12BCA020-EABF-429E-876A-A476BC9C10C0}
		{01ADE22D-F6EC-4D09-8FE1-B9A97DEC2BA3} = {01ADE22D-F6EC-4D09-8FE1-B9A97DEC2BA3}
		{FC5AADB5-95CD-4BF0-BA8B-0C16FE7073F7} = {FC5AADB5-95CD-4BF0-BA8B-0C16FE7073F7}
		{68CC80B9-7225-4FB5-B9AB-9C1DF50B6C72} = {68CC80B9-7225-4FB5-B9AB-9C1DF50B6C72}
	EndProjectSection
EndProject
Project("{8BC9CEB8-8B4A-11D0-8D11-00A0C91BC942}") = "gtkglext", "gtkglext.vcxproj", "{E0851752-875E-411F-B667-C47AD8930165}"
	ProjectSection(ProjectDependencies) = postProject
		{FC5AADB5-95CD-4BF0-BA8B-0C16FE7073F5} = {FC5AADB5-95CD-4BF0-BA8B-0C16FE7073F5}
	EndProjectSection
EndProject
Project("{8BC9CEB8-8B4A-11D0-8D11-00A0C91BC942}") = "libsigc++", "libsigc++2.vcxproj", "{83997EF6-02D6-4CDB-8B3C-DBCA3018CC72}"
EndProject
Project("{8BC9CEB8-8B4A-11D0-8D11-00A0C91BC942}") = "glibmm", "glibmm.vcxproj", "{58B2B53C-C4FF-47FD-817B-095E45B7F7D4}"
	ProjectSection(ProjectDependencies) = postProject
		{AEE3F01F-E4F1-4B03-9F15-EF102D629983} = {AEE3F01F-E4F1-4B03-9F15-EF102D629983}
		{12BCA020-EABF-429E-876A-A476BC9C10C0} = {12BCA020-EABF-429E-876A-A476BC9C10C0}
		{83997EF6-02D6-4CDB-8B3C-DBCA3018CC72} = {83997EF6-02D6-4CDB-8B3C-DBCA3018CC72}
	EndProjectSection
EndProject
Project("{8BC9CEB8-8B4A-11D0-8D11-00A0C91BC942}") = "giomm", "giomm.vcxproj", "{EE6C0430-C2C9-425C-8EBA-963FAC3E9832}"
	ProjectSection(ProjectDependencies) = postProject
		{58B2B53C-C4FF-47FD-817B-095E45B7F7D4} = {58B2B53C-C4FF-47FD-817B-095E45B7F7D4}
		{9FE0D5A6-458C-45C7-B954-2C3C1E6196C2} = {9FE0D5A6-458C-45C7-B954-2C3C1E6196C2}
	EndProjectSection
EndProject
Project("{8BC9CEB8-8B4A-11D0-8D11-00A0C91BC942}") = "cairomm", "cairomm.vcxproj", "{AEE3F01F-E4F1-4B03-9F15-EF102D629983}"
	ProjectSection(ProjectDependencies) = postProject
		{E82F3508-C849-4D33-86AF-13300224A169} = {E82F3508-C849-4D33-86AF-13300224A169}
	EndProjectSection
EndProject
Project("{8BC9CEB8-8B4A-11D0-8D11-00A0C91BC942}") = "pangomm", "pangomm.vcxproj", "{A93D607A-5C37-4AEC-BA08-6A655F6DC834}"
	ProjectSection(ProjectDependencies) = postProject
		{E82F3508-C849-4D33-86AF-13300224A169} = {E82F3508-C849-4D33-86AF-13300224A169}
		{AEE3F01F-E4F1-4B03-9F15-EF102D629983} = {AEE3F01F-E4F1-4B03-9F15-EF102D629983}
		{12BCA020-EABF-429E-876A-A476BC9C10C0} = {12BCA020-EABF-429E-876A-A476BC9C10C0}
		{58B2B53C-C4FF-47FD-817B-095E45B7F7D4} = {58B2B53C-C4FF-47FD-817B-095E45B7F7D4}
		{4214047C-F5C1-40B3-8369-5DCED8C32770} = {4214047C-F5C1-40B3-8369-5DCED8C32770}
		{68CC80B9-7225-4FB5-B9AB-9C1DF50B6C72} = {68CC80B9-7225-4FB5-B9AB-9C1DF50B6C72}
		{68CC80B9-7225-4FB5-B9AB-9C1DF50B6C76} = {68CC80B9-7225-4FB5-B9AB-9C1DF50B6C76}
		{83997EF6-02D6-4CDB-8B3C-DBCA3018CC72} = {83997EF6-02D6-4CDB-8B3C-DBCA3018CC72}
		{F172EFFC-E30F-4593-809E-DB2024B1E753} = {F172EFFC-E30F-4593-809E-DB2024B1E753}
	EndProjectSection
EndProject
Project("{8BC9CEB8-8B4A-11D0-8D11-00A0C91BC942}") = "atkmm", "atkmm.vcxproj", "{9FE0D5A6-458C-45C7-B954-2C3C1E6196C2}"
	ProjectSection(ProjectDependencies) = postProject
		{12BCA020-EABF-429E-876A-A476BC9C10C0} = {12BCA020-EABF-429E-876A-A476BC9C10C0}
		{58B2B53C-C4FF-47FD-817B-095E45B7F7D4} = {58B2B53C-C4FF-47FD-817B-095E45B7F7D4}
		{86EACD59-F69F-4AAD-854B-AA03D5447360} = {86EACD59-F69F-4AAD-854B-AA03D5447360}
		{A93D607A-5C37-4AEC-BA08-6A655F6DC834} = {A93D607A-5C37-4AEC-BA08-6A655F6DC834}
		{83997EF6-02D6-4CDB-8B3C-DBCA3018CC72} = {83997EF6-02D6-4CDB-8B3C-DBCA3018CC72}
		{F172EFFC-E30F-4593-809E-DB2024B1E753} = {F172EFFC-E30F-4593-809E-DB2024B1E753}
	EndProjectSection
EndProject
Project("{8BC9CEB8-8B4A-11D0-8D11-00A0C91BC942}") = "gdkmm", "gdkmm.vcxproj", "{976C8F9C-1A1D-4E23-B79E-EC9091BBEA0E}"
	ProjectSection(ProjectDependencies) = postProject
		{AEE3F01F-E4F1-4B03-9F15-EF102D629983} = {AEE3F01F-E4F1-4B03-9F15-EF102D629983}
		{01ADE22D-F6EC-4D09-8FE1-B9A97DEC2BA3} = {01ADE22D-F6EC-4D09-8FE1-B9A97DEC2BA3}
		{58B2B53C-C4FF-47FD-817B-095E45B7F7D4} = {58B2B53C-C4FF-47FD-817B-095E45B7F7D4}
		{A93D607A-5C37-4AEC-BA08-6A655F6DC834} = {A93D607A-5C37-4AEC-BA08-6A655F6DC834}
		{FC5AADB5-95CD-4BF0-BA8B-0C16FE7073F7} = {FC5AADB5-95CD-4BF0-BA8B-0C16FE7073F7}
		{FC5AADB5-95CD-4BF0-BA8B-0C16FE7073FA} = {FC5AADB5-95CD-4BF0-BA8B-0C16FE7073FA}
		{83997EF6-02D6-4CDB-8B3C-DBCA3018CC72} = {83997EF6-02D6-4CDB-8B3C-DBCA3018CC72}
	EndProjectSection
EndProject
Project("{8BC9CEB8-8B4A-11D0-8D11-00A0C91BC942}") = "gtkmm", "gtkmm.vcxproj", "{907B8D15-7E12-4136-A7E6-B6ED5E055D39}"
	ProjectSection(ProjectDependencies) = postProject
		{AEE3F01F-E4F1-4B03-9F15-EF102D629983} = {AEE3F01F-E4F1-4B03-9F15-EF102D629983}
		{12BCA020-EABF-429E-876A-A476BC9C10C0} = {12BCA020-EABF-429E-876A-A476BC9C10C0}
		{EE6C0430-C2C9-425C-8EBA-963FAC3E9832} = {EE6C0430-C2C9-425C-8EBA-963FAC3E9832}
		{58B2B53C-C4FF-47FD-817B-095E45B7F7D4} = {58B2B53C-C4FF-47FD-817B-095E45B7F7D4}
		{A93D607A-5C37-4AEC-BA08-6A655F6DC834} = {A93D607A-5C37-4AEC-BA08-6A655F6DC834}
		{976C8F9C-1A1D-4E23-B79E-EC9091BBEA0E} = {976C8F9C-1A1D-4E23-B79E-EC9091BBEA0E}
		{9FE0D5A6-458C-45C7-B954-2C3C1E6196C2} = {9FE0D5A6-458C-45C7-B954-2C3C1E6196C2}
		{FC5AADB5-95CD-4BF0-BA8B-0C16FE7073F5} = {FC5AADB5-95CD-4BF0-BA8B-0C16FE7073F5}
		{FC5AADB5-95CD-4BF0-BA8B-0C16FE7073FA} = {FC5AADB5-95CD-4BF0-BA8B-0C16FE7073FA}
		{83997EF6-02D6-4CDB-8B3C-DBCA3018CC72} = {83997EF6-02D6-4CDB-8B3C-DBCA3018CC72}
		{F172EFFC-E30F-4593-809E-DB2024B1E753} = {F172EFFC-E30F-4593-809E-DB2024B1E753}
	EndProjectSection
EndProject
Project("{8BC9CEB8-8B4A-11D0-8D11-00A0C91BC942}") = "gdkglextmm", "gdkglextmm.vcxproj", "{4E702226-8B59-422E-BC79-070A699CB2FC}"
	ProjectSection(ProjectDependencies) = postProject
		{12BCA020-EABF-429E-876A-A476BC9C10C0} = {12BCA020-EABF-429E-876A-A476BC9C10C0}
		{01ADE22D-F6EC-4D09-8FE1-B9A97DEC2BA3} = {01ADE22D-F6EC-4D09-8FE1-B9A97DEC2BA3}
		{58B2B53C-C4FF-47FD-817B-095E45B7F7D4} = {58B2B53C-C4FF-47FD-817B-095E45B7F7D4}
		{E0851752-875E-411F-B667-C47AD8930165} = {E0851752-875E-411F-B667-C47AD8930165}
		{C001FB56-998C-414A-A87D-BD48043CFD48} = {C001FB56-998C-414A-A87D-BD48043CFD48}
		{A93D607A-5C37-4AEC-BA08-6A655F6DC834} = {A93D607A-5C37-4AEC-BA08-6A655F6DC834}
		{976C8F9C-1A1D-4E23-B79E-EC9091BBEA0E} = {976C8F9C-1A1D-4E23-B79E-EC9091BBEA0E}
		{83997EF6-02D6-4CDB-8B3C-DBCA3018CC72} = {83997EF6-02D6-4CDB-8B3C-DBCA3018CC72}
		{F172EFFC-E30F-4593-809E-DB2024B1E753} = {F172EFFC-E30F-4593-809E-DB2024B1E753}
	EndProjectSection
EndProject
Project("{8BC9CEB8-8B4A-11D0-8D11-00A0C91BC942}") = "gtkglextmm", "gtkglextmm.vcxproj", "{F5F6495E-8FCA-4343-B833-9A2037056A05}"
	ProjectSection(ProjectDependencies) = postProject
		{907B8D15-7E12-4136-A7E6-B6ED5E055D39} = {907B8D15-7E12-4136-A7E6-B6ED5E055D39}
	EndProjectSection
EndProject
Project("{8BC9CEB8-8B4A-11D0-8D11-00A0C91BC942}") = "gtksourceview", "gtksourceview.vcxproj", "{48F648E3-F761-4647-B9A7-63122A0B1F12}"
	ProjectSection(ProjectDependencies) = postProject
		{E82F3508-C849-4D33-86AF-13300224A169} = {E82F3508-C849-4D33-86AF-13300224A169}
		{12BCA020-EABF-429E-876A-A476BC9C10C0} = {12BCA020-EABF-429E-876A-A476BC9C10C0}
		{FC5AADB5-95CD-4BF0-BA8B-0C16FE7073F5} = {FC5AADB5-95CD-4BF0-BA8B-0C16FE7073F5}
		{FC5AADB5-95CD-4BF0-BA8B-0C16FE7073FA} = {FC5AADB5-95CD-4BF0-BA8B-0C16FE7073FA}
		{68CC80B9-7225-4FB5-B9AB-9C1DF50B6C72} = {68CC80B9-7225-4FB5-B9AB-9C1DF50B6C72}
		{68CC80B9-7225-4FB5-B9AB-9C1DF50B6C76} = {68CC80B9-7225-4FB5-B9AB-9C1DF50B6C76}
	EndProjectSection
EndProject
Project("{8BC9CEB8-8B4A-11D0-8D11-00A0C91BC942}") = "gtksourceviewmm", "gtksourceviewmm.vcxproj", "{87093FB0-1AAE-4A61-A637-7F1245AA7411}"
	ProjectSection(ProjectDependencies) = postProject
		{907B8D15-7E12-4136-A7E6-B6ED5E055D39} = {907B8D15-7E12-4136-A7E6-B6ED5E055D39}
		{12BCA020-EABF-429E-876A-A476BC9C10C0} = {12BCA020-EABF-429E-876A-A476BC9C10C0}
		{58B2B53C-C4FF-47FD-817B-095E45B7F7D4} = {58B2B53C-C4FF-47FD-817B-095E45B7F7D4}
		{9FE0D5A6-458C-45C7-B954-2C3C1E6196C2} = {9FE0D5A6-458C-45C7-B954-2C3C1E6196C2}
		{48F648E3-F761-4647-B9A7-63122A0B1F12} = {48F648E3-F761-4647-B9A7-63122A0B1F12}
		{83997EF6-02D6-4CDB-8B3C-DBCA3018CC72} = {83997EF6-02D6-4CDB-8B3C-DBCA3018CC72}
		{F172EFFC-E30F-4593-809E-DB2024B1E753} = {F172EFFC-E30F-4593-809E-DB2024B1E753}
	EndProjectSection
EndProject
Global
	GlobalSection(SolutionConfigurationPlatforms) = preSolution
		Debug|Win32 = Debug|Win32
		Debug|x64 = Debug|x64
		Release|Win32 = Release|Win32
		Release|x64 = Release|x64
	EndGlobalSection
	GlobalSection(ProjectConfigurationPlatforms) = postSolution
		{6780EE95-8768-4138-A89B-47D3504A6E5D}.Debug|Win32.ActiveCfg = Debug|Win32
		{6780EE95-8768-4138-A89B-47D3504A6E5D}.Debug|Win32.Build.0 = Debug|Win32
		{6780EE95-8768-4138-A89B-47D3504A6E5D}.Debug|x64.ActiveCfg = Debug|x64
		{6780EE95-8768-4138-A89B-47D3504A6E5D}.Debug|x64.Build.0 = Debug|x64
		{6780EE95-8768-4138-A89B-47D3504A6E5D}.Release|Win32.ActiveCfg = Release|Win32
		{6780EE95-8768-4138-A89B-47D3504A6E5D}.Release|Win32.Build.0 = Release|Win32
		{6780EE95-8768-4138-A89B-47D3504A6E5D}.Release|x64.ActiveCfg = Release|x64
		{6780EE95-8768-4138-A89B-47D3504A6E5D}.Release|x64.Build.0 = Release|x64
		{D6973076-9317-4EF2-A0B8-B7A18AC0713E}.Debug|Win32.ActiveCfg = Debug|Win32
		{D6973076-9317-4EF2-A0B8-B7A18AC0713E}.Debug|Win32.Build.0 = Debug|Win32
		{D6973076-9317-4EF2-A0B8-B7A18AC0713E}.Debug|x64.ActiveCfg = Debug|x64
		{D6973076-9317-4EF2-A0B8-B7A18AC0713E}.Debug|x64.Build.0 = Debug|x64
		{D6973076-9317-4EF2-A0B8-B7A18AC0713E}.Release|Win32.ActiveCfg = Release|Win32
		{D6973076-9317-4EF2-A0B8-B7A18AC0713E}.Release|Win32.Build.0 = Release|Win32
		{D6973076-9317-4EF2-A0B8-B7A18AC0713E}.Release|x64.ActiveCfg = Release|x64
		{D6973076-9317-4EF2-A0B8-B7A18AC0713E}.Release|x64.Build.0 = Release|x64
		{198DEC2B-566D-4EDE-A400-5B4285C41D86}.Debug|Win32.ActiveCfg = Debug|Win32
		{198DEC2B-566D-4EDE-A400-5B4285C41D86}.Debug|Win32.Build.0 = Debug|Win32
		{198DEC2B-566D-4EDE-A400-5B4285C41D86}.Debug|x64.ActiveCfg = Debug|x64
		{198DEC2B-566D-4EDE-A400-5B4285C41D86}.Debug|x64.Build.0 = Debug|x64
		{198DEC2B-566D-4EDE-A400-5B4285C41D86}.Release|Win32.ActiveCfg = Release|Win32
		{198DEC2B-566D-4EDE-A400-5B4285C41D86}.Release|Win32.Build.0 = Release|Win32
		{198DEC2B-566D-4EDE-A400-5B4285C41D86}.Release|x64.ActiveCfg = Release|x64
		{198DEC2B-566D-4EDE-A400-5B4285C41D86}.Release|x64.Build.0 = Release|x64
		{13F034FC-2F0F-474E-B362-1C5750613C52}.Debug|Win32.ActiveCfg = Debug|Win32
		{13F034FC-2F0F-474E-B362-1C5750613C52}.Debug|Win32.Build.0 = Debug|Win32
		{13F034FC-2F0F-474E-B362-1C5750613C52}.Debug|x64.ActiveCfg = Debug|x64
		{13F034FC-2F0F-474E-B362-1C5750613C52}.Debug|x64.Build.0 = Debug|x64
		{13F034FC-2F0F-474E-B362-1C5750613C52}.Release|Win32.ActiveCfg = Release|Win32
		{13F034FC-2F0F-474E-B362-1C5750613C52}.Release|Win32.Build.0 = Release|Win32
		{13F034FC-2F0F-474E-B362-1C5750613C52}.Release|x64.ActiveCfg = Release|x64
		{13F034FC-2F0F-474E-B362-1C5750613C52}.Release|x64.Build.0 = Release|x64
		{78B079BD-9FC7-4B9E-B4A6-96DA0F00248B}.Debug|Win32.ActiveCfg = Debug|Win32
		{78B079BD-9FC7-4B9E-B4A6-96DA0F00248B}.Debug|Win32.Build.0 = Debug|Win32
		{78B079BD-9FC7-4B9E-B4A6-96DA0F00248B}.Debug|x64.ActiveCfg = Debug|x64
		{78B079BD-9FC7-4B9E-B4A6-96DA0F00248B}.Debug|x64.Build.0 = Debug|x64
		{78B079BD-9FC7-4B9E-B4A6-96DA0F00248B}.Release|Win32.ActiveCfg = Release|Win32
		{78B079BD-9FC7-4B9E-B4A6-96DA0F00248B}.Release|Win32.Build.0 = Release|Win32
		{78B079BD-9FC7-4B9E-B4A6-96DA0F00248B}.Release|x64.ActiveCfg = Release|x64
		{78B079BD-9FC7-4B9E-B4A6-96DA0F00248B}.Release|x64.Build.0 = Release|x64
		{1BA66698-2B4F-DE32-8950-6AEA21D7B7E6}.Debug|Win32.ActiveCfg = Debug|Win32
		{1BA66698-2B4F-DE32-8950-6AEA21D7B7E6}.Debug|Win32.Build.0 = Debug|Win32
		{1BA66698-2B4F-DE32-8950-6AEA21D7B7E6}.Debug|x64.ActiveCfg = Debug|x64
		{1BA66698-2B4F-DE32-8950-6AEA21D7B7E6}.Debug|x64.Build.0 = Debug|x64
		{1BA66698-2B4F-DE32-8950-6AEA21D7B7E6}.Release|Win32.ActiveCfg = Release|Win32
		{1BA66698-2B4F-DE32-8950-6AEA21D7B7E6}.Release|Win32.Build.0 = Release|Win32
		{1BA66698-2B4F-DE32-8950-6AEA21D7B7E6}.Release|x64.ActiveCfg = Release|x64
		{1BA66698-2B4F-DE32-8950-6AEA21D7B7E6}.Release|x64.Build.0 = Release|x64
		{E82C60A1-5613-4DB5-B965-5F1E11CB68BD}.Debug|Win32.ActiveCfg = Debug|Win32
		{E82C60A1-5613-4DB5-B965-5F1E11CB68BD}.Debug|Win32.Build.0 = Debug|Win32
		{E82C60A1-5613-4DB5-B965-5F1E11CB68BD}.Debug|x64.ActiveCfg = Debug|x64
		{E82C60A1-5613-4DB5-B965-5F1E11CB68BD}.Debug|x64.Build.0 = Debug|x64
		{E82C60A1-5613-4DB5-B965-5F1E11CB68BD}.Release|Win32.ActiveCfg = Release|Win32
		{E82C60A1-5613-4DB5-B965-5F1E11CB68BD}.Release|Win32.Build.0 = Release|Win32
		{E82C60A1-5613-4DB5-B965-5F1E11CB68BD}.Release|x64.ActiveCfg = Release|x64
		{E82C60A1-5613-4DB5-B965-5F1E11CB68BD}.Release|x64.Build.0 = Release|x64
		{56ED427B-0428-48B0-BD86-58AD1EEFEEEF}.Debug|Win32.ActiveCfg = Debug|Win32
		{56ED427B-0428-48B0-BD86-58AD1EEFEEEF}.Debug|Win32.Build.0 = Debug|Win32
		{56ED427B-0428-48B0-BD86-58AD1EEFEEEF}.Debug|x64.ActiveCfg = Debug|x64
		{56ED427B-0428-48B0-BD86-58AD1EEFEEEF}.Debug|x64.Build.0 = Debug|x64
		{56ED427B-0428-48B0-BD86-58AD1EEFEEEF}.Release|Win32.ActiveCfg = Release|Win32
		{56ED427B-0428-48B0-BD86-58AD1EEFEEEF}.Release|Win32.Build.0 = Release|Win32
		{56ED427B-0428-48B0-BD86-58AD1EEFEEEF}.Release|x64.ActiveCfg = Release|x64
		{56ED427B-0428-48B0-BD86-58AD1EEFEEEF}.Release|x64.Build.0 = Release|x64
		{C486CD3C-31E0-4438-BCED-B8A26F9ACAE1}.Debug|Win32.ActiveCfg = Debug|Win32
		{C486CD3C-31E0-4438-BCED-B8A26F9ACAE1}.Debug|Win32.Build.0 = Debug|Win32
		{C486CD3C-31E0-4438-BCED-B8A26F9ACAE1}.Debug|x64.ActiveCfg = Debug|x64
		{C486CD3C-31E0-4438-BCED-B8A26F9ACAE1}.Debug|x64.Build.0 = Debug|x64
		{C486CD3C-31E0-4438-BCED-B8A26F9ACAE1}.Release|Win32.ActiveCfg = Release|Win32
		{C486CD3C-31E0-4438-BCED-B8A26F9ACAE1}.Release|Win32.Build.0 = Release|Win32
		{C486CD3C-31E0-4438-BCED-B8A26F9ACAE1}.Release|x64.ActiveCfg = Release|x64
		{C486CD3C-31E0-4438-BCED-B8A26F9ACAE1}.Release|x64.Build.0 = Release|x64
		{8B7F7E4C-CEFE-4440-8F46-FAEE748BB811}.Debug|Win32.ActiveCfg = Debug|Win32
		{8B7F7E4C-CEFE-4440-8F46-FAEE748BB811}.Debug|Win32.Build.0 = Debug|Win32
		{8B7F7E4C-CEFE-4440-8F46-FAEE748BB811}.Debug|x64.ActiveCfg = Debug|x64
		{8B7F7E4C-CEFE-4440-8F46-FAEE748BB811}.Debug|x64.Build.0 = Debug|x64
		{8B7F7E4C-CEFE-4440-8F46-FAEE748BB811}.Release|Win32.ActiveCfg = Release|Win32
		{8B7F7E4C-CEFE-4440-8F46-FAEE748BB811}.Release|Win32.Build.0 = Release|Win32
		{8B7F7E4C-CEFE-4440-8F46-FAEE748BB811}.Release|x64.ActiveCfg = Release|x64
		{8B7F7E4C-CEFE-4440-8F46-FAEE748BB811}.Release|x64.Build.0 = Release|x64
		{12BCA020-EABF-429E-876A-A476BC9C10C0}.Debug|Win32.ActiveCfg = Debug|Win32
		{12BCA020-EABF-429E-876A-A476BC9C10C0}.Debug|Win32.Build.0 = Debug|Win32
		{12BCA020-EABF-429E-876A-A476BC9C10C0}.Debug|x64.ActiveCfg = Debug|x64
		{12BCA020-EABF-429E-876A-A476BC9C10C0}.Debug|x64.Build.0 = Debug|x64
		{12BCA020-EABF-429E-876A-A476BC9C10C0}.Release|Win32.ActiveCfg = Release|Win32
		{12BCA020-EABF-429E-876A-A476BC9C10C0}.Release|Win32.Build.0 = Release|Win32
		{12BCA020-EABF-429E-876A-A476BC9C10C0}.Release|x64.ActiveCfg = Release|x64
		{12BCA020-EABF-429E-876A-A476BC9C10C0}.Release|x64.Build.0 = Release|x64
		{F3D1583C-5613-4809-BD98-7CC1C1276F92}.Debug|Win32.ActiveCfg = Debug|Win32
		{F3D1583C-5613-4809-BD98-7CC1C1276F92}.Debug|Win32.Build.0 = Debug|Win32
		{F3D1583C-5613-4809-BD98-7CC1C1276F92}.Debug|x64.ActiveCfg = Debug|x64
		{F3D1583C-5613-4809-BD98-7CC1C1276F92}.Debug|x64.Build.0 = Debug|x64
		{F3D1583C-5613-4809-BD98-7CC1C1276F92}.Release|Win32.ActiveCfg = Release|Win32
		{F3D1583C-5613-4809-BD98-7CC1C1276F92}.Release|Win32.Build.0 = Release|Win32
		{F3D1583C-5613-4809-BD98-7CC1C1276F92}.Release|x64.ActiveCfg = Release|x64
		{F3D1583C-5613-4809-BD98-7CC1C1276F92}.Release|x64.Build.0 = Release|x64
		{F172EFFC-E30F-4593-809E-DB2024B1E753}.Debug|Win32.ActiveCfg = Debug|Win32
		{F172EFFC-E30F-4593-809E-DB2024B1E753}.Debug|Win32.Build.0 = Debug|Win32
		{F172EFFC-E30F-4593-809E-DB2024B1E753}.Debug|x64.ActiveCfg = Debug|x64
		{F172EFFC-E30F-4593-809E-DB2024B1E753}.Debug|x64.Build.0 = Debug|x64
		{F172EFFC-E30F-4593-809E-DB2024B1E753}.Release|Win32.ActiveCfg = Release|Win32
		{F172EFFC-E30F-4593-809E-DB2024B1E753}.Release|Win32.Build.0 = Release|Win32
		{F172EFFC-E30F-4593-809E-DB2024B1E753}.Release|x64.ActiveCfg = Release|x64
		{F172EFFC-E30F-4593-809E-DB2024B1E753}.Release|x64.Build.0 = Release|x64
		{C8AFB8C3-FFFD-460F-BC13-9AC25D7B117C}.Debug|Win32.ActiveCfg = Debug|Win32
		{C8AFB8C3-FFFD-460F-BC13-9AC25D7B117C}.Debug|Win32.Build.0 = Debug|Win32
		{C8AFB8C3-FFFD-460F-BC13-9AC25D7B117C}.Debug|x64.ActiveCfg = Debug|x64
		{C8AFB8C3-FFFD-460F-BC13-9AC25D7B117C}.Debug|x64.Build.0 = Debug|x64
		{C8AFB8C3-FFFD-460F-BC13-9AC25D7B117C}.Release|Win32.ActiveCfg = Release|Win32
		{C8AFB8C3-FFFD-460F-BC13-9AC25D7B117C}.Release|Win32.Build.0 = Release|Win32
		{C8AFB8C3-FFFD-460F-BC13-9AC25D7B117C}.Release|x64.ActiveCfg = Release|x64
		{C8AFB8C3-FFFD-460F-BC13-9AC25D7B117C}.Release|x64.Build.0 = Release|x64
		{4214047C-F5C1-40B3-8369-5DCED8C32770}.Debug|Win32.ActiveCfg = Debug|Win32
		{4214047C-F5C1-40B3-8369-5DCED8C32770}.Debug|Win32.Build.0 = Debug|Win32
		{4214047C-F5C1-40B3-8369-5DCED8C32770}.Debug|x64.ActiveCfg = Debug|x64
		{4214047C-F5C1-40B3-8369-5DCED8C32770}.Debug|x64.Build.0 = Debug|x64
		{4214047C-F5C1-40B3-8369-5DCED8C32770}.Release|Win32.ActiveCfg = Release|Win32
		{4214047C-F5C1-40B3-8369-5DCED8C32770}.Release|Win32.Build.0 = Release|Win32
		{4214047C-F5C1-40B3-8369-5DCED8C32770}.Release|x64.ActiveCfg = Release|x64
		{4214047C-F5C1-40B3-8369-5DCED8C32770}.Release|x64.Build.0 = Release|x64
		{86EACD59-F69F-4AAD-854B-AA03D5447360}.Debug|Win32.ActiveCfg = Debug|Win32
		{86EACD59-F69F-4AAD-854B-AA03D5447360}.Debug|Win32.Build.0 = Debug|Win32
		{86EACD59-F69F-4AAD-854B-AA03D5447360}.Debug|x64.ActiveCfg = Debug|x64
		{86EACD59-F69F-4AAD-854B-AA03D5447360}.Debug|x64.Build.0 = Debug|x64
		{86EACD59-F69F-4AAD-854B-AA03D5447360}.Release|Win32.ActiveCfg = Release|Win32
		{86EACD59-F69F-4AAD-854B-AA03D5447360}.Release|Win32.Build.0 = Release|Win32
		{86EACD59-F69F-4AAD-854B-AA03D5447360}.Release|x64.ActiveCfg = Release|x64
		{86EACD59-F69F-4AAD-854B-AA03D5447360}.Release|x64.Build.0 = Release|x64
		{01ADE22D-F6EC-4D09-8FE1-B9A97DEC2BA3}.Debug|Win32.ActiveCfg = Debug|Win32
		{01ADE22D-F6EC-4D09-8FE1-B9A97DEC2BA3}.Debug|Win32.Build.0 = Debug|Win32
		{01ADE22D-F6EC-4D09-8FE1-B9A97DEC2BA3}.Debug|x64.ActiveCfg = Debug|x64
		{01ADE22D-F6EC-4D09-8FE1-B9A97DEC2BA3}.Debug|x64.Build.0 = Debug|x64
		{01ADE22D-F6EC-4D09-8FE1-B9A97DEC2BA3}.Release|Win32.ActiveCfg = Release|Win32
		{01ADE22D-F6EC-4D09-8FE1-B9A97DEC2BA3}.Release|Win32.Build.0 = Release|Win32
		{01ADE22D-F6EC-4D09-8FE1-B9A97DEC2BA3}.Release|x64.ActiveCfg = Release|x64
		{01ADE22D-F6EC-4D09-8FE1-B9A97DEC2BA3}.Release|x64.Build.0 = Release|x64
		{C8D08F82-700E-4ACE-A766-A52C4048B5F7}.Debug|Win32.ActiveCfg = Debug|Win32
		{C8D08F82-700E-4ACE-A766-A52C4048B5F7}.Debug|Win32.Build.0 = Debug|Win32
		{C8D08F82-700E-4ACE-A766-A52C4048B5F7}.Debug|x64.ActiveCfg = Debug|x64
		{C8D08F82-700E-4ACE-A766-A52C4048B5F7}.Debug|x64.Build.0 = Debug|x64
		{C8D08F82-700E-4ACE-A766-A52C4048B5F7}.Release|Win32.ActiveCfg = Release|Win32
		{C8D08F82-700E-4ACE-A766-A52C4048B5F7}.Release|Win32.Build.0 = Release|Win32
		{C8D08F82-700E-4ACE-A766-A52C4048B5F7}.Release|x64.ActiveCfg = Release|x64
		{C8D08F82-700E-4ACE-A766-A52C4048B5F7}.Release|x64.Build.0 = Release|x64
		{E82F3508-C849-4D33-86AF-13300224A169}.Debug|Win32.ActiveCfg = Debug|Win32
		{E82F3508-C849-4D33-86AF-13300224A169}.Debug|Win32.Build.0 = Debug|Win32
		{E82F3508-C849-4D33-86AF-13300224A169}.Debug|x64.ActiveCfg = Debug|x64
		{E82F3508-C849-4D33-86AF-13300224A169}.Debug|x64.Build.0 = Debug|x64
		{E82F3508-C849-4D33-86AF-13300224A169}.Release|Win32.ActiveCfg = Release|Win32
		{E82F3508-C849-4D33-86AF-13300224A169}.Release|Win32.Build.0 = Release|Win32
		{E82F3508-C849-4D33-86AF-13300224A169}.Release|x64.ActiveCfg = Release|x64
		{E82F3508-C849-4D33-86AF-13300224A169}.Release|x64.Build.0 = Release|x64
		{68CC80B9-7225-4FB5-B9AB-9C1DF50B6C72}.Debug|Win32.ActiveCfg = Debug|Win32
		{68CC80B9-7225-4FB5-B9AB-9C1DF50B6C72}.Debug|Win32.Build.0 = Debug|Win32
		{68CC80B9-7225-4FB5-B9AB-9C1DF50B6C72}.Debug|x64.ActiveCfg = Debug|x64
		{68CC80B9-7225-4FB5-B9AB-9C1DF50B6C72}.Debug|x64.Build.0 = Debug|x64
		{68CC80B9-7225-4FB5-B9AB-9C1DF50B6C72}.Release|Win32.ActiveCfg = Release|Win32
		{68CC80B9-7225-4FB5-B9AB-9C1DF50B6C72}.Release|Win32.Build.0 = Release|Win32
		{68CC80B9-7225-4FB5-B9AB-9C1DF50B6C72}.Release|x64.ActiveCfg = Release|x64
		{68CC80B9-7225-4FB5-B9AB-9C1DF50B6C72}.Release|x64.Build.0 = Release|x64
		{68CC80B9-7225-4FB5-B9AB-9C1DF50B6C76}.Debug|Win32.ActiveCfg = Debug|Win32
		{68CC80B9-7225-4FB5-B9AB-9C1DF50B6C76}.Debug|Win32.Build.0 = Debug|Win32
		{68CC80B9-7225-4FB5-B9AB-9C1DF50B6C76}.Debug|x64.ActiveCfg = Debug|x64
		{68CC80B9-7225-4FB5-B9AB-9C1DF50B6C76}.Debug|x64.Build.0 = Debug|x64
		{68CC80B9-7225-4FB5-B9AB-9C1DF50B6C76}.Release|Win32.ActiveCfg = Release|Win32
		{68CC80B9-7225-4FB5-B9AB-9C1DF50B6C76}.Release|Win32.Build.0 = Release|Win32
		{68CC80B9-7225-4FB5-B9AB-9C1DF50B6C76}.Release|x64.ActiveCfg = Release|x64
		{68CC80B9-7225-4FB5-B9AB-9C1DF50B6C76}.Release|x64.Build.0 = Release|x64
		{68CC80B9-7225-4FB5-B9AB-9C1DF50B6C73}.Debug|Win32.ActiveCfg = Debug|Win32
		{68CC80B9-7225-4FB5-B9AB-9C1DF50B6C73}.Debug|Win32.Build.0 = Debug|Win32
		{68CC80B9-7225-4FB5-B9AB-9C1DF50B6C73}.Debug|x64.ActiveCfg = Debug|x64
		{68CC80B9-7225-4FB5-B9AB-9C1DF50B6C73}.Debug|x64.Build.0 = Debug|x64
		{68CC80B9-7225-4FB5-B9AB-9C1DF50B6C73}.Release|Win32.ActiveCfg = Release|Win32
		{68CC80B9-7225-4FB5-B9AB-9C1DF50B6C73}.Release|Win32.Build.0 = Release|Win32
		{68CC80B9-7225-4FB5-B9AB-9C1DF50B6C73}.Release|x64.ActiveCfg = Release|x64
		{68CC80B9-7225-4FB5-B9AB-9C1DF50B6C73}.Release|x64.Build.0 = Release|x64
		{68CC80B9-7225-4FB5-B9AB-9C1DF50B6C74}.Debug|Win32.ActiveCfg = Debug|Win32
		{68CC80B9-7225-4FB5-B9AB-9C1DF50B6C74}.Debug|Win32.Build.0 = Debug|Win32
		{68CC80B9-7225-4FB5-B9AB-9C1DF50B6C74}.Debug|x64.ActiveCfg = Debug|x64
		{68CC80B9-7225-4FB5-B9AB-9C1DF50B6C74}.Debug|x64.Build.0 = Debug|x64
		{68CC80B9-7225-4FB5-B9AB-9C1DF50B6C74}.Release|Win32.ActiveCfg = Release|Win32
		{68CC80B9-7225-4FB5-B9AB-9C1DF50B6C74}.Release|Win32.Build.0 = Release|Win32
		{68CC80B9-7225-4FB5-B9AB-9C1DF50B6C74}.Release|x64.ActiveCfg = Release|x64
		{68CC80B9-7225-4FB5-B9AB-9C1DF50B6C74}.Release|x64.Build.0 = Release|x64
		{FC5AADB5-95CD-4BF0-BA8B-0C16FE7073F7}.Debug|Win32.ActiveCfg = Debug|Win32
		{FC5AADB5-95CD-4BF0-BA8B-0C16FE7073F7}.Debug|Win32.Build.0 = Debug|Win32
		{FC5AADB5-95CD-4BF0-BA8B-0C16FE7073F7}.Debug|x64.ActiveCfg = Debug|x64
		{FC5AADB5-95CD-4BF0-BA8B-0C16FE7073F7}.Debug|x64.Build.0 = Debug|x64
		{FC5AADB5-95CD-4BF0-BA8B-0C16FE7073F7}.Release|Win32.ActiveCfg = Release|Win32
		{FC5AADB5-95CD-4BF0-BA8B-0C16FE7073F7}.Release|Win32.Build.0 = Release|Win32
		{FC5AADB5-95CD-4BF0-BA8B-0C16FE7073F7}.Release|x64.ActiveCfg = Release|x64
		{FC5AADB5-95CD-4BF0-BA8B-0C16FE7073F7}.Release|x64.Build.0 = Release|x64
		{FC5AADB5-95CD-4BF0-BA8B-0C16FE7073FA}.Debug|Win32.ActiveCfg = Debug|Win32
		{FC5AADB5-95CD-4BF0-BA8B-0C16FE7073FA}.Debug|Win32.Build.0 = Debug|Win32
		{FC5AADB5-95CD-4BF0-BA8B-0C16FE7073FA}.Debug|x64.ActiveCfg = Debug|x64
		{FC5AADB5-95CD-4BF0-BA8B-0C16FE7073FA}.Debug|x64.Build.0 = Debug|x64
		{FC5AADB5-95CD-4BF0-BA8B-0C16FE7073FA}.Release|Win32.ActiveCfg = Release|Win32
		{FC5AADB5-95CD-4BF0-BA8B-0C16FE7073FA}.Release|Win32.Build.0 = Release|Win32
		{FC5AADB5-95CD-4BF0-BA8B-0C16FE7073FA}.Release|x64.ActiveCfg = Release|x64
		{FC5AADB5-95CD-4BF0-BA8B-0C16FE7073FA}.Release|x64.Build.0 = Release|x64
		{FC5AADB5-95CD-4BF0-BA8B-0C16FE7073F5}.Debug|Win32.ActiveCfg = Debug|Win32
		{FC5AADB5-95CD-4BF0-BA8B-0C16FE7073F5}.Debug|Win32.Build.0 = Debug|Win32
		{FC5AADB5-95CD-4BF0-BA8B-0C16FE7073F5}.Debug|x64.ActiveCfg = Debug|x64
		{FC5AADB5-95CD-4BF0-BA8B-0C16FE7073F5}.Debug|x64.Build.0 = Debug|x64
		{FC5AADB5-95CD-4BF0-BA8B-0C16FE7073F5}.Release|Win32.ActiveCfg = Release|Win32
		{FC5AADB5-95CD-4BF0-BA8B-0C16FE7073F5}.Release|Win32.Build.0 = Release|Win32
		{FC5AADB5-95CD-4BF0-BA8B-0C16FE7073F5}.Release|x64.ActiveCfg = Release|x64
		{FC5AADB5-95CD-4BF0-BA8B-0C16FE7073F5}.Release|x64.Build.0 = Release|x64
		{C001FB56-998C-414A-A87D-BD48043CFD48}.Debug|Win32.ActiveCfg = Debug|Win32
		{C001FB56-998C-414A-A87D-BD48043CFD48}.Debug|Win32.Build.0 = Debug|Win32
		{C001FB56-998C-414A-A87D-BD48043CFD48}.Debug|x64.ActiveCfg = Debug|x64
		{C001FB56-998C-414A-A87D-BD48043CFD48}.Debug|x64.Build.0 = Debug|x64
		{C001FB56-998C-414A-A87D-BD48043CFD48}.Release|Win32.ActiveCfg = Release|Win32
		{C001FB56-998C-414A-A87D-BD48043CFD48}.Release|Win32.Build.0 = Release|Win32
		{C001FB56-998C-414A-A87D-BD48043CFD48}.Release|x64.ActiveCfg = Release|x64
		{C001FB56-998C-414A-A87D-BD48043CFD48}.Release|x64.Build.0 = Release|x64
		{E0851752-875E-411F-B667-C47AD8930165}.Debug|Win32.ActiveCfg = Debug|Win32
		{E0851752-875E-411F-B667-C47AD8930165}.Debug|Win32.Build.0 = Debug|Win32
		{E0851752-875E-411F-B667-C47AD8930165}.Debug|x64.ActiveCfg = Debug|x64
		{E0851752-875E-411F-B667-C47AD8930165}.Debug|x64.Build.0 = Debug|x64
		{E0851752-875E-411F-B667-C47AD8930165}.Release|Win32.ActiveCfg = Release|Win32
		{E0851752-875E-411F-B667-C47AD8930165}.Release|Win32.Build.0 = Release|Win32
		{E0851752-875E-411F-B667-C47AD8930165}.Release|x64.ActiveCfg = Release|x64
		{E0851752-875E-411F-B667-C47AD8930165}.Release|x64.Build.0 = Release|x64
		{83997EF6-02D6-4CDB-8B3C-DBCA3018CC72}.Debug|Win32.ActiveCfg = Debug|Win32
		{83997EF6-02D6-4CDB-8B3C-DBCA3018CC72}.Debug|Win32.Build.0 = Debug|Win32
		{83997EF6-02D6-4CDB-8B3C-DBCA3018CC72}.Debug|x64.ActiveCfg = Debug|x64
		{83997EF6-02D6-4CDB-8B3C-DBCA3018CC72}.Debug|x64.Build.0 = Debug|x64
		{83997EF6-02D6-4CDB-8B3C-DBCA3018CC72}.Release|Win32.ActiveCfg = Release|Win32
		{83997EF6-02D6-4CDB-8B3C-DBCA3018CC72}.Release|Win32.Build.0 = Release|Win32
		{83997EF6-02D6-4CDB-8B3C-DBCA3018CC72}.Release|x64.ActiveCfg = Release|x64
		{83997EF6-02D6-4CDB-8B3C-DBCA3018CC72}.Release|x64.Build.0 = Release|x64
		{58B2B53C-C4FF-47FD-817B-095E45B7F7D4}.Debug|Win32.ActiveCfg = Debug|Win32
		{58B2B53C-C4FF-47FD-817B-095E45B7F7D4}.Debug|Win32.Build.0 = Debug|Win32
		{58B2B53C-C4FF-47FD-817B-095E45B7F7D4}.Debug|x64.ActiveCfg = Debug|x64
		{58B2B53C-C4FF-47FD-817B-095E45B7F7D4}.Debug|x64.Build.0 = Debug|x64
		{58B2B53C-C4FF-47FD-817B-095E45B7F7D4}.Release|Win32.ActiveCfg = Release|Win32
		{58B2B53C-C4FF-47FD-817B-095E45B7F7D4}.Release|Win32.Build.0 = Release|Win32
		{58B2B53C-C4FF-47FD-817B-095E45B7F7D4}.Release|x64.ActiveCfg = Release|x64
		{58B2B53C-C4FF-47FD-817B-095E45B7F7D4}.Release|x64.Build.0 = Release|x64
		{EE6C0430-C2C9-425C-8EBA-963FAC3E9832}.Debug|Win32.ActiveCfg = Debug|Win32
		{EE6C0430-C2C9-425C-8EBA-963FAC3E9832}.Debug|Win32.Build.0 = Debug|Win32
		{EE6C0430-C2C9-425C-8EBA-963FAC3E9832}.Debug|x64.ActiveCfg = Debug|x64
		{EE6C0430-C2C9-425C-8EBA-963FAC3E9832}.Debug|x64.Build.0 = Debug|x64
		{EE6C0430-C2C9-425C-8EBA-963FAC3E9832}.Release|Win32.ActiveCfg = Release|Win32
		{EE6C0430-C2C9-425C-8EBA-963FAC3E9832}.Release|Win32.Build.0 = Release|Win32
		{EE6C0430-C2C9-425C-8EBA-963FAC3E9832}.Release|x64.ActiveCfg = Release|x64
		{EE6C0430-C2C9-425C-8EBA-963FAC3E9832}.Release|x64.Build.0 = Release|x64
		{AEE3F01F-E4F1-4B03-9F15-EF102D629983}.Debug|Win32.ActiveCfg = Debug|Win32
		{AEE3F01F-E4F1-4B03-9F15-EF102D629983}.Debug|Win32.Build.0 = Debug|Win32
		{AEE3F01F-E4F1-4B03-9F15-EF102D629983}.Debug|x64.ActiveCfg = Debug|x64
		{AEE3F01F-E4F1-4B03-9F15-EF102D629983}.Debug|x64.Build.0 = Debug|x64
		{AEE3F01F-E4F1-4B03-9F15-EF102D629983}.Release|Win32.ActiveCfg = Release|Win32
		{AEE3F01F-E4F1-4B03-9F15-EF102D629983}.Release|Win32.Build.0 = Release|Win32
		{AEE3F01F-E4F1-4B03-9F15-EF102D629983}.Release|x64.ActiveCfg = Release|x64
		{AEE3F01F-E4F1-4B03-9F15-EF102D629983}.Release|x64.Build.0 = Release|x64
		{A93D607A-5C37-4AEC-BA08-6A655F6DC834}.Debug|Win32.ActiveCfg = Debug|Win32
		{A93D607A-5C37-4AEC-BA08-6A655F6DC834}.Debug|Win32.Build.0 = Debug|Win32
		{A93D607A-5C37-4AEC-BA08-6A655F6DC834}.Debug|x64.ActiveCfg = Debug|x64
		{A93D607A-5C37-4AEC-BA08-6A655F6DC834}.Debug|x64.Build.0 = Debug|x64
		{A93D607A-5C37-4AEC-BA08-6A655F6DC834}.Release|Win32.ActiveCfg = Release|Win32
		{A93D607A-5C37-4AEC-BA08-6A655F6DC834}.Release|Win32.Build.0 = Release|Win32
		{A93D607A-5C37-4AEC-BA08-6A655F6DC834}.Release|x64.ActiveCfg = Release|x64
		{A93D607A-5C37-4AEC-BA08-6A655F6DC834}.Release|x64.Build.0 = Release|x64
		{9FE0D5A6-458C-45C7-B954-2C3C1E6196C2}.Debug|Win32.ActiveCfg = Debug|Win32
		{9FE0D5A6-458C-45C7-B954-2C3C1E6196C2}.Debug|Win32.Build.0 = Debug|Win32
		{9FE0D5A6-458C-45C7-B954-2C3C1E6196C2}.Debug|x64.ActiveCfg = Debug|x64
		{9FE0D5A6-458C-45C7-B954-2C3C1E6196C2}.Debug|x64.Build.0 = Debug|x64
		{9FE0D5A6-458C-45C7-B954-2C3C1E6196C2}.Release|Win32.ActiveCfg = Release|Win32
		{9FE0D5A6-458C-45C7-B954-2C3C1E6196C2}.Release|Win32.Build.0 = Release|Win32
		{9FE0D5A6-458C-45C7-B954-2C3C1E6196C2}.Release|x64.ActiveCfg = Release|x64
		{9FE0D5A6-458C-45C7-B954-2C3C1E6196C2}.Release|x64.Build.0 = Release|x64
		{976C8F9C-1A1D-4E23-B79E-EC9091BBEA0E}.Debug|Win32.ActiveCfg = Debug|Win32
		{976C8F9C-1A1D-4E23-B79E-EC9091BBEA0E}.Debug|Win32.Build.0 = Debug|Win32
		{976C8F9C-1A1D-4E23-B79E-EC9091BBEA0E}.Debug|x64.ActiveCfg = Debug|x64
		{976C8F9C-1A1D-4E23-B79E-EC9091BBEA0E}.Debug|x64.Build.0 = Debug|x64
		{976C8F9C-1A1D-4E23-B79E-EC9091BBEA0E}.Release|Win32.ActiveCfg = Release|Win32
		{976C8F9C-1A1D-4E23-B79E-EC9091BBEA0E}.Release|Win32.Build.0 = Release|Win32
		{976C8F9C-1A1D-4E23-B79E-EC9091BBEA0E}.Release|x64.ActiveCfg = Release|x64
		{976C8F9C-1A1D-4E23-B79E-EC9091BBEA0E}.Release|x64.Build.0 = Release|x64
		{907B8D15-7E12-4136-A7E6-B6ED5E055D39}.Debug|Win32.ActiveCfg = Debug|Win32
		{907B8D15-7E12-4136-A7E6-B6ED5E055D39}.Debug|Win32.Build.0 = Debug|Win32
		{907B8D15-7E12-4136-A7E6-B6ED5E055D39}.Debug|x64.ActiveCfg = Debug|x64
		{907B8D15-7E12-4136-A7E6-B6ED5E055D39}.Debug|x64.Build.0 = Debug|x64
		{907B8D15-7E12-4136-A7E6-B6ED5E055D39}.Release|Win32.ActiveCfg = Release|Win32
		{907B8D15-7E12-4136-A7E6-B6ED5E055D39}.Release|Win32.Build.0 = Release|Win32
		{907B8D15-7E12-4136-A7E6-B6ED5E055D39}.Release|x64.ActiveCfg = Release|x64
		{907B8D15-7E12-4136-A7E6-B6ED5E055D39}.Release|x64.Build.0 = Release|x64
		{4E702226-8B59-422E-BC79-070A699CB2FC}.Debug|Win32.ActiveCfg = Debug|Win32
		{4E702226-8B59-422E-BC79-070A699CB2FC}.Debug|Win32.Build.0 = Debug|Win32
		{4E702226-8B59-422E-BC79-070A699CB2FC}.Debug|x64.ActiveCfg = Debug|x64
		{4E702226-8B59-422E-BC79-070A699CB2FC}.Debug|x64.Build.0 = Debug|x64
		{4E702226-8B59-422E-BC79-070A699CB2FC}.Release|Win32.ActiveCfg = Release|Win32
		{4E702226-8B59-422E-BC79-070A699CB2FC}.Release|Win32.Build.0 = Release|Win32
		{4E702226-8B59-422E-BC79-070A699CB2FC}.Release|x64.ActiveCfg = Release|x64
		{4E702226-8B59-422E-BC79-070A699CB2FC}.Release|x64.Build.0 = Release|x64
		{F5F6495E-8FCA-4343-B833-9A2037056A05}.Debug|Win32.ActiveCfg = Debug|Win32
		{F5F6495E-8FCA-4343-B833-9A2037056A05}.Debug|Win32.Build.0 = Debug|Win32
		{F5F6495E-8FCA-4343-B833-9A2037056A05}.Debug|x64.ActiveCfg = Debug|x64
		{F5F6495E-8FCA-4343-B833-9A2037056A05}.Debug|x64.Build.0 = Debug|x64
		{F5F6495E-8FCA-4343-B833-9A2037056A05}.Release|Win32.ActiveCfg = Release|Win32
		{F5F6495E-8FCA-4343-B833-9A2037056A05}.Release|Win32.Build.0 = Release|Win32
		{F5F6495E-8FCA-4343-B833-9A2037056A05}.Release|x64.ActiveCfg = Release|x64
		{F5F6495E-8FCA-4343-B833-9A2037056A05}.Release|x64.Build.0 = Release|x64
		{48F648E3-F761-4647-B9A7-63122A0B1F12}.Debug|Win32.ActiveCfg = Debug|Win32
		{48F648E3-F761-4647-B9A7-63122A0B1F12}.Debug|Win32.Build.0 = Debug|Win32
		{48F648E3-F761-4647-B9A7-63122A0B1F12}.Debug|x64.ActiveCfg = Debug|x64
		{48F648E3-F761-4647-B9A7-63122A0B1F12}.Debug|x64.Build.0 = Debug|x64
		{48F648E3-F761-4647-B9A7-63122A0B1F12}.Release|Win32.ActiveCfg = Release|Win32
		{48F648E3-F761-4647-B9A7-63122A0B1F12}.Release|Win32.Build.0 = Release|Win32
		{48F648E3-F761-4647-B9A7-63122A0B1F12}.Release|x64.ActiveCfg = Release|x64
		{48F648E3-F761-4647-B9A7-63122A0B1F12}.Release|x64.Build.0 = Release|x64
		{87093FB0-1AAE-4A61-A637-7F1245AA7411}.Debug|Win32.ActiveCfg = Debug|Win32
		{87093FB0-1AAE-4A61-A637-7F1245AA7411}.Debug|Win32.Build.0 = Debug|Win32
		{87093FB0-1AAE-4A61-A637-7F1245AA7411}.Debug|x64.ActiveCfg = Debug|x64
		{87093FB0-1AAE-4A61-A637-7F1245AA7411}.Debug|x64.Build.0 = Debug|x64
		{87093FB0-1AAE-4A61-A637-7F1245AA7411}.Release|Win32.ActiveCfg = Release|Win32
		{87093FB0-1AAE-4A61-A637-7F1245AA7411}.Release|Win32.Build.0 = Release|Win32
		{87093FB0-1AAE-4A61-A637-7F1245AA7411}.Release|x64.ActiveCfg = Release|x64
		{87093FB0-1AAE-4A61-A637-7F1245AA7411}.Release|x64.Build.0 = Release|x64
	EndGlobalSection
	GlobalSection(SolutionProperties) = preSolution
		HideSolutionNode = FALSE
	EndGlobalSection
EndGlobal
