<?xml version="1.0" encoding="utf-8"?>
<Project ToolsVersion="4.0" xmlns="http://schemas.microsoft.com/developer/msbuild/2003">
  <ItemGroup>
    <Filter Include="Headers">
      <UniqueIdentifier>{9925cd3a-73dd-4d5e-9c77-344171c75f82}</UniqueIdentifier>
    </Filter>
    <Filter Include="Sources">
      <UniqueIdentifier>{50aa5b86-baf6-49ad-9173-9b9df8a6bffd}</UniqueIdentifier>
    </Filter>
    <Filter Include="Sources\win32">
      <UniqueIdentifier>{4c3dca5d-eeae-43ea-8611-f17b4eeaf8d8}</UniqueIdentifier>
    </Filter>
    <Filter Include="Headers\win32">
      <UniqueIdentifier>{f051ea85-e7e0-4819-9a13-e6c8649f8db3}</UniqueIdentifier>
    </Filter>
  </ItemGroup>
  <ItemGroup>
    <ClInclude Include="..\..\w32deps\gtkglext\include\gdk\win32\gdkglcontext-win32.h">
      <Filter>Headers\win32</Filter>
    </ClInclude>
    <ClInclude Include="..\..\w32deps\gtkglext\include\gdk\win32\gdkglprivate-win32.h">
      <Filter>Headers\win32</Filter>
    </ClInclude>
    <ClInclude Include="..\..\w32deps\gtkglext\include\gdk\win32\gdkglquery-win32.h">
      <Filter>Headers\win32</Filter>
    </ClInclude>
    <ClInclude Include="..\..\w32deps\gtkglext\include\gdk\win32\gdkglwin32.h">
      <Filter>Headers\win32</Filter>
    </ClInclude>
    <ClInclude Include="..\..\w32deps\gtkglext\include\gdk\win32\gdkglwindow-win32.h">
      <Filter>Headers\win32</Filter>
    </ClInclude>
    <ClInclude Include="..\..\w32deps\gtkglext\include\gdk\win32\gdkwin32glconfig.h">
      <Filter>Headers\win32</Filter>
    </ClInclude>
    <ClInclude Include="..\..\w32deps\gtkglext\include\gdk\win32\gdkwin32glcontext.h">
      <Filter>Headers\win32</Filter>
    </ClInclude>
    <ClInclude Include="..\..\w32deps\gtkglext\include\gdk\win32\gdkwin32glquery.h">
      <Filter>Headers\win32</Filter>
    </ClInclude>
    <ClInclude Include="..\..\w32deps\gtkglext\include\gdk\win32\gdkwin32glwindow.h">
      <Filter>Headers\win32</Filter>
    </ClInclude>
    <ClInclude Include="..\..\w32deps\gtkglext\include\gdk\win32\gdkglconfig-win32.h">
      <Filter>Headers\win32</Filter>
    </ClInclude>
    <ClInclude Include="..\..\w32deps\gtkglext\include\gdk\gdkglconfig.h">
      <Filter>Headers</Filter>
    </ClInclude>
    <ClInclude Include="..\..\w32deps\gtkglext\include\gdk\gdkglconfigimpl.h">
      <Filter>Headers</Filter>
    </ClInclude>
    <ClInclude Include="..\..\w32deps\gtkglext\include\gdk\gdkglcontext.h">
      <Filter>Headers</Filter>
    </ClInclude>
    <ClInclude Include="..\..\w32deps\gtkglext\include\gdk\gdkglcontextimpl.h">
      <Filter>Headers</Filter>
    </ClInclude>
    <ClInclude Include="..\..\w32deps\gtkglext\include\gdk\gdkgldebug.h">
      <Filter>Headers</Filter>
    </ClInclude>
    <ClInclude Include="..\..\w32deps\gtkglext\include\gdk\gdkgldefs.h">
      <Filter>Headers</Filter>
    </ClInclude>
    <ClInclude Include="..\..\w32deps\gtkglext\include\gdk\gdkgldrawable.h">
      <Filter>Headers</Filter>
    </ClInclude>
    <ClInclude Include="..\..\w32deps\gtkglext\include\gdk\gdkglinit.h">
      <Filter>Headers</Filter>
    </ClInclude>
    <ClInclude Include="..\..\w32deps\gtkglext\include\gdk\gdkglprivate.h">
      <Filter>Headers</Filter>
    </ClInclude>
    <ClInclude Include="..\..\w32deps\gtkglext\include\gdk\gdkglquery.h">
      <Filter>Headers</Filter>
    </ClInclude>
    <ClInclude Include="..\..\w32deps\gtkglext\include\gdk\gdkgltokens.h">
      <Filter>Headers</Filter>
    </ClInclude>
    <ClInclude Include="..\..\w32deps\gtkglext\include\gdk\gdkgltypes.h">
      <Filter>Headers</Filter>
    </ClInclude>
    <ClInclude Include="..\..\w32deps\gtkglext\include\gdk\gdkglversion.h">
      <Filter>Headers</Filter>
    </ClInclude>
    <ClInclude Include="..\..\w32deps\gtkglext\include\gdk\gdkglwindow.h">
      <Filter>Headers</Filter>
    </ClInclude>
    <ClInclude Include="..\..\w32deps\gtkglext\include\gdk\gdkglwindowimpl.h">
      <Filter>Headers</Filter>
    </ClInclude>
    <ClInclude Include="..\..\w32deps\gtkglext\include\gdk\gdkgl.h">
      <Filter>Headers</Filter>
    </ClInclude>
  </ItemGroup>
  <ItemGroup>
    <ClCompile Include="..\gtkglext\gdk\win32\gdkglconfig-win32.c">
      <Filter>Sources\win32</Filter>
    </ClCompile>
    <ClCompile Include="..\gtkglext\gdk\win32\gdkglcontext-win32.c">
      <Filter>Sources\win32</Filter>
    </ClCompile>
    <ClCompile Include="..\gtkglext\gdk\win32\gdkglquery-win32.c">
      <Filter>Sources\win32</Filter>
    </ClCompile>
    <ClCompile Include="..\gtkglext\gdk\win32\gdkglwindow-win32.c">
      <Filter>Sources\win32</Filter>
    </ClCompile>
    <ClCompile Include="..\gtkglext\gdk\win32\gdkwin32glconfig.c">
      <Filter>Sources\win32</Filter>
    </ClCompile>
    <ClCompile Include="..\gtkglext\gdk\win32\gdkwin32glcontext.c">
      <Filter>Sources\win32</Filter>
    </ClCompile>
    <ClCompile Include="..\gtkglext\gdk\win32\gdkwin32glwindow.c">
      <Filter>Sources\win32</Filter>
    </ClCompile>
    <ClCompile Include="..\gtkglext\gdk\gdkglinit.c">
      <Filter>Sources</Filter>
    </ClCompile>
    <ClCompile Include="..\gtkglext\gdk\gdkglquery.c">
      <Filter>Sources</Filter>
    </ClCompile>
    <ClCompile Include="..\gtkglext\gdk\gdkglversion.c">
      <Filter>Sources</Filter>
    </ClCompile>
    <ClCompile Include="..\gtkglext\gdk\gdkglwindow.c">
      <Filter>Sources</Filter>
    </ClCompile>
    <ClCompile Include="..\gtkglext\gdk\gdkglwindowimpl.c">
      <Filter>Sources</Filter>
    </ClCompile>
    <ClCompile Include="..\gtkglext\gdk\gdkglconfig.c">
      <Filter>Sources</Filter>
    </ClCompile>
    <ClCompile Include="..\gtkglext\gdk\gdkglconfigimpl.c">
      <Filter>Sources</Filter>
    </ClCompile>
    <ClCompile Include="..\gtkglext\gdk\gdkglcontext.c">
      <Filter>Sources</Filter>
    </ClCompile>
    <ClCompile Include="..\gtkglext\gdk\gdkglcontextimpl.c">
      <Filter>Sources</Filter>
    </ClCompile>
    <ClCompile Include="..\gtkglext\gdk\gdkgldrawable.c">
      <Filter>Sources</Filter>
    </ClCompile>
    <ClCompile Include="..\gtkglext\gdk\gdkglenumtypes.c">
      <Filter>Sources</Filter>
    </ClCompile>
  </ItemGroup>
  <ItemGroup>
    <None Include="..\gtkglext\gdk\gdkglext.def" />
  </ItemGroup>
</Project>