<?xml version="1.0" encoding="utf-8"?>
<Project ToolsVersion="4.0" xmlns="http://schemas.microsoft.com/developer/msbuild/2003">
  <ItemGroup>
    <Filter Include="Source Files">
      <UniqueIdentifier>{7b7f594b-9a15-4433-98a3-8bc49e63fe88}</UniqueIdentifier>
    </Filter>
    <Filter Include="Header Files">
      <UniqueIdentifier>{93995380-89BD-4b04-88EB-625FBE52EBFB}</UniqueIdentifier>
      <Extensions>h;hpp;hxx;hm;inl;inc;xsd</Extensions>
    </Filter>
    <Filter Include="Resource Files">
      <UniqueIdentifier>{67DA6AB6-F800-4c08-8B7A-83BB121AAD01}</UniqueIdentifier>
      <Extensions>rc;ico;cur;bmp;dlg;rc2;rct;bin;rgs;gif;jpg;jpeg;jpe;resx</Extensions>
    </Filter>
  </ItemGroup>
  <ItemGroup>
    <ClInclude Include="..\gtkmm\gtk\gtkmm\treemodelcolumn.h">
      <Filter>Header Files</Filter>
    </ClInclude>
    <ClInclude Include="..\gtkmm\gtk\gtkmm\treemodelfilter.h">
      <Filter>Header Files</Filter>
    </ClInclude>
    <ClInclude Include="..\gtkmm\gtk\gtkmm\treemodelsort.h">
      <Filter>Header Files</Filter>
    </ClInclude>
    <ClInclude Include="..\gtkmm\gtk\gtkmm\treepath.h">
      <Filter>Header Files</Filter>
    </ClInclude>
    <ClInclude Include="..\gtkmm\gtk\gtkmm\treerowreference.h">
      <Filter>Header Files</Filter>
    </ClInclude>
    <ClInclude Include="..\gtkmm\gtk\gtkmm\treeselection.h">
      <Filter>Header Files</Filter>
    </ClInclude>
    <ClInclude Include="..\gtkmm\gtk\gtkmm\treesortable.h">
      <Filter>Header Files</Filter>
    </ClInclude>
    <ClInclude Include="..\gtkmm\gtk\gtkmm\treestore.h">
      <Filter>Header Files</Filter>
    </ClInclude>
    <ClInclude Include="..\gtkmm\gtk\gtkmm\treeview.h">
      <Filter>Header Files</Filter>
    </ClInclude>
    <ClInclude Include="..\gtkmm\gtk\gtkmm\treeview_private.h">
      <Filter>Header Files</Filter>
    </ClInclude>
    <ClInclude Include="..\gtkmm\gtk\gtkmm\treeviewcolumn.h">
      <Filter>Header Files</Filter>
    </ClInclude>
    <ClInclude Include="..\gtkmm\gtk\gtkmm\uimanager.h">
      <Filter>Header Files</Filter>
    </ClInclude>
    <ClInclude Include="..\gtkmm\gtk\gtkmm\viewport.h">
      <Filter>Header Files</Filter>
    </ClInclude>
    <ClInclude Include="..\gtkmm\gtk\gtkmm\volumebutton.h">
      <Filter>Header Files</Filter>
    </ClInclude>
    <ClInclude Include="..\gtkmm\gtk\gtkmm\widget.h">
      <Filter>Header Files</Filter>
    </ClInclude>
    <ClInclude Include="..\gtkmm\gtk\gtkmm\window.h">
      <Filter>Header Files</Filter>
    </ClInclude>
    <ClInclude Include="..\gtkmm\gtk\gtkmm\wrap_init.h">
      <Filter>Header Files</Filter>
    </ClInclude>
    <ClInclude Include="..\gtkmm\gtk\gtkmm\aboutdialog.h">
      <Filter>Header Files</Filter>
    </ClInclude>
    <ClInclude Include="..\gtkmm\gtk\gtkmm\accelgroup.h">
      <Filter>Header Files</Filter>
    </ClInclude>
    <ClInclude Include="..\gtkmm\gtk\gtkmm\accelkey.h">
      <Filter>Header Files</Filter>
    </ClInclude>
    <ClInclude Include="..\gtkmm\gtk\gtkmm\accellabel.h">
      <Filter>Header Files</Filter>
    </ClInclude>
    <ClInclude Include="..\gtkmm\gtk\gtkmm\accelmap.h">
      <Filter>Header Files</Filter>
    </ClInclude>
    <ClInclude Include="..\gtkmm\gtk\gtkmm\action.h">
      <Filter>Header Files</Filter>
    </ClInclude>
    <ClInclude Include="..\gtkmm\gtk\gtkmm\actiongroup.h">
      <Filter>Header Files</Filter>
    </ClInclude>
    <ClInclude Include="..\gtkmm\gtk\gtkmm\activatable.h">
      <Filter>Header Files</Filter>
    </ClInclude>
    <ClInclude Include="..\gtkmm\gtk\gtkmm\adjustment.h">
      <Filter>Header Files</Filter>
    </ClInclude>
    <ClInclude Include="..\gtkmm\gtk\gtkmm\alignment.h">
      <Filter>Header Files</Filter>
    </ClInclude>
    <ClInclude Include="..\gtkmm\gtk\gtkmm\arrow.h">
      <Filter>Header Files</Filter>
    </ClInclude>
    <ClInclude Include="..\gtkmm\gtk\gtkmm\aspectframe.h">
      <Filter>Header Files</Filter>
    </ClInclude>
    <ClInclude Include="..\gtkmm\gtk\gtkmm\assistant.h">
      <Filter>Header Files</Filter>
    </ClInclude>
    <ClInclude Include="..\gtkmm\gtk\gtkmm\base.h">
      <Filter>Header Files</Filter>
    </ClInclude>
    <ClInclude Include="..\gtkmm\gtk\gtkmm\bin.h">
      <Filter>Header Files</Filter>
    </ClInclude>
    <ClInclude Include="..\gtkmm\gtk\gtkmm\border.h">
      <Filter>Header Files</Filter>
    </ClInclude>
    <ClInclude Include="..\gtkmm\gtk\gtkmm\box.h">
      <Filter>Header Files</Filter>
    </ClInclude>
    <ClInclude Include="..\gtkmm\gtk\gtkmm\builder.h">
      <Filter>Header Files</Filter>
    </ClInclude>
    <ClInclude Include="..\gtkmm\gtk\gtkmm\button.h">
      <Filter>Header Files</Filter>
    </ClInclude>
    <ClInclude Include="..\gtkmm\gtk\gtkmm\buttonbox.h">
      <Filter>Header Files</Filter>
    </ClInclude>
    <ClInclude Include="..\gtkmm\gtk\gtkmm\calendar.h">
      <Filter>Header Files</Filter>
    </ClInclude>
    <ClInclude Include="..\gtkmm\gtk\gtkmm\celleditable.h">
      <Filter>Header Files</Filter>
    </ClInclude>
    <ClInclude Include="..\gtkmm\gtk\gtkmm\celllayout.h">
      <Filter>Header Files</Filter>
    </ClInclude>
    <ClInclude Include="..\gtkmm\gtk\gtkmm\cellrenderer.h">
      <Filter>Header Files</Filter>
    </ClInclude>
    <ClInclude Include="..\gtkmm\gtk\gtkmm\cellrenderer_generation.h">
      <Filter>Header Files</Filter>
    </ClInclude>
    <ClInclude Include="..\gtkmm\gtk\gtkmm\cellrendereraccel.h">
      <Filter>Header Files</Filter>
    </ClInclude>
    <ClInclude Include="..\gtkmm\gtk\gtkmm\cellrenderercombo.h">
      <Filter>Header Files</Filter>
    </ClInclude>
    <ClInclude Include="..\gtkmm\gtk\gtkmm\cellrendererpixbuf.h">
      <Filter>Header Files</Filter>
    </ClInclude>
    <ClInclude Include="..\gtkmm\gtk\gtkmm\cellrendererprogress.h">
      <Filter>Header Files</Filter>
    </ClInclude>
    <ClInclude Include="..\gtkmm\gtk\gtkmm\cellrendererspin.h">
      <Filter>Header Files</Filter>
    </ClInclude>
    <ClInclude Include="..\gtkmm\gtk\gtkmm\cellrendererspinner.h">
      <Filter>Header Files</Filter>
    </ClInclude>
    <ClInclude Include="..\gtkmm\gtk\gtkmm\cellrenderertext.h">
      <Filter>Header Files</Filter>
    </ClInclude>
    <ClInclude Include="..\gtkmm\gtk\gtkmm\cellrenderertoggle.h">
      <Filter>Header Files</Filter>
    </ClInclude>
    <ClInclude Include="..\gtkmm\gtk\gtkmm\cellview.h">
      <Filter>Header Files</Filter>
    </ClInclude>
    <ClInclude Include="..\gtkmm\gtk\gtkmm\checkbutton.h">
      <Filter>Header Files</Filter>
    </ClInclude>
    <ClInclude Include="..\gtkmm\gtk\gtkmm\checkmenuitem.h">
      <Filter>Header Files</Filter>
    </ClInclude>
    <ClInclude Include="..\gtkmm\gtk\gtkmm\clipboard.h">
      <Filter>Header Files</Filter>
    </ClInclude>
    <ClInclude Include="..\gtkmm\gtk\gtkmm\colorbutton.h">
      <Filter>Header Files</Filter>
    </ClInclude>
    <ClInclude Include="..\gtkmm\gtk\gtkmm\colorselection.h">
      <Filter>Header Files</Filter>
    </ClInclude>
    <ClInclude Include="..\gtkmm\gtk\gtkmm\combo.h">
      <Filter>Header Files</Filter>
    </ClInclude>
    <ClInclude Include="..\gtkmm\gtk\gtkmm\combobox.h">
      <Filter>Header Files</Filter>
    </ClInclude>
    <ClInclude Include="..\gtkmm\gtk\gtkmm\comboboxentry.h">
      <Filter>Header Files</Filter>
    </ClInclude>
    <ClInclude Include="..\gtkmm\gtk\gtkmm\comboboxentrytext.h">
      <Filter>Header Files</Filter>
    </ClInclude>
    <ClInclude Include="..\gtkmm\gtk\gtkmm\comboboxtext.h">
      <Filter>Header Files</Filter>
    </ClInclude>
    <ClInclude Include="..\gtkmm\gtk\gtkmm\container.h">
      <Filter>Header Files</Filter>
    </ClInclude>
    <ClInclude Include="..\gtkmm\gtk\gtkmm\curve.h">
      <Filter>Header Files</Filter>
    </ClInclude>
    <ClInclude Include="..\gtkmm\gtk\gtkmm\dialog.h">
      <Filter>Header Files</Filter>
    </ClInclude>
    <ClInclude Include="..\gtkmm\gtk\gtkmm\drawingarea.h">
      <Filter>Header Files</Filter>
    </ClInclude>
    <ClInclude Include="..\gtkmm\gtk\gtkmm\editable.h">
      <Filter>Header Files</Filter>
    </ClInclude>
    <ClInclude Include="..\gtkmm\gtk\gtkmm\entry.h">
      <Filter>Header Files</Filter>
    </ClInclude>
    <ClInclude Include="..\gtkmm\gtk\gtkmm\entrybuffer.h">
      <Filter>Header Files</Filter>
    </ClInclude>
    <ClInclude Include="..\gtkmm\gtk\gtkmm\entrycompletion.h">
      <Filter>Header Files</Filter>
    </ClInclude>
    <ClInclude Include="..\gtkmm\gtk\gtkmm\enums.h">
      <Filter>Header Files</Filter>
    </ClInclude>
    <ClInclude Include="..\gtkmm\gtk\gtkmm\eventbox.h">
      <Filter>Header Files</Filter>
    </ClInclude>
    <ClInclude Include="..\gtkmm\gtk\gtkmm\expander.h">
      <Filter>Header Files</Filter>
    </ClInclude>
    <ClInclude Include="..\gtkmm\gtk\gtkmm\filechooser.h">
      <Filter>Header Files</Filter>
    </ClInclude>
    <ClInclude Include="..\gtkmm\gtk\gtkmm\filechooserbutton.h">
      <Filter>Header Files</Filter>
    </ClInclude>
    <ClInclude Include="..\gtkmm\gtk\gtkmm\filechooserdialog.h">
      <Filter>Header Files</Filter>
    </ClInclude>
    <ClInclude Include="..\gtkmm\gtk\gtkmm\filechooserwidget.h">
      <Filter>Header Files</Filter>
    </ClInclude>
    <ClInclude Include="..\gtkmm\gtk\gtkmm\filefilter.h">
      <Filter>Header Files</Filter>
    </ClInclude>
    <ClInclude Include="..\gtkmm\gtk\gtkmm\fileselection.h">
      <Filter>Header Files</Filter>
    </ClInclude>
    <ClInclude Include="..\gtkmm\gtk\gtkmm\fixed.h">
      <Filter>Header Files</Filter>
    </ClInclude>
    <ClInclude Include="..\gtkmm\gtk\gtkmm\fontbutton.h">
      <Filter>Header Files</Filter>
    </ClInclude>
    <ClInclude Include="..\gtkmm\gtk\gtkmm\fontselection.h">
      <Filter>Header Files</Filter>
    </ClInclude>
    <ClInclude Include="..\gtkmm\gtk\gtkmm\frame.h">
      <Filter>Header Files</Filter>
    </ClInclude>
    <ClInclude Include="..\gtkmm\gtk\gtkmm\handlebox.h">
      <Filter>Header Files</Filter>
    </ClInclude>
    <ClInclude Include="..\gtkmm\gtk\gtkmm\iconfactory.h">
      <Filter>Header Files</Filter>
    </ClInclude>
    <ClInclude Include="..\gtkmm\gtk\gtkmm\iconinfo.h">
      <Filter>Header Files</Filter>
    </ClInclude>
    <ClInclude Include="..\gtkmm\gtk\gtkmm\iconset.h">
      <Filter>Header Files</Filter>
    </ClInclude>
    <ClInclude Include="..\gtkmm\gtk\gtkmm\iconsource.h">
      <Filter>Header Files</Filter>
    </ClInclude>
    <ClInclude Include="..\gtkmm\gtk\gtkmm\icontheme.h">
      <Filter>Header Files</Filter>
    </ClInclude>
    <ClInclude Include="..\gtkmm\gtk\gtkmm\iconview.h">
      <Filter>Header Files</Filter>
    </ClInclude>
    <ClInclude Include="..\gtkmm\gtk\gtkmm\image.h">
      <Filter>Header Files</Filter>
    </ClInclude>
    <ClInclude Include="..\gtkmm\gtk\gtkmm\imagemenuitem.h">
      <Filter>Header Files</Filter>
    </ClInclude>
    <ClInclude Include="..\gtkmm\gtk\gtkmm\infobar.h">
      <Filter>Header Files</Filter>
    </ClInclude>
    <ClInclude Include="..\gtkmm\gtk\gtkmm\inputdialog.h">
      <Filter>Header Files</Filter>
    </ClInclude>
    <ClInclude Include="..\gtkmm\gtk\gtkmm\invisible.h">
      <Filter>Header Files</Filter>
    </ClInclude>
    <ClInclude Include="..\gtkmm\gtk\gtkmm\item.h">
      <Filter>Header Files</Filter>
    </ClInclude>
    <ClInclude Include="..\gtkmm\gtk\gtkmm\label.h">
      <Filter>Header Files</Filter>
    </ClInclude>
    <ClInclude Include="..\gtkmm\gtk\gtkmm\layout.h">
      <Filter>Header Files</Filter>
    </ClInclude>
    <ClInclude Include="..\gtkmm\gtk\gtkmm\linkbutton.h">
      <Filter>Header Files</Filter>
    </ClInclude>
    <ClInclude Include="..\gtkmm\gtk\gtkmm\liststore.h">
      <Filter>Header Files</Filter>
    </ClInclude>
    <ClInclude Include="..\gtkmm\gtk\gtkmm\listviewtext.h">
      <Filter>Header Files</Filter>
    </ClInclude>
    <ClInclude Include="..\gtkmm\gtk\gtkmm\main.h">
      <Filter>Header Files</Filter>
    </ClInclude>
    <ClInclude Include="..\gtkmm\gtk\gtkmm\menu.h">
      <Filter>Header Files</Filter>
    </ClInclude>
    <ClInclude Include="..\gtkmm\gtk\gtkmm\menu_elems.h">
      <Filter>Header Files</Filter>
    </ClInclude>
    <ClInclude Include="..\gtkmm\gtk\gtkmm\menubar.h">
      <Filter>Header Files</Filter>
    </ClInclude>
    <ClInclude Include="..\gtkmm\gtk\gtkmm\menuitem.h">
      <Filter>Header Files</Filter>
    </ClInclude>
    <ClInclude Include="..\gtkmm\gtk\gtkmm\menushell.h">
      <Filter>Header Files</Filter>
    </ClInclude>
    <ClInclude Include="..\gtkmm\gtk\gtkmm\menutoolbutton.h">
      <Filter>Header Files</Filter>
    </ClInclude>
    <ClInclude Include="..\gtkmm\gtk\gtkmm\messagedialog.h">
      <Filter>Header Files</Filter>
    </ClInclude>
    <ClInclude Include="..\gtkmm\gtk\gtkmm\misc.h">
      <Filter>Header Files</Filter>
    </ClInclude>
    <ClInclude Include="..\gtkmm\gtk\gtkmm\notebook.h">
      <Filter>Header Files</Filter>
    </ClInclude>
    <ClInclude Include="..\gtkmm\gtk\gtkmm\object.h">
      <Filter>Header Files</Filter>
    </ClInclude>
    <ClInclude Include="..\gtkmm\gtk\gtkmm\offscreenwindow.h">
      <Filter>Header Files</Filter>
    </ClInclude>
    <ClInclude Include="..\gtkmm\gtk\gtkmm\optionmenu.h">
      <Filter>Header Files</Filter>
    </ClInclude>
    <ClInclude Include="..\gtkmm\gtk\gtkmm\orientable.h">
      <Filter>Header Files</Filter>
    </ClInclude>
    <ClInclude Include="..\gtkmm\gtk\gtkmm\pagesetup.h">
      <Filter>Header Files</Filter>
    </ClInclude>
    <ClInclude Include="..\gtkmm\gtk\gtkmm\pagesetupunixdialog.h">
      <Filter>Header Files</Filter>
    </ClInclude>
    <ClInclude Include="..\gtkmm\gtk\gtkmm\paned.h">
      <Filter>Header Files</Filter>
    </ClInclude>
    <ClInclude Include="..\gtkmm\gtk\gtkmm\papersize.h">
      <Filter>Header Files</Filter>
    </ClInclude>
    <ClInclude Include="..\gtkmm\gtk\gtkmm\plug.h">
      <Filter>Header Files</Filter>
    </ClInclude>
    <ClInclude Include="..\gtkmm\gtk\gtkmm\printcontext.h">
      <Filter>Header Files</Filter>
    </ClInclude>
    <ClInclude Include="..\gtkmm\gtk\gtkmm\printer.h">
      <Filter>Header Files</Filter>
    </ClInclude>
    <ClInclude Include="..\gtkmm\gtk\gtkmm\printjob.h">
      <Filter>Header Files</Filter>
    </ClInclude>
    <ClInclude Include="..\gtkmm\gtk\gtkmm\printoperation.h">
      <Filter>Header Files</Filter>
    </ClInclude>
    <ClInclude Include="..\gtkmm\gtk\gtkmm\printoperationpreview.h">
      <Filter>Header Files</Filter>
    </ClInclude>
    <ClInclude Include="..\gtkmm\gtk\gtkmm\printsettings.h">
      <Filter>Header Files</Filter>
    </ClInclude>
    <ClInclude Include="..\gtkmm\gtk\gtkmm\printunixdialog.h">
      <Filter>Header Files</Filter>
    </ClInclude>
    <ClInclude Include="..\gtkmm\gtk\gtkmm\progressbar.h">
      <Filter>Header Files</Filter>
    </ClInclude>
    <ClInclude Include="..\gtkmm\gtk\gtkmm\radioaction.h">
      <Filter>Header Files</Filter>
    </ClInclude>
    <ClInclude Include="..\gtkmm\gtk\gtkmm\radiobutton.h">
      <Filter>Header Files</Filter>
    </ClInclude>
    <ClInclude Include="..\gtkmm\gtk\gtkmm\radiobuttongroup.h">
      <Filter>Header Files</Filter>
    </ClInclude>
    <ClInclude Include="..\gtkmm\gtk\gtkmm\radiomenuitem.h">
      <Filter>Header Files</Filter>
    </ClInclude>
    <ClInclude Include="..\gtkmm\gtk\gtkmm\radiotoolbutton.h">
      <Filter>Header Files</Filter>
    </ClInclude>
    <ClInclude Include="..\gtkmm\gtk\gtkmm\range.h">
      <Filter>Header Files</Filter>
    </ClInclude>
    <ClInclude Include="..\gtkmm\gtk\gtkmm\rc.h">
      <Filter>Header Files</Filter>
    </ClInclude>
    <ClInclude Include="..\gtkmm\gtk\gtkmm\recentaction.h">
      <Filter>Header Files</Filter>
    </ClInclude>
    <ClInclude Include="..\gtkmm\gtk\gtkmm\recentchooser.h">
      <Filter>Header Files</Filter>
    </ClInclude>
    <ClInclude Include="..\gtkmm\gtk\gtkmm\recentchooserdialog.h">
      <Filter>Header Files</Filter>
    </ClInclude>
    <ClInclude Include="..\gtkmm\gtk\gtkmm\recentchoosermenu.h">
      <Filter>Header Files</Filter>
    </ClInclude>
    <ClInclude Include="..\gtkmm\gtk\gtkmm\recentchooserwidget.h">
      <Filter>Header Files</Filter>
    </ClInclude>
    <ClInclude Include="..\gtkmm\gtk\gtkmm\recentfilter.h">
      <Filter>Header Files</Filter>
    </ClInclude>
    <ClInclude Include="..\gtkmm\gtk\gtkmm\recentinfo.h">
      <Filter>Header Files</Filter>
    </ClInclude>
    <ClInclude Include="..\gtkmm\gtk\gtkmm\recentmanager.h">
      <Filter>Header Files</Filter>
    </ClInclude>
    <ClInclude Include="..\gtkmm\gtk\gtkmm\ruler.h">
      <Filter>Header Files</Filter>
    </ClInclude>
    <ClInclude Include="..\gtkmm\gtk\gtkmm\scale.h">
      <Filter>Header Files</Filter>
    </ClInclude>
    <ClInclude Include="..\gtkmm\gtk\gtkmm\scalebutton.h">
      <Filter>Header Files</Filter>
    </ClInclude>
    <ClInclude Include="..\gtkmm\gtk\gtkmm\scrollbar.h">
      <Filter>Header Files</Filter>
    </ClInclude>
    <ClInclude Include="..\gtkmm\gtk\gtkmm\scrolledwindow.h">
      <Filter>Header Files</Filter>
    </ClInclude>
    <ClInclude Include="..\gtkmm\gtk\gtkmm\selectiondata.h">
      <Filter>Header Files</Filter>
    </ClInclude>
    <ClInclude Include="..\gtkmm\gtk\gtkmm\selectiondata_private.h">
      <Filter>Header Files</Filter>
    </ClInclude>
    <ClInclude Include="..\gtkmm\gtk\gtkmm\separator.h">
      <Filter>Header Files</Filter>
    </ClInclude>
    <ClInclude Include="..\gtkmm\gtk\gtkmm\separatormenuitem.h">
      <Filter>Header Files</Filter>
    </ClInclude>
    <ClInclude Include="..\gtkmm\gtk\gtkmm\separatortoolitem.h">
      <Filter>Header Files</Filter>
    </ClInclude>
    <ClInclude Include="..\gtkmm\gtk\gtkmm\settings.h">
      <Filter>Header Files</Filter>
    </ClInclude>
    <ClInclude Include="..\gtkmm\gtk\gtkmm\sizegroup.h">
      <Filter>Header Files</Filter>
    </ClInclude>
    <ClInclude Include="..\gtkmm\gtk\gtkmm\socket.h">
      <Filter>Header Files</Filter>
    </ClInclude>
    <ClInclude Include="..\gtkmm\gtk\gtkmm\spinbutton.h">
      <Filter>Header Files</Filter>
    </ClInclude>
    <ClInclude Include="..\gtkmm\gtk\gtkmm\spinner.h">
      <Filter>Header Files</Filter>
    </ClInclude>
    <ClInclude Include="..\gtkmm\gtk\gtkmm\statusbar.h">
      <Filter>Header Files</Filter>
    </ClInclude>
    <ClInclude Include="..\gtkmm\gtk\gtkmm\statusicon.h">
      <Filter>Header Files</Filter>
    </ClInclude>
    <ClInclude Include="..\gtkmm\gtk\gtkmm\stock.h">
      <Filter>Header Files</Filter>
    </ClInclude>
    <ClInclude Include="..\gtkmm\gtk\gtkmm\stockid.h">
      <Filter>Header Files</Filter>
    </ClInclude>
    <ClInclude Include="..\gtkmm\gtk\gtkmm\stockitem.h">
      <Filter>Header Files</Filter>
    </ClInclude>
    <ClInclude Include="..\gtkmm\gtk\gtkmm\style.h">
      <Filter>Header Files</Filter>
    </ClInclude>
    <ClInclude Include="..\gtkmm\gtk\gtkmm\table.h">
      <Filter>Header Files</Filter>
    </ClInclude>
    <ClInclude Include="..\gtkmm\gtk\gtkmm\targetentry.h">
      <Filter>Header Files</Filter>
    </ClInclude>
    <ClInclude Include="..\gtkmm\gtk\gtkmm\targetlist.h">
      <Filter>Header Files</Filter>
    </ClInclude>
    <ClInclude Include="..\gtkmm\gtk\gtkmm\tearoffmenuitem.h">
      <Filter>Header Files</Filter>
    </ClInclude>
    <ClInclude Include="..\gtkmm\gtk\gtkmm\textattributes.h">
      <Filter>Header Files</Filter>
    </ClInclude>
    <ClInclude Include="..\gtkmm\gtk\gtkmm\textbuffer.h">
      <Filter>Header Files</Filter>
    </ClInclude>
    <ClInclude Include="..\gtkmm\gtk\gtkmm\textchildanchor.h">
      <Filter>Header Files</Filter>
    </ClInclude>
    <ClInclude Include="..\gtkmm\gtk\gtkmm\textiter.h">
      <Filter>Header Files</Filter>
    </ClInclude>
    <ClInclude Include="..\gtkmm\gtk\gtkmm\textmark.h">
      <Filter>Header Files</Filter>
    </ClInclude>
    <ClInclude Include="..\gtkmm\gtk\gtkmm\texttag.h">
      <Filter>Header Files</Filter>
    </ClInclude>
    <ClInclude Include="..\gtkmm\gtk\gtkmm\texttagtable.h">
      <Filter>Header Files</Filter>
    </ClInclude>
    <ClInclude Include="..\gtkmm\gtk\gtkmm\textview.h">
      <Filter>Header Files</Filter>
    </ClInclude>
    <ClInclude Include="..\gtkmm\gtk\gtkmm\toggleaction.h">
      <Filter>Header Files</Filter>
    </ClInclude>
    <ClInclude Include="..\gtkmm\gtk\gtkmm\togglebutton.h">
      <Filter>Header Files</Filter>
    </ClInclude>
    <ClInclude Include="..\gtkmm\gtk\gtkmm\toggletoolbutton.h">
      <Filter>Header Files</Filter>
    </ClInclude>
    <ClInclude Include="..\gtkmm\gtk\gtkmm\toolbar.h">
      <Filter>Header Files</Filter>
    </ClInclude>
    <ClInclude Include="..\gtkmm\gtk\gtkmm\toolbutton.h">
      <Filter>Header Files</Filter>
    </ClInclude>
    <ClInclude Include="..\gtkmm\gtk\gtkmm\toolitem.h">
      <Filter>Header Files</Filter>
    </ClInclude>
    <ClInclude Include="..\gtkmm\gtk\gtkmm\toolitemgroup.h">
      <Filter>Header Files</Filter>
    </ClInclude>
    <ClInclude Include="..\gtkmm\gtk\gtkmm\toolpalette.h">
      <Filter>Header Files</Filter>
    </ClInclude>
    <ClInclude Include="..\gtkmm\gtk\gtkmm\toolshell.h">
      <Filter>Header Files</Filter>
    </ClInclude>
    <ClInclude Include="..\gtkmm\gtk\gtkmm\tooltip.h">
      <Filter>Header Files</Filter>
    </ClInclude>
    <ClInclude Include="..\gtkmm\gtk\gtkmm\tooltips.h">
      <Filter>Header Files</Filter>
    </ClInclude>
    <ClInclude Include="..\gtkmm\gtk\gtkmm\treedragdest.h">
      <Filter>Header Files</Filter>
    </ClInclude>
    <ClInclude Include="..\gtkmm\gtk\gtkmm\treedragsource.h">
      <Filter>Header Files</Filter>
    </ClInclude>
    <ClInclude Include="..\gtkmm\gtk\gtkmm\treeiter.h">
      <Filter>Header Files</Filter>
    </ClInclude>
    <ClInclude Include="..\gtkmm\gtk\gtkmm\treemodel.h">
      <Filter>Header Files</Filter>
    </ClInclude>
  </ItemGroup>
  <ItemGroup>
    <ClCompile Include="..\gtkmm\gtk\gtkmm\toolshell.cc">
      <Filter>Source Files</Filter>
    </ClCompile>
    <ClCompile Include="..\gtkmm\gtk\gtkmm\tooltip.cc">
      <Filter>Source Files</Filter>
    </ClCompile>
    <ClCompile Include="..\gtkmm\gtk\gtkmm\tooltips.cc">
      <Filter>Source Files</Filter>
    </ClCompile>
    <ClCompile Include="..\gtkmm\gtk\gtkmm\treedragdest.cc">
      <Filter>Source Files</Filter>
    </ClCompile>
    <ClCompile Include="..\gtkmm\gtk\gtkmm\treedragsource.cc">
      <Filter>Source Files</Filter>
    </ClCompile>
    <ClCompile Include="..\gtkmm\gtk\gtkmm\treeiter.cc">
      <Filter>Source Files</Filter>
    </ClCompile>
    <ClCompile Include="..\gtkmm\gtk\gtkmm\treemodel.cc">
      <Filter>Source Files</Filter>
    </ClCompile>
    <ClCompile Include="..\gtkmm\gtk\gtkmm\treemodelcolumn.cc">
      <Filter>Source Files</Filter>
    </ClCompile>
    <ClCompile Include="..\gtkmm\gtk\gtkmm\treemodelfilter.cc">
      <Filter>Source Files</Filter>
    </ClCompile>
    <ClCompile Include="..\gtkmm\gtk\gtkmm\treemodelsort.cc">
      <Filter>Source Files</Filter>
    </ClCompile>
    <ClCompile Include="..\gtkmm\gtk\gtkmm\treepath.cc">
      <Filter>Source Files</Filter>
    </ClCompile>
    <ClCompile Include="..\gtkmm\gtk\gtkmm\treerowreference.cc">
      <Filter>Source Files</Filter>
    </ClCompile>
    <ClCompile Include="..\gtkmm\gtk\gtkmm\treeselection.cc">
      <Filter>Source Files</Filter>
    </ClCompile>
    <ClCompile Include="..\gtkmm\gtk\gtkmm\treesortable.cc">
      <Filter>Source Files</Filter>
    </ClCompile>
    <ClCompile Include="..\gtkmm\gtk\gtkmm\treestore.cc">
      <Filter>Source Files</Filter>
    </ClCompile>
    <ClCompile Include="..\gtkmm\gtk\gtkmm\treeview.cc">
      <Filter>Source Files</Filter>
    </ClCompile>
    <ClCompile Include="..\gtkmm\gtk\gtkmm\treeview_private.cc">
      <Filter>Source Files</Filter>
    </ClCompile>
    <ClCompile Include="..\gtkmm\gtk\gtkmm\treeviewcolumn.cc">
      <Filter>Source Files</Filter>
    </ClCompile>
    <ClCompile Include="..\gtkmm\gtk\gtkmm\uimanager.cc">
      <Filter>Source Files</Filter>
    </ClCompile>
    <ClCompile Include="..\gtkmm\gtk\gtkmm\viewport.cc">
      <Filter>Source Files</Filter>
    </ClCompile>
    <ClCompile Include="..\gtkmm\gtk\gtkmm\volumebutton.cc">
      <Filter>Source Files</Filter>
    </ClCompile>
    <ClCompile Include="..\gtkmm\gtk\gtkmm\widget.cc">
      <Filter>Source Files</Filter>
    </ClCompile>
    <ClCompile Include="..\gtkmm\gtk\gtkmm\window.cc">
      <Filter>Source Files</Filter>
    </ClCompile>
    <ClCompile Include="..\gtkmm\gtk\gtkmm\wrap_init.cc">
      <Filter>Source Files</Filter>
    </ClCompile>
    <ClCompile Include="..\gtkmm\gtk\gtkmm\aboutdialog.cc">
      <Filter>Source Files</Filter>
    </ClCompile>
    <ClCompile Include="..\gtkmm\gtk\gtkmm\accelgroup.cc">
      <Filter>Source Files</Filter>
    </ClCompile>
    <ClCompile Include="..\gtkmm\gtk\gtkmm\accelkey.cc">
      <Filter>Source Files</Filter>
    </ClCompile>
    <ClCompile Include="..\gtkmm\gtk\gtkmm\accellabel.cc">
      <Filter>Source Files</Filter>
    </ClCompile>
    <ClCompile Include="..\gtkmm\gtk\gtkmm\accelmap.cc">
      <Filter>Source Files</Filter>
    </ClCompile>
    <ClCompile Include="..\gtkmm\gtk\gtkmm\action.cc">
      <Filter>Source Files</Filter>
    </ClCompile>
    <ClCompile Include="..\gtkmm\gtk\gtkmm\actiongroup.cc">
      <Filter>Source Files</Filter>
    </ClCompile>
    <ClCompile Include="..\gtkmm\gtk\gtkmm\activatable.cc">
      <Filter>Source Files</Filter>
    </ClCompile>
    <ClCompile Include="..\gtkmm\gtk\gtkmm\adjustment.cc">
      <Filter>Source Files</Filter>
    </ClCompile>
    <ClCompile Include="..\gtkmm\gtk\gtkmm\alignment.cc">
      <Filter>Source Files</Filter>
    </ClCompile>
    <ClCompile Include="..\gtkmm\gtk\gtkmm\arrow.cc">
      <Filter>Source Files</Filter>
    </ClCompile>
    <ClCompile Include="..\gtkmm\gtk\gtkmm\aspectframe.cc">
      <Filter>Source Files</Filter>
    </ClCompile>
    <ClCompile Include="..\gtkmm\gtk\gtkmm\assistant.cc">
      <Filter>Source Files</Filter>
    </ClCompile>
    <ClCompile Include="..\gtkmm\gtk\gtkmm\bin.cc">
      <Filter>Source Files</Filter>
    </ClCompile>
    <ClCompile Include="..\gtkmm\gtk\gtkmm\box.cc">
      <Filter>Source Files</Filter>
    </ClCompile>
    <ClCompile Include="..\gtkmm\gtk\gtkmm\builder.cc">
      <Filter>Source Files</Filter>
    </ClCompile>
    <ClCompile Include="..\gtkmm\gtk\gtkmm\button.cc">
      <Filter>Source Files</Filter>
    </ClCompile>
    <ClCompile Include="..\gtkmm\gtk\gtkmm\buttonbox.cc">
      <Filter>Source Files</Filter>
    </ClCompile>
    <ClCompile Include="..\gtkmm\gtk\gtkmm\calendar.cc">
      <Filter>Source Files</Filter>
    </ClCompile>
    <ClCompile Include="..\gtkmm\gtk\gtkmm\celleditable.cc">
      <Filter>Source Files</Filter>
    </ClCompile>
    <ClCompile Include="..\gtkmm\gtk\gtkmm\celllayout.cc">
      <Filter>Source Files</Filter>
    </ClCompile>
    <ClCompile Include="..\gtkmm\gtk\gtkmm\cellrenderer.cc">
      <Filter>Source Files</Filter>
    </ClCompile>
    <ClCompile Include="..\gtkmm\gtk\gtkmm\cellrenderer_generation.cc">
      <Filter>Source Files</Filter>
    </ClCompile>
    <ClCompile Include="..\gtkmm\gtk\gtkmm\cellrendereraccel.cc">
      <Filter>Source Files</Filter>
    </ClCompile>
    <ClCompile Include="..\gtkmm\gtk\gtkmm\cellrenderercombo.cc">
      <Filter>Source Files</Filter>
    </ClCompile>
    <ClCompile Include="..\gtkmm\gtk\gtkmm\cellrendererpixbuf.cc">
      <Filter>Source Files</Filter>
    </ClCompile>
    <ClCompile Include="..\gtkmm\gtk\gtkmm\cellrendererprogress.cc">
      <Filter>Source Files</Filter>
    </ClCompile>
    <ClCompile Include="..\gtkmm\gtk\gtkmm\cellrendererspin.cc">
      <Filter>Source Files</Filter>
    </ClCompile>
    <ClCompile Include="..\gtkmm\gtk\gtkmm\cellrendererspinner.cc">
      <Filter>Source Files</Filter>
    </ClCompile>
    <ClCompile Include="..\gtkmm\gtk\gtkmm\cellrenderertext.cc">
      <Filter>Source Files</Filter>
    </ClCompile>
    <ClCompile Include="..\gtkmm\gtk\gtkmm\cellrenderertoggle.cc">
      <Filter>Source Files</Filter>
    </ClCompile>
    <ClCompile Include="..\gtkmm\gtk\gtkmm\cellview.cc">
      <Filter>Source Files</Filter>
    </ClCompile>
    <ClCompile Include="..\gtkmm\gtk\gtkmm\checkbutton.cc">
      <Filter>Source Files</Filter>
    </ClCompile>
    <ClCompile Include="..\gtkmm\gtk\gtkmm\checkmenuitem.cc">
      <Filter>Source Files</Filter>
    </ClCompile>
    <ClCompile Include="..\gtkmm\gtk\gtkmm\clipboard.cc">
      <Filter>Source Files</Filter>
    </ClCompile>
    <ClCompile Include="..\gtkmm\gtk\gtkmm\colorbutton.cc">
      <Filter>Source Files</Filter>
    </ClCompile>
    <ClCompile Include="..\gtkmm\gtk\gtkmm\colorselection.cc">
      <Filter>Source Files</Filter>
    </ClCompile>
    <ClCompile Include="..\gtkmm\gtk\gtkmm\combo.cc">
      <Filter>Source Files</Filter>
    </ClCompile>
    <ClCompile Include="..\gtkmm\gtk\gtkmm\combobox.cc">
      <Filter>Source Files</Filter>
    </ClCompile>
    <ClCompile Include="..\gtkmm\gtk\gtkmm\comboboxentry.cc">
      <Filter>Source Files</Filter>
    </ClCompile>
    <ClCompile Include="..\gtkmm\gtk\gtkmm\comboboxentrytext.cc">
      <Filter>Source Files</Filter>
    </ClCompile>
    <ClCompile Include="..\gtkmm\gtk\gtkmm\comboboxtext.cc">
      <Filter>Source Files</Filter>
    </ClCompile>
    <ClCompile Include="..\gtkmm\gtk\gtkmm\container.cc">
      <Filter>Source Files</Filter>
    </ClCompile>
    <ClCompile Include="..\gtkmm\gtk\gtkmm\curve.cc">
      <Filter>Source Files</Filter>
    </ClCompile>
    <ClCompile Include="..\gtkmm\gtk\gtkmm\dialog.cc">
      <Filter>Source Files</Filter>
    </ClCompile>
    <ClCompile Include="..\gtkmm\gtk\gtkmm\drawingarea.cc">
      <Filter>Source Files</Filter>
    </ClCompile>
    <ClCompile Include="..\gtkmm\gtk\gtkmm\editable.cc">
      <Filter>Source Files</Filter>
    </ClCompile>
    <ClCompile Include="..\gtkmm\gtk\gtkmm\entry.cc">
      <Filter>Source Files</Filter>
    </ClCompile>
    <ClCompile Include="..\gtkmm\gtk\gtkmm\entrybuffer.cc">
      <Filter>Source Files</Filter>
    </ClCompile>
    <ClCompile Include="..\gtkmm\gtk\gtkmm\entrycompletion.cc">
      <Filter>Source Files</Filter>
    </ClCompile>
    <ClCompile Include="..\gtkmm\gtk\gtkmm\enums.cc">
      <Filter>Source Files</Filter>
    </ClCompile>
    <ClCompile Include="..\gtkmm\gtk\gtkmm\eventbox.cc">
      <Filter>Source Files</Filter>
    </ClCompile>
    <ClCompile Include="..\gtkmm\gtk\gtkmm\expander.cc">
      <Filter>Source Files</Filter>
    </ClCompile>
    <ClCompile Include="..\gtkmm\gtk\gtkmm\filechooser.cc">
      <Filter>Source Files</Filter>
    </ClCompile>
    <ClCompile Include="..\gtkmm\gtk\gtkmm\filechooserbutton.cc">
      <Filter>Source Files</Filter>
    </ClCompile>
    <ClCompile Include="..\gtkmm\gtk\gtkmm\filechooserdialog.cc">
      <Filter>Source Files</Filter>
    </ClCompile>
    <ClCompile Include="..\gtkmm\gtk\gtkmm\filechooserwidget.cc">
      <Filter>Source Files</Filter>
    </ClCompile>
    <ClCompile Include="..\gtkmm\gtk\gtkmm\filefilter.cc">
      <Filter>Source Files</Filter>
    </ClCompile>
    <ClCompile Include="..\gtkmm\gtk\gtkmm\fileselection.cc">
      <Filter>Source Files</Filter>
    </ClCompile>
    <ClCompile Include="..\gtkmm\gtk\gtkmm\fixed.cc">
      <Filter>Source Files</Filter>
    </ClCompile>
    <ClCompile Include="..\gtkmm\gtk\gtkmm\fontbutton.cc">
      <Filter>Source Files</Filter>
    </ClCompile>
    <ClCompile Include="..\gtkmm\gtk\gtkmm\fontselection.cc">
      <Filter>Source Files</Filter>
    </ClCompile>
    <ClCompile Include="..\gtkmm\gtk\gtkmm\frame.cc">
      <Filter>Source Files</Filter>
    </ClCompile>
    <ClCompile Include="..\gtkmm\gtk\gtkmm\handlebox.cc">
      <Filter>Source Files</Filter>
    </ClCompile>
    <ClCompile Include="..\gtkmm\gtk\gtkmm\iconfactory.cc">
      <Filter>Source Files</Filter>
    </ClCompile>
    <ClCompile Include="..\gtkmm\gtk\gtkmm\iconinfo.cc">
      <Filter>Source Files</Filter>
    </ClCompile>
    <ClCompile Include="..\gtkmm\gtk\gtkmm\iconset.cc">
      <Filter>Source Files</Filter>
    </ClCompile>
    <ClCompile Include="..\gtkmm\gtk\gtkmm\iconsource.cc">
      <Filter>Source Files</Filter>
    </ClCompile>
    <ClCompile Include="..\gtkmm\gtk\gtkmm\icontheme.cc">
      <Filter>Source Files</Filter>
    </ClCompile>
    <ClCompile Include="..\gtkmm\gtk\gtkmm\iconview.cc">
      <Filter>Source Files</Filter>
    </ClCompile>
    <ClCompile Include="..\gtkmm\gtk\gtkmm\image.cc">
      <Filter>Source Files</Filter>
    </ClCompile>
    <ClCompile Include="..\gtkmm\gtk\gtkmm\imagemenuitem.cc">
      <Filter>Source Files</Filter>
    </ClCompile>
    <ClCompile Include="..\gtkmm\gtk\gtkmm\infobar.cc">
      <Filter>Source Files</Filter>
    </ClCompile>
    <ClCompile Include="..\gtkmm\gtk\gtkmm\inputdialog.cc">
      <Filter>Source Files</Filter>
    </ClCompile>
    <ClCompile Include="..\gtkmm\gtk\gtkmm\invisible.cc">
      <Filter>Source Files</Filter>
    </ClCompile>
    <ClCompile Include="..\gtkmm\gtk\gtkmm\item.cc">
      <Filter>Source Files</Filter>
    </ClCompile>
    <ClCompile Include="..\gtkmm\gtk\gtkmm\label.cc">
      <Filter>Source Files</Filter>
    </ClCompile>
    <ClCompile Include="..\gtkmm\gtk\gtkmm\layout.cc">
      <Filter>Source Files</Filter>
    </ClCompile>
    <ClCompile Include="..\gtkmm\gtk\gtkmm\linkbutton.cc">
      <Filter>Source Files</Filter>
    </ClCompile>
    <ClCompile Include="..\gtkmm\gtk\gtkmm\liststore.cc">
      <Filter>Source Files</Filter>
    </ClCompile>
    <ClCompile Include="..\gtkmm\gtk\gtkmm\listviewtext.cc">
      <Filter>Source Files</Filter>
    </ClCompile>
    <ClCompile Include="..\gtkmm\gtk\gtkmm\main.cc">
      <Filter>Source Files</Filter>
    </ClCompile>
    <ClCompile Include="..\gtkmm\gtk\gtkmm\menu.cc">
      <Filter>Source Files</Filter>
    </ClCompile>
    <ClCompile Include="..\gtkmm\gtk\gtkmm\menu_elems.cc">
      <Filter>Source Files</Filter>
    </ClCompile>
    <ClCompile Include="..\gtkmm\gtk\gtkmm\menubar.cc">
      <Filter>Source Files</Filter>
    </ClCompile>
    <ClCompile Include="..\gtkmm\gtk\gtkmm\menuitem.cc">
      <Filter>Source Files</Filter>
    </ClCompile>
    <ClCompile Include="..\gtkmm\gtk\gtkmm\menushell.cc">
      <Filter>Source Files</Filter>
    </ClCompile>
    <ClCompile Include="..\gtkmm\gtk\gtkmm\menutoolbutton.cc">
      <Filter>Source Files</Filter>
    </ClCompile>
    <ClCompile Include="..\gtkmm\gtk\gtkmm\messagedialog.cc">
      <Filter>Source Files</Filter>
    </ClCompile>
    <ClCompile Include="..\gtkmm\gtk\gtkmm\misc.cc">
      <Filter>Source Files</Filter>
    </ClCompile>
    <ClCompile Include="..\gtkmm\gtk\gtkmm\notebook.cc">
      <Filter>Source Files</Filter>
    </ClCompile>
    <ClCompile Include="..\gtkmm\gtk\gtkmm\object.cc">
      <Filter>Source Files</Filter>
    </ClCompile>
    <ClCompile Include="..\gtkmm\gtk\gtkmm\offscreenwindow.cc">
      <Filter>Source Files</Filter>
    </ClCompile>
    <ClCompile Include="..\gtkmm\gtk\gtkmm\optionmenu.cc">
      <Filter>Source Files</Filter>
    </ClCompile>
    <ClCompile Include="..\gtkmm\gtk\gtkmm\orientable.cc">
      <Filter>Source Files</Filter>
    </ClCompile>
    <ClCompile Include="..\gtkmm\gtk\gtkmm\pagesetup.cc">
      <Filter>Source Files</Filter>
    </ClCompile>
    <ClCompile Include="..\gtkmm\gtk\gtkmm\pagesetupunixdialog.cc">
      <Filter>Source Files</Filter>
    </ClCompile>
    <ClCompile Include="..\gtkmm\gtk\gtkmm\paned.cc">
      <Filter>Source Files</Filter>
    </ClCompile>
    <ClCompile Include="..\gtkmm\gtk\gtkmm\papersize.cc">
      <Filter>Source Files</Filter>
    </ClCompile>
    <ClCompile Include="..\gtkmm\gtk\gtkmm\plug.cc">
      <Filter>Source Files</Filter>
    </ClCompile>
    <ClCompile Include="..\gtkmm\gtk\gtkmm\printcontext.cc">
      <Filter>Source Files</Filter>
    </ClCompile>
    <ClCompile Include="..\gtkmm\gtk\gtkmm\printer.cc">
      <Filter>Source Files</Filter>
    </ClCompile>
    <ClCompile Include="..\gtkmm\gtk\gtkmm\printjob.cc">
      <Filter>Source Files</Filter>
    </ClCompile>
    <ClCompile Include="..\gtkmm\gtk\gtkmm\printoperation.cc">
      <Filter>Source Files</Filter>
    </ClCompile>
    <ClCompile Include="..\gtkmm\gtk\gtkmm\printoperationpreview.cc">
      <Filter>Source Files</Filter>
    </ClCompile>
    <ClCompile Include="..\gtkmm\gtk\gtkmm\printsettings.cc">
      <Filter>Source Files</Filter>
    </ClCompile>
    <ClCompile Include="..\gtkmm\gtk\gtkmm\printunixdialog.cc">
      <Filter>Source Files</Filter>
    </ClCompile>
    <ClCompile Include="..\gtkmm\gtk\gtkmm\progressbar.cc">
      <Filter>Source Files</Filter>
    </ClCompile>
    <ClCompile Include="..\gtkmm\gtk\gtkmm\radioaction.cc">
      <Filter>Source Files</Filter>
    </ClCompile>
    <ClCompile Include="..\gtkmm\gtk\gtkmm\radiobutton.cc">
      <Filter>Source Files</Filter>
    </ClCompile>
    <ClCompile Include="..\gtkmm\gtk\gtkmm\radiobuttongroup.cc">
      <Filter>Source Files</Filter>
    </ClCompile>
    <ClCompile Include="..\gtkmm\gtk\gtkmm\radiomenuitem.cc">
      <Filter>Source Files</Filter>
    </ClCompile>
    <ClCompile Include="..\gtkmm\gtk\gtkmm\radiotoolbutton.cc">
      <Filter>Source Files</Filter>
    </ClCompile>
    <ClCompile Include="..\gtkmm\gtk\gtkmm\range.cc">
      <Filter>Source Files</Filter>
    </ClCompile>
    <ClCompile Include="..\gtkmm\gtk\gtkmm\rc.cc">
      <Filter>Source Files</Filter>
    </ClCompile>
    <ClCompile Include="..\gtkmm\gtk\gtkmm\recentaction.cc">
      <Filter>Source Files</Filter>
    </ClCompile>
    <ClCompile Include="..\gtkmm\gtk\gtkmm\recentchooser.cc">
      <Filter>Source Files</Filter>
    </ClCompile>
    <ClCompile Include="..\gtkmm\gtk\gtkmm\recentchooserdialog.cc">
      <Filter>Source Files</Filter>
    </ClCompile>
    <ClCompile Include="..\gtkmm\gtk\gtkmm\recentchoosermenu.cc">
      <Filter>Source Files</Filter>
    </ClCompile>
    <ClCompile Include="..\gtkmm\gtk\gtkmm\recentchooserwidget.cc">
      <Filter>Source Files</Filter>
    </ClCompile>
    <ClCompile Include="..\gtkmm\gtk\gtkmm\recentfilter.cc">
      <Filter>Source Files</Filter>
    </ClCompile>
    <ClCompile Include="..\gtkmm\gtk\gtkmm\recentinfo.cc">
      <Filter>Source Files</Filter>
    </ClCompile>
    <ClCompile Include="..\gtkmm\gtk\gtkmm\recentmanager.cc">
      <Filter>Source Files</Filter>
    </ClCompile>
    <ClCompile Include="..\gtkmm\gtk\gtkmm\ruler.cc">
      <Filter>Source Files</Filter>
    </ClCompile>
    <ClCompile Include="..\gtkmm\gtk\gtkmm\scale.cc">
      <Filter>Source Files</Filter>
    </ClCompile>
    <ClCompile Include="..\gtkmm\gtk\gtkmm\scalebutton.cc">
      <Filter>Source Files</Filter>
    </ClCompile>
    <ClCompile Include="..\gtkmm\gtk\gtkmm\scrollbar.cc">
      <Filter>Source Files</Filter>
    </ClCompile>
    <ClCompile Include="..\gtkmm\gtk\gtkmm\scrolledwindow.cc">
      <Filter>Source Files</Filter>
    </ClCompile>
    <ClCompile Include="..\gtkmm\gtk\gtkmm\selectiondata.cc">
      <Filter>Source Files</Filter>
    </ClCompile>
    <ClCompile Include="..\gtkmm\gtk\gtkmm\selectiondata_private.cc">
      <Filter>Source Files</Filter>
    </ClCompile>
    <ClCompile Include="..\gtkmm\gtk\gtkmm\separator.cc">
      <Filter>Source Files</Filter>
    </ClCompile>
    <ClCompile Include="..\gtkmm\gtk\gtkmm\separatormenuitem.cc">
      <Filter>Source Files</Filter>
    </ClCompile>
    <ClCompile Include="..\gtkmm\gtk\gtkmm\separatortoolitem.cc">
      <Filter>Source Files</Filter>
    </ClCompile>
    <ClCompile Include="..\gtkmm\gtk\gtkmm\settings.cc">
      <Filter>Source Files</Filter>
    </ClCompile>
    <ClCompile Include="..\gtkmm\gtk\gtkmm\sizegroup.cc">
      <Filter>Source Files</Filter>
    </ClCompile>
    <ClCompile Include="..\gtkmm\gtk\gtkmm\socket.cc">
      <Filter>Source Files</Filter>
    </ClCompile>
    <ClCompile Include="..\gtkmm\gtk\gtkmm\spinbutton.cc">
      <Filter>Source Files</Filter>
    </ClCompile>
    <ClCompile Include="..\gtkmm\gtk\gtkmm\spinner.cc">
      <Filter>Source Files</Filter>
    </ClCompile>
    <ClCompile Include="..\gtkmm\gtk\gtkmm\statusbar.cc">
      <Filter>Source Files</Filter>
    </ClCompile>
    <ClCompile Include="..\gtkmm\gtk\gtkmm\statusicon.cc">
      <Filter>Source Files</Filter>
    </ClCompile>
    <ClCompile Include="..\gtkmm\gtk\gtkmm\stock.cc">
      <Filter>Source Files</Filter>
    </ClCompile>
    <ClCompile Include="..\gtkmm\gtk\gtkmm\stockid.cc">
      <Filter>Source Files</Filter>
    </ClCompile>
    <ClCompile Include="..\gtkmm\gtk\gtkmm\stockitem.cc">
      <Filter>Source Files</Filter>
    </ClCompile>
    <ClCompile Include="..\gtkmm\gtk\gtkmm\style.cc">
      <Filter>Source Files</Filter>
    </ClCompile>
    <ClCompile Include="..\gtkmm\gtk\gtkmm\table.cc">
      <Filter>Source Files</Filter>
    </ClCompile>
    <ClCompile Include="..\gtkmm\gtk\gtkmm\targetentry.cc">
      <Filter>Source Files</Filter>
    </ClCompile>
    <ClCompile Include="..\gtkmm\gtk\gtkmm\targetlist.cc">
      <Filter>Source Files</Filter>
    </ClCompile>
    <ClCompile Include="..\gtkmm\gtk\gtkmm\tearoffmenuitem.cc">
      <Filter>Source Files</Filter>
    </ClCompile>
    <ClCompile Include="..\gtkmm\gtk\gtkmm\textattributes.cc">
      <Filter>Source Files</Filter>
    </ClCompile>
    <ClCompile Include="..\gtkmm\gtk\gtkmm\textbuffer.cc">
      <Filter>Source Files</Filter>
    </ClCompile>
    <ClCompile Include="..\gtkmm\gtk\gtkmm\textchildanchor.cc">
      <Filter>Source Files</Filter>
    </ClCompile>
    <ClCompile Include="..\gtkmm\gtk\gtkmm\textiter.cc">
      <Filter>Source Files</Filter>
    </ClCompile>
    <ClCompile Include="..\gtkmm\gtk\gtkmm\textmark.cc">
      <Filter>Source Files</Filter>
    </ClCompile>
    <ClCompile Include="..\gtkmm\gtk\gtkmm\texttag.cc">
      <Filter>Source Files</Filter>
    </ClCompile>
    <ClCompile Include="..\gtkmm\gtk\gtkmm\texttagtable.cc">
      <Filter>Source Files</Filter>
    </ClCompile>
    <ClCompile Include="..\gtkmm\gtk\gtkmm\textview.cc">
      <Filter>Source Files</Filter>
    </ClCompile>
    <ClCompile Include="..\gtkmm\gtk\gtkmm\toggleaction.cc">
      <Filter>Source Files</Filter>
    </ClCompile>
    <ClCompile Include="..\gtkmm\gtk\gtkmm\togglebutton.cc">
      <Filter>Source Files</Filter>
    </ClCompile>
    <ClCompile Include="..\gtkmm\gtk\gtkmm\toggletoolbutton.cc">
      <Filter>Source Files</Filter>
    </ClCompile>
    <ClCompile Include="..\gtkmm\gtk\gtkmm\toolbar.cc">
      <Filter>Source Files</Filter>
    </ClCompile>
    <ClCompile Include="..\gtkmm\gtk\gtkmm\toolbutton.cc">
      <Filter>Source Files</Filter>
    </ClCompile>
    <ClCompile Include="..\gtkmm\gtk\gtkmm\toolitem.cc">
      <Filter>Source Files</Filter>
    </ClCompile>
    <ClCompile Include="..\gtkmm\gtk\gtkmm\toolitemgroup.cc">
      <Filter>Source Files</Filter>
    </ClCompile>
    <ClCompile Include="..\gtkmm\gtk\gtkmm\toolpalette.cc">
      <Filter>Source Files</Filter>
    </ClCompile>
  </ItemGroup>
  <ItemGroup>
    <ResourceCompile Include="..\gtkmm\gtk\gtkmm.rc">
      <Filter>Resource Files</Filter>
    </ResourceCompile>
  </ItemGroup>
</Project>