<?xml version="1.0" encoding="utf-8"?>
<Project ToolsVersion="4.0" xmlns="http://schemas.microsoft.com/developer/msbuild/2003">
  <ItemGroup>
    <Filter Include="Source Files">
      <UniqueIdentifier>{4FC737F1-C7A5-4376-A066-2A32D752A2FF}</UniqueIdentifier>
      <Extensions>cpp;c;cxx;def;odl;idl;hpj;bat;asm;asmx</Extensions>
    </Filter>
    <Filter Include="Header Files">
      <UniqueIdentifier>{93995380-89BD-4b04-88EB-625FBE52EBFB}</UniqueIdentifier>
      <Extensions>h;hpp;hxx;hm;inl;inc;xsd</Extensions>
    </Filter>
  </ItemGroup>
  <ItemGroup>
    <ClInclude Include="..\..\w32deps\gtksourceviewmm\include\gtksourceviewmm\completionproposal.h">
      <Filter>Header Files</Filter>
    </ClInclude>
    <ClInclude Include="..\..\w32deps\gtksourceviewmm\include\gtksourceviewmm\completionprovider.h">
      <Filter>Header Files</Filter>
    </ClInclude>
    <ClInclude Include="..\..\w32deps\gtksourceviewmm\include\gtksourceviewmm\completionwords.h">
      <Filter>Header Files</Filter>
    </ClInclude>
    <ClInclude Include="..\..\w32deps\gtksourceviewmm\include\gtksourceviewmm\gutter.h">
      <Filter>Header Files</Filter>
    </ClInclude>
    <ClInclude Include="..\..\w32deps\gtksourceviewmm\include\gtksourceviewmm\gutterrenderer.h">
      <Filter>Header Files</Filter>
    </ClInclude>
    <ClInclude Include="..\..\w32deps\gtksourceviewmm\include\gtksourceviewmm\gutterrendererpixbuf.h">
      <Filter>Header Files</Filter>
    </ClInclude>
    <ClInclude Include="..\..\w32deps\gtksourceviewmm\include\gtksourceviewmm\gutterrenderertext.h">
      <Filter>Header Files</Filter>
    </ClInclude>
    <ClInclude Include="..\..\w32deps\gtksourceviewmm\include\gtksourceviewmm\init.h">
      <Filter>Header Files</Filter>
    </ClInclude>
    <ClInclude Include="..\..\w32deps\gtksourceviewmm\include\gtksourceviewmm\language.h">
      <Filter>Header Files</Filter>
    </ClInclude>
    <ClInclude Include="..\..\w32deps\gtksourceviewmm\include\gtksourceviewmm\languagemanager.h">
      <Filter>Header Files</Filter>
    </ClInclude>
    <ClInclude Include="..\..\w32deps\gtksourceviewmm\include\gtksourceviewmm\mark.h">
      <Filter>Header Files</Filter>
    </ClInclude>
    <ClInclude Include="..\..\w32deps\gtksourceviewmm\include\gtksourceviewmm\markattributes.h">
      <Filter>Header Files</Filter>
    </ClInclude>
    <ClInclude Include="..\..\w32deps\gtksourceviewmm\include\gtksourceviewmm\markup.h">
      <Filter>Header Files</Filter>
    </ClInclude>
    <ClInclude Include="..\..\w32deps\gtksourceviewmm\include\gtksourceviewmm\printcompositor.h">
      <Filter>Header Files</Filter>
    </ClInclude>
    <ClInclude Include="..\..\w32deps\gtksourceviewmm\include\gtksourceviewmm\style.h">
      <Filter>Header Files</Filter>
    </ClInclude>
    <ClInclude Include="..\..\w32deps\gtksourceviewmm\include\gtksourceviewmm\stylescheme.h">
      <Filter>Header Files</Filter>
    </ClInclude>
    <ClInclude Include="..\..\w32deps\gtksourceviewmm\include\gtksourceviewmm\styleschememanager.h">
      <Filter>Header Files</Filter>
    </ClInclude>
    <ClInclude Include="..\..\w32deps\gtksourceviewmm\include\gtksourceviewmm\undomanager.h">
      <Filter>Header Files</Filter>
    </ClInclude>
    <ClInclude Include="..\..\w32deps\gtksourceviewmm\include\gtksourceviewmm\view.h">
      <Filter>Header Files</Filter>
    </ClInclude>
    <ClInclude Include="..\..\w32deps\gtksourceviewmm\include\gtksourceviewmm\wrap_init.h">
      <Filter>Header Files</Filter>
    </ClInclude>
    <ClInclude Include="..\..\w32deps\gtksourceviewmm\include\gtksourceviewmm\buffer.h">
      <Filter>Header Files</Filter>
    </ClInclude>
    <ClInclude Include="..\..\w32deps\gtksourceviewmm\include\gtksourceviewmm\completion.h">
      <Filter>Header Files</Filter>
    </ClInclude>
    <ClInclude Include="..\..\w32deps\gtksourceviewmm\include\gtksourceviewmm\completionactivation.h">
      <Filter>Header Files</Filter>
    </ClInclude>
    <ClInclude Include="..\..\w32deps\gtksourceviewmm\include\gtksourceviewmm\completioncontext.h">
      <Filter>Header Files</Filter>
    </ClInclude>
    <ClInclude Include="..\..\w32deps\gtksourceviewmm\include\gtksourceviewmm\completioninfo.h">
      <Filter>Header Files</Filter>
    </ClInclude>
    <ClInclude Include="..\..\w32deps\gtksourceviewmm\include\gtksourceviewmm\completionitem.h">
      <Filter>Header Files</Filter>
    </ClInclude>
  </ItemGroup>
  <ItemGroup>
    <ClCompile Include="..\gtksourceviewmm\gtksourceview\gtksourceviewmm\gutterrendererpixbuf.cc">
      <Filter>Source Files</Filter>
    </ClCompile>
    <ClCompile Include="..\gtksourceviewmm\gtksourceview\gtksourceviewmm\gutterrenderertext.cc">
      <Filter>Source Files</Filter>
    </ClCompile>
    <ClCompile Include="..\gtksourceviewmm\gtksourceview\gtksourceviewmm\init.cc">
      <Filter>Source Files</Filter>
    </ClCompile>
    <ClCompile Include="..\gtksourceviewmm\gtksourceview\gtksourceviewmm\language.cc">
      <Filter>Source Files</Filter>
    </ClCompile>
    <ClCompile Include="..\gtksourceviewmm\gtksourceview\gtksourceviewmm\languagemanager.cc">
      <Filter>Source Files</Filter>
    </ClCompile>
    <ClCompile Include="..\gtksourceviewmm\gtksourceview\gtksourceviewmm\mark.cc">
      <Filter>Source Files</Filter>
    </ClCompile>
    <ClCompile Include="..\gtksourceviewmm\gtksourceview\gtksourceviewmm\markattributes.cc">
      <Filter>Source Files</Filter>
    </ClCompile>
    <ClCompile Include="..\gtksourceviewmm\gtksourceview\gtksourceviewmm\markup.cc">
      <Filter>Source Files</Filter>
    </ClCompile>
    <ClCompile Include="..\gtksourceviewmm\gtksourceview\gtksourceviewmm\printcompositor.cc">
      <Filter>Source Files</Filter>
    </ClCompile>
    <ClCompile Include="..\gtksourceviewmm\gtksourceview\gtksourceviewmm\style.cc">
      <Filter>Source Files</Filter>
    </ClCompile>
    <ClCompile Include="..\gtksourceviewmm\gtksourceview\gtksourceviewmm\stylescheme.cc">
      <Filter>Source Files</Filter>
    </ClCompile>
    <ClCompile Include="..\gtksourceviewmm\gtksourceview\gtksourceviewmm\styleschememanager.cc">
      <Filter>Source Files</Filter>
    </ClCompile>
    <ClCompile Include="..\gtksourceviewmm\gtksourceview\gtksourceviewmm\undomanager.cc">
      <Filter>Source Files</Filter>
    </ClCompile>
    <ClCompile Include="..\gtksourceviewmm\gtksourceview\gtksourceviewmm\view.cc">
      <Filter>Source Files</Filter>
    </ClCompile>
    <ClCompile Include="..\gtksourceviewmm\gtksourceview\gtksourceviewmm\wrap_init.cc">
      <Filter>Source Files</Filter>
    </ClCompile>
    <ClCompile Include="..\gtksourceviewmm\gtksourceview\gtksourceviewmm\buffer.cc">
      <Filter>Source Files</Filter>
    </ClCompile>
    <ClCompile Include="..\gtksourceviewmm\gtksourceview\gtksourceviewmm\completion.cc">
      <Filter>Source Files</Filter>
    </ClCompile>
    <ClCompile Include="..\gtksourceviewmm\gtksourceview\gtksourceviewmm\completionactivation.cc">
      <Filter>Source Files</Filter>
    </ClCompile>
    <ClCompile Include="..\gtksourceviewmm\gtksourceview\gtksourceviewmm\completioncontext.cc">
      <Filter>Source Files</Filter>
    </ClCompile>
    <ClCompile Include="..\gtksourceviewmm\gtksourceview\gtksourceviewmm\completioninfo.cc">
      <Filter>Source Files</Filter>
    </ClCompile>
    <ClCompile Include="..\gtksourceviewmm\gtksourceview\gtksourceviewmm\completionitem.cc">
      <Filter>Source Files</Filter>
    </ClCompile>
    <ClCompile Include="..\gtksourceviewmm\gtksourceview\gtksourceviewmm\completionproposal.cc">
      <Filter>Source Files</Filter>
    </ClCompile>
    <ClCompile Include="..\gtksourceviewmm\gtksourceview\gtksourceviewmm\completionprovider.cc">
      <Filter>Source Files</Filter>
    </ClCompile>
    <ClCompile Include="..\gtksourceviewmm\gtksourceview\gtksourceviewmm\completionwords.cc">
      <Filter>Source Files</Filter>
    </ClCompile>
    <ClCompile Include="..\gtksourceviewmm\gtksourceview\gtksourceviewmm\gutter.cc">
      <Filter>Source Files</Filter>
    </ClCompile>
    <ClCompile Include="..\gtksourceviewmm\gtksourceview\gtksourceviewmm\gutterrenderer.cc">
      <Filter>Source Files</Filter>
    </ClCompile>
  </ItemGroup>
</Project>