<?xml version="1.0" encoding="utf-8"?>
<Project ToolsVersion="4.0" xmlns="http://schemas.microsoft.com/developer/msbuild/2003">
  <ItemGroup>
    <Filter Include="Source Files">
      <UniqueIdentifier>{4FC737F1-C7A5-4376-A066-2A32D752A2FF}</UniqueIdentifier>
      <Extensions>cpp;c;cc;cxx;def;odl;idl;hpj;bat;asm;asmx</Extensions>
    </Filter>
    <Filter Include="Header Files">
      <UniqueIdentifier>{93995380-89BD-4b04-88EB-625FBE52EBFB}</UniqueIdentifier>
      <Extensions>h;hpp;hxx;hm;inl;inc;xsd</Extensions>
    </Filter>
    <Filter Include="Resource Files">
      <UniqueIdentifier>{67DA6AB6-F800-4c08-8B7A-83BB121AAD01}</UniqueIdentifier>
      <Extensions>rc;ico;cur;bmp;dlg;rc2;rct;bin;rgs;gif;jpg;jpeg;jpe;resx;tiff;tif;png;wav;mfcribbon-ms</Extensions>
    </Filter>
    <Filter Include="Source Files\x86">
      <UniqueIdentifier>{b1d0d305-de0b-4d62-992c-ea14a7d75497}</UniqueIdentifier>
    </Filter>
    <Filter Include="Source Files\x64">
      <UniqueIdentifier>{9edfa9dd-a9b8-49b4-9952-ab72aabf0e00}</UniqueIdentifier>
    </Filter>
  </ItemGroup>
  <ItemGroup>
    <ClInclude Include="..\..\w32deps\libffi\include\ffi.h">
      <Filter>Header Files</Filter>
    </ClInclude>
    <ClInclude Include="..\..\w32deps\libffi\include\ffitarget.h">
      <Filter>Header Files</Filter>
    </ClInclude>
  </ItemGroup>
  <ItemGroup>
    <CustomBuild Include="..\libffi\x86\win32.asm">
      <Filter>Source Files\x86</Filter>
    </CustomBuild>
    <CustomBuild Include="..\libffi\x64\win64.asm">
      <Filter>Source Files\x64</Filter>
    </CustomBuild>
  </ItemGroup>
  <ItemGroup>
    <ClCompile Include="..\libffi\ffi.c">
      <Filter>Source Files</Filter>
    </ClCompile>
    <ClCompile Include="..\libffi\java_raw_api.c">
      <Filter>Source Files</Filter>
    </ClCompile>
    <ClCompile Include="..\libffi\prep_cif.c">
      <Filter>Source Files</Filter>
    </ClCompile>
    <ClCompile Include="..\libffi\raw_api.c">
      <Filter>Source Files</Filter>
    </ClCompile>
    <ClCompile Include="..\libffi\types.c">
      <Filter>Source Files</Filter>
    </ClCompile>
    <ClCompile Include="..\libffi\closures.c">
      <Filter>Source Files</Filter>
    </ClCompile>
    <ClCompile Include="..\libffi\debug.c">
      <Filter>Source Files</Filter>
    </ClCompile>
  </ItemGroup>
</Project>