<?xml version="1.0" encoding="utf-8"?>
<Project ToolsVersion="4.0" xmlns="http://schemas.microsoft.com/developer/msbuild/2003">
  <ItemGroup>
    <Filter Include="Headers">
      <UniqueIdentifier>{b0f63901-680a-4732-8cd5-233e0df30047}</UniqueIdentifier>
    </Filter>
    <Filter Include="Sources">
      <UniqueIdentifier>{d7f263c7-1b9b-497f-983f-e38ccff86454}</UniqueIdentifier>
    </Filter>
    <Filter Include="Sources\gdkmm">
      <UniqueIdentifier>{c95d5983-71f1-41c8-9ba1-90fc65ee76ef}</UniqueIdentifier>
    </Filter>
    <Filter Include="Sources\gdkmm\gl">
      <UniqueIdentifier>{4e48bdc5-edab-4125-bbd2-d9f77f4a09bf}</UniqueIdentifier>
    </Filter>
    <Filter Include="Headers\gdkmm">
      <UniqueIdentifier>{701c6443-df9a-4e97-9b15-44d2f0bffeff}</UniqueIdentifier>
    </Filter>
    <Filter Include="Headers\gdkmm\gl">
      <UniqueIdentifier>{f37d5246-0799-47f6-bc31-60602c33c954}</UniqueIdentifier>
    </Filter>
    <Filter Include="Headers\gdkmm\gl\private">
      <UniqueIdentifier>{443d0a5a-2966-4655-8824-39fa0ae8f6e6}</UniqueIdentifier>
    </Filter>
  </ItemGroup>
  <ItemGroup>
    <ClCompile Include="..\gtkglextmm\gdkglext\gdkmm\gl\config.cc">
      <Filter>Sources\gdkmm\gl</Filter>
    </ClCompile>
    <ClCompile Include="..\gtkglextmm\gdkglext\gdkmm\gl\context.cc">
      <Filter>Sources\gdkmm\gl</Filter>
    </ClCompile>
    <ClCompile Include="..\gtkglextmm\gdkglext\gdkmm\gl\drawable.cc">
      <Filter>Sources\gdkmm\gl</Filter>
    </ClCompile>
    <ClCompile Include="..\gtkglextmm\gdkglext\gdkmm\gl\font.cc">
      <Filter>Sources\gdkmm\gl</Filter>
    </ClCompile>
    <ClCompile Include="..\gtkglextmm\gdkglext\gdkmm\gl\init.cc">
      <Filter>Sources\gdkmm\gl</Filter>
    </ClCompile>
    <ClCompile Include="..\gtkglextmm\gdkglext\gdkmm\gl\pixmap.cc">
      <Filter>Sources\gdkmm\gl</Filter>
    </ClCompile>
    <ClCompile Include="..\gtkglextmm\gdkglext\gdkmm\gl\pixmapext.cc">
      <Filter>Sources\gdkmm\gl</Filter>
    </ClCompile>
    <ClCompile Include="..\gtkglextmm\gdkglext\gdkmm\gl\query.cc">
      <Filter>Sources\gdkmm\gl</Filter>
    </ClCompile>
    <ClCompile Include="..\gtkglextmm\gdkglext\gdkmm\gl\tokens.cc">
      <Filter>Sources\gdkmm\gl</Filter>
    </ClCompile>
    <ClCompile Include="..\gtkglextmm\gdkglext\gdkmm\gl\version.cc">
      <Filter>Sources\gdkmm\gl</Filter>
    </ClCompile>
    <ClCompile Include="..\gtkglextmm\gdkglext\gdkmm\gl\window.cc">
      <Filter>Sources\gdkmm\gl</Filter>
    </ClCompile>
    <ClCompile Include="..\gtkglextmm\gdkglext\gdkmm\gl\windowext.cc">
      <Filter>Sources\gdkmm\gl</Filter>
    </ClCompile>
    <ClCompile Include="..\gtkglextmm\gdkglext\gdkmm\gl\wrap_init.cc">
      <Filter>Sources\gdkmm\gl</Filter>
    </ClCompile>
  </ItemGroup>
  <ItemGroup>
    <ClInclude Include="..\gtkglextmm\gdkglext\gdkmm\gl\private\config_p.h">
      <Filter>Headers\gdkmm\gl\private</Filter>
    </ClInclude>
    <ClInclude Include="..\gtkglextmm\gdkglext\gdkmm\gl\private\context_p.h">
      <Filter>Headers\gdkmm\gl\private</Filter>
    </ClInclude>
    <ClInclude Include="..\gtkglextmm\gdkglext\gdkmm\gl\private\drawable_p.h">
      <Filter>Headers\gdkmm\gl\private</Filter>
    </ClInclude>
    <ClInclude Include="..\gtkglextmm\gdkglext\gdkmm\gl\private\pixmap_p.h">
      <Filter>Headers\gdkmm\gl\private</Filter>
    </ClInclude>
    <ClInclude Include="..\gtkglextmm\gdkglext\gdkmm\gl\private\tokens_p.h">
      <Filter>Headers\gdkmm\gl\private</Filter>
    </ClInclude>
    <ClInclude Include="..\gtkglextmm\gdkglext\gdkmm\gl\private\window_p.h">
      <Filter>Headers\gdkmm\gl\private</Filter>
    </ClInclude>
    <ClInclude Include="..\..\w32deps\gtkglextmm\include\gdkglextmm-config.h">
      <Filter>Headers</Filter>
    </ClInclude>
    <ClInclude Include="..\..\w32deps\gtkglextmm\include\gdkglmm.h">
      <Filter>Headers</Filter>
    </ClInclude>
    <ClInclude Include="..\..\w32deps\gtkglextmm\include\gdkmm\gl\query.h">
      <Filter>Headers\gdkmm\gl</Filter>
    </ClInclude>
    <ClInclude Include="..\..\w32deps\gtkglextmm\include\gdkmm\gl\tokens.h">
      <Filter>Headers\gdkmm\gl</Filter>
    </ClInclude>
    <ClInclude Include="..\..\w32deps\gtkglextmm\include\gdkmm\gl\version.h">
      <Filter>Headers\gdkmm\gl</Filter>
    </ClInclude>
    <ClInclude Include="..\..\w32deps\gtkglextmm\include\gdkmm\gl\window.h">
      <Filter>Headers\gdkmm\gl</Filter>
    </ClInclude>
    <ClInclude Include="..\..\w32deps\gtkglextmm\include\gdkmm\gl\windowext.h">
      <Filter>Headers\gdkmm\gl</Filter>
    </ClInclude>
    <ClInclude Include="..\..\w32deps\gtkglextmm\include\gdkmm\gl\wrap_init.h">
      <Filter>Headers\gdkmm\gl</Filter>
    </ClInclude>
    <ClInclude Include="..\..\w32deps\gtkglextmm\include\gdkmm\gl\config.h">
      <Filter>Headers\gdkmm\gl</Filter>
    </ClInclude>
    <ClInclude Include="..\..\w32deps\gtkglextmm\include\gdkmm\gl\context.h">
      <Filter>Headers\gdkmm\gl</Filter>
    </ClInclude>
    <ClInclude Include="..\..\w32deps\gtkglextmm\include\gdkmm\gl\defs.h">
      <Filter>Headers\gdkmm\gl</Filter>
    </ClInclude>
    <ClInclude Include="..\..\w32deps\gtkglextmm\include\gdkmm\gl\drawable.h">
      <Filter>Headers\gdkmm\gl</Filter>
    </ClInclude>
    <ClInclude Include="..\..\w32deps\gtkglextmm\include\gdkmm\gl\font.h">
      <Filter>Headers\gdkmm\gl</Filter>
    </ClInclude>
    <ClInclude Include="..\..\w32deps\gtkglextmm\include\gdkmm\gl\init.h">
      <Filter>Headers\gdkmm\gl</Filter>
    </ClInclude>
    <ClInclude Include="..\..\w32deps\gtkglextmm\include\gdkmm\gl\pixmap.h">
      <Filter>Headers\gdkmm\gl</Filter>
    </ClInclude>
    <ClInclude Include="..\..\w32deps\gtkglextmm\include\gdkmm\gl\pixmapext.h">
      <Filter>Headers\gdkmm\gl</Filter>
    </ClInclude>
  </ItemGroup>
</Project>