<?xml version="1.0" encoding="utf-8"?>
<Project ToolsVersion="4.0" xmlns="http://schemas.microsoft.com/developer/msbuild/2003">
  <ItemGroup>
    <Filter Include="Source Files">
      <UniqueIdentifier>{4FC737F1-C7A5-4376-A066-2A32D752A2FF}</UniqueIdentifier>
      <Extensions>cpp;c;cxx;def;odl;idl;hpj;bat;asm;asmx</Extensions>
    </Filter>
    <Filter Include="Header Files">
      <UniqueIdentifier>{93995380-89BD-4b04-88EB-625FBE52EBFB}</UniqueIdentifier>
      <Extensions>h;hpp;hxx;hm;inl;inc;xsd</Extensions>
    </Filter>
    <Filter Include="Resource Files">
      <UniqueIdentifier>{67DA6AB6-F800-4c08-8B7A-83BB121AAD01}</UniqueIdentifier>
      <Extensions>rc;ico;cur;bmp;dlg;rc2;rct;bin;rgs;gif;jpg;jpeg;jpe;resx</Extensions>
    </Filter>
  </ItemGroup>
  <ItemGroup>
    <ClCompile Include="..\gtkmm\gdk\gdkmm\bitmap.cc">
      <Filter>Source Files</Filter>
    </ClCompile>
    <ClCompile Include="..\gtkmm\gdk\gdkmm\color.cc">
      <Filter>Source Files</Filter>
    </ClCompile>
    <ClCompile Include="..\gtkmm\gdk\gdkmm\colormap.cc">
      <Filter>Source Files</Filter>
    </ClCompile>
    <ClCompile Include="..\gtkmm\gdk\gdkmm\cursor.cc">
      <Filter>Source Files</Filter>
    </ClCompile>
    <ClCompile Include="..\gtkmm\gdk\gdkmm\device.cc">
      <Filter>Source Files</Filter>
    </ClCompile>
    <ClCompile Include="..\gtkmm\gdk\gdkmm\display.cc">
      <Filter>Source Files</Filter>
    </ClCompile>
    <ClCompile Include="..\gtkmm\gdk\gdkmm\displaymanager.cc">
      <Filter>Source Files</Filter>
    </ClCompile>
    <ClCompile Include="..\gtkmm\gdk\gdkmm\dragcontext.cc">
      <Filter>Source Files</Filter>
    </ClCompile>
    <ClCompile Include="..\gtkmm\gdk\gdkmm\drawable.cc">
      <Filter>Source Files</Filter>
    </ClCompile>
    <ClCompile Include="..\gtkmm\gdk\gdkmm\event.cc">
      <Filter>Source Files</Filter>
    </ClCompile>
    <ClCompile Include="..\gtkmm\gdk\gdkmm\gc.cc">
      <Filter>Source Files</Filter>
    </ClCompile>
    <ClCompile Include="..\gtkmm\gdk\gdkmm\general.cc">
      <Filter>Source Files</Filter>
    </ClCompile>
    <ClCompile Include="..\gtkmm\gdk\gdkmm\image.cc">
      <Filter>Source Files</Filter>
    </ClCompile>
    <ClCompile Include="..\gtkmm\gdk\gdkmm\pixbuf.cc">
      <Filter>Source Files</Filter>
    </ClCompile>
    <ClCompile Include="..\gtkmm\gdk\gdkmm\pixbufanimation.cc">
      <Filter>Source Files</Filter>
    </ClCompile>
    <ClCompile Include="..\gtkmm\gdk\gdkmm\pixbufanimationiter.cc">
      <Filter>Source Files</Filter>
    </ClCompile>
    <ClCompile Include="..\gtkmm\gdk\gdkmm\pixbufformat.cc">
      <Filter>Source Files</Filter>
    </ClCompile>
    <ClCompile Include="..\gtkmm\gdk\gdkmm\pixbufloader.cc">
      <Filter>Source Files</Filter>
    </ClCompile>
    <ClCompile Include="..\gtkmm\gdk\gdkmm\pixmap.cc">
      <Filter>Source Files</Filter>
    </ClCompile>
    <ClCompile Include="..\gtkmm\gdk\gdkmm\rectangle.cc">
      <Filter>Source Files</Filter>
    </ClCompile>
    <ClCompile Include="..\gtkmm\gdk\gdkmm\region.cc">
      <Filter>Source Files</Filter>
    </ClCompile>
    <ClCompile Include="..\gtkmm\gdk\gdkmm\rgb.cc">
      <Filter>Source Files</Filter>
    </ClCompile>
    <ClCompile Include="..\gtkmm\gdk\gdkmm\rgbcmap.cc">
      <Filter>Source Files</Filter>
    </ClCompile>
    <ClCompile Include="..\gtkmm\gdk\gdkmm\screen.cc">
      <Filter>Source Files</Filter>
    </ClCompile>
    <ClCompile Include="..\gtkmm\gdk\gdkmm\types.cc">
      <Filter>Source Files</Filter>
    </ClCompile>
    <ClCompile Include="..\gtkmm\gdk\gdkmm\visual.cc">
      <Filter>Source Files</Filter>
    </ClCompile>
    <ClCompile Include="..\gtkmm\gdk\gdkmm\window.cc">
      <Filter>Source Files</Filter>
    </ClCompile>
    <ClCompile Include="..\gtkmm\gdk\gdkmm\wrap_init.cc">
      <Filter>Source Files</Filter>
    </ClCompile>
  </ItemGroup>
  <ItemGroup>
    <ResourceCompile Include="..\gtkmm\gdk\gdkmm.rc">
      <Filter>Resource Files</Filter>
    </ResourceCompile>
  </ItemGroup>
</Project>