<?xml version="1.0" encoding="utf-8"?>
<Project ToolsVersion="4.0" xmlns="http://schemas.microsoft.com/developer/msbuild/2003">
  <ItemGroup>
    <Filter Include="Source Files">
      <UniqueIdentifier>{4FC737F1-C7A5-4376-A066-2A32D752A2FF}</UniqueIdentifier>
      <Extensions>cpp;c;cxx;def;odl;idl;hpj;bat;asm;asmx</Extensions>
    </Filter>
    <Filter Include="Header Files">
      <UniqueIdentifier>{93995380-89BD-4b04-88EB-625FBE52EBFB}</UniqueIdentifier>
      <Extensions>h;hpp;hxx;hm;inl;inc;xsd</Extensions>
    </Filter>
    <Filter Include="Resource Files">
      <UniqueIdentifier>{67DA6AB6-F800-4c08-8B7A-83BB121AAD01}</UniqueIdentifier>
      <Extensions>rc;ico;cur;bmp;dlg;rc2;rct;bin;rgs;gif;jpg;jpeg;jpe;resx</Extensions>
    </Filter>
  </ItemGroup>
  <ItemGroup>
    <ClCompile Include="..\gtkmm\glib\glibmm\value.cc">
      <Filter>Source Files</Filter>
    </ClCompile>
    <ClCompile Include="..\gtkmm\glib\glibmm\value_basictypes.cc">
      <Filter>Source Files</Filter>
    </ClCompile>
    <ClCompile Include="..\gtkmm\glib\glibmm\value_custom.cc">
      <Filter>Source Files</Filter>
    </ClCompile>
    <ClCompile Include="..\gtkmm\glib\glibmm\valuearray.cc">
      <Filter>Source Files</Filter>
    </ClCompile>
    <ClCompile Include="..\gtkmm\glib\glibmm\variant.cc">
      <Filter>Source Files</Filter>
    </ClCompile>
    <ClCompile Include="..\gtkmm\glib\glibmm\variant_basictypes.cc">
      <Filter>Source Files</Filter>
    </ClCompile>
    <ClCompile Include="..\gtkmm\glib\glibmm\variantiter.cc">
      <Filter>Source Files</Filter>
    </ClCompile>
    <ClCompile Include="..\gtkmm\glib\glibmm\varianttype.cc">
      <Filter>Source Files</Filter>
    </ClCompile>
    <ClCompile Include="..\gtkmm\glib\glibmm\vectorutils.cc">
      <Filter>Source Files</Filter>
    </ClCompile>
    <ClCompile Include="..\gtkmm\glib\glibmm\wrap.cc">
      <Filter>Source Files</Filter>
    </ClCompile>
    <ClCompile Include="..\gtkmm\glib\glibmm\wrap_init.cc">
      <Filter>Source Files</Filter>
    </ClCompile>
    <ClCompile Include="..\gtkmm\glib\glibmm\arrayhandle.cc">
      <Filter>Source Files</Filter>
    </ClCompile>
    <ClCompile Include="..\gtkmm\glib\glibmm\balancedtree.cc">
      <Filter>Source Files</Filter>
    </ClCompile>
    <ClCompile Include="..\gtkmm\glib\glibmm\checksum.cc">
      <Filter>Source Files</Filter>
    </ClCompile>
    <ClCompile Include="..\gtkmm\glib\glibmm\class.cc">
      <Filter>Source Files</Filter>
    </ClCompile>
    <ClCompile Include="..\gtkmm\glib\glibmm\containers.cc">
      <Filter>Source Files</Filter>
    </ClCompile>
    <ClCompile Include="..\gtkmm\glib\glibmm\convert.cc">
      <Filter>Source Files</Filter>
    </ClCompile>
    <ClCompile Include="..\gtkmm\glib\glibmm\date.cc">
      <Filter>Source Files</Filter>
    </ClCompile>
    <ClCompile Include="..\gtkmm\glib\glibmm\debug.cc">
      <Filter>Source Files</Filter>
    </ClCompile>
    <ClCompile Include="..\gtkmm\glib\glibmm\dispatcher.cc">
      <Filter>Source Files</Filter>
    </ClCompile>
    <ClCompile Include="..\gtkmm\glib\glibmm\error.cc">
      <Filter>Source Files</Filter>
    </ClCompile>
    <ClCompile Include="..\gtkmm\glib\glibmm\exception.cc">
      <Filter>Source Files</Filter>
    </ClCompile>
    <ClCompile Include="..\gtkmm\glib\glibmm\exceptionhandler.cc">
      <Filter>Source Files</Filter>
    </ClCompile>
    <ClCompile Include="..\gtkmm\glib\glibmm\fileutils.cc">
      <Filter>Source Files</Filter>
    </ClCompile>
    <ClCompile Include="..\gtkmm\glib\glibmm\init.cc">
      <Filter>Source Files</Filter>
    </ClCompile>
    <ClCompile Include="..\gtkmm\glib\glibmm\interface.cc">
      <Filter>Source Files</Filter>
    </ClCompile>
    <ClCompile Include="..\gtkmm\glib\glibmm\iochannel.cc">
      <Filter>Source Files</Filter>
    </ClCompile>
    <ClCompile Include="..\gtkmm\glib\glibmm\keyfile.cc">
      <Filter>Source Files</Filter>
    </ClCompile>
    <ClCompile Include="..\gtkmm\glib\glibmm\main.cc">
      <Filter>Source Files</Filter>
    </ClCompile>
    <ClCompile Include="..\gtkmm\glib\glibmm\markup.cc">
      <Filter>Source Files</Filter>
    </ClCompile>
    <ClCompile Include="..\gtkmm\glib\glibmm\miscutils.cc">
      <Filter>Source Files</Filter>
    </ClCompile>
    <ClCompile Include="..\gtkmm\glib\glibmm\module.cc">
      <Filter>Source Files</Filter>
    </ClCompile>
    <ClCompile Include="..\gtkmm\glib\glibmm\nodetree.cc">
      <Filter>Source Files</Filter>
    </ClCompile>
    <ClCompile Include="..\gtkmm\glib\glibmm\object.cc">
      <Filter>Source Files</Filter>
    </ClCompile>
    <ClCompile Include="..\gtkmm\glib\glibmm\objectbase.cc">
      <Filter>Source Files</Filter>
    </ClCompile>
    <ClCompile Include="..\gtkmm\glib\glibmm\optioncontext.cc">
      <Filter>Source Files</Filter>
    </ClCompile>
    <ClCompile Include="..\gtkmm\glib\glibmm\optionentry.cc">
      <Filter>Source Files</Filter>
    </ClCompile>
    <ClCompile Include="..\gtkmm\glib\glibmm\optiongroup.cc">
      <Filter>Source Files</Filter>
    </ClCompile>
    <ClCompile Include="..\gtkmm\glib\glibmm\pattern.cc">
      <Filter>Source Files</Filter>
    </ClCompile>
    <ClCompile Include="..\gtkmm\glib\glibmm\property.cc">
      <Filter>Source Files</Filter>
    </ClCompile>
    <ClCompile Include="..\gtkmm\glib\glibmm\propertyproxy.cc">
      <Filter>Source Files</Filter>
    </ClCompile>
    <ClCompile Include="..\gtkmm\glib\glibmm\propertyproxy_base.cc">
      <Filter>Source Files</Filter>
    </ClCompile>
    <ClCompile Include="..\gtkmm\glib\glibmm\quark.cc">
      <Filter>Source Files</Filter>
    </ClCompile>
    <ClCompile Include="..\gtkmm\glib\glibmm\random.cc">
      <Filter>Source Files</Filter>
    </ClCompile>
    <ClCompile Include="..\gtkmm\glib\glibmm\regex.cc">
      <Filter>Source Files</Filter>
    </ClCompile>
    <ClCompile Include="..\gtkmm\glib\glibmm\sarray.cc">
      <Filter>Source Files</Filter>
    </ClCompile>
    <ClCompile Include="..\gtkmm\glib\glibmm\shell.cc">
      <Filter>Source Files</Filter>
    </ClCompile>
    <ClCompile Include="..\gtkmm\glib\glibmm\signalproxy.cc">
      <Filter>Source Files</Filter>
    </ClCompile>
    <ClCompile Include="..\gtkmm\glib\glibmm\signalproxy_connectionnode.cc">
      <Filter>Source Files</Filter>
    </ClCompile>
    <ClCompile Include="..\gtkmm\glib\glibmm\spawn.cc">
      <Filter>Source Files</Filter>
    </ClCompile>
    <ClCompile Include="..\gtkmm\glib\glibmm\streamiochannel.cc">
      <Filter>Source Files</Filter>
    </ClCompile>
    <ClCompile Include="..\gtkmm\glib\glibmm\stringutils.cc">
      <Filter>Source Files</Filter>
    </ClCompile>
    <ClCompile Include="..\gtkmm\glib\glibmm\thread.cc">
      <Filter>Source Files</Filter>
    </ClCompile>
    <ClCompile Include="..\gtkmm\glib\glibmm\threadpool.cc">
      <Filter>Source Files</Filter>
    </ClCompile>
    <ClCompile Include="..\gtkmm\glib\glibmm\timer.cc">
      <Filter>Source Files</Filter>
    </ClCompile>
    <ClCompile Include="..\gtkmm\glib\glibmm\timeval.cc">
      <Filter>Source Files</Filter>
    </ClCompile>
    <ClCompile Include="..\gtkmm\glib\glibmm\unicode.cc">
      <Filter>Source Files</Filter>
    </ClCompile>
    <ClCompile Include="..\gtkmm\glib\glibmm\uriutils.cc">
      <Filter>Source Files</Filter>
    </ClCompile>
    <ClCompile Include="..\gtkmm\glib\glibmm\ustring.cc">
      <Filter>Source Files</Filter>
    </ClCompile>
    <ClCompile Include="..\gtkmm\glib\glibmm\utility.cc">
      <Filter>Source Files</Filter>
    </ClCompile>
  </ItemGroup>
  <ItemGroup>
    <ClInclude Include="..\..\w32deps\gtkmm\include\glibmm\checksum.h">
      <Filter>Header Files</Filter>
    </ClInclude>
    <ClInclude Include="..\..\w32deps\gtkmm\include\glibmm\class.h">
      <Filter>Header Files</Filter>
    </ClInclude>
    <ClInclude Include="..\..\w32deps\gtkmm\include\glibmm\containerhandle_shared.h">
      <Filter>Header Files</Filter>
    </ClInclude>
    <ClInclude Include="..\..\w32deps\gtkmm\include\glibmm\containers.h">
      <Filter>Header Files</Filter>
    </ClInclude>
    <ClInclude Include="..\..\w32deps\gtkmm\include\glibmm\convert.h">
      <Filter>Header Files</Filter>
    </ClInclude>
    <ClInclude Include="..\..\w32deps\gtkmm\include\glibmm\date.h">
      <Filter>Header Files</Filter>
    </ClInclude>
    <ClInclude Include="..\..\w32deps\gtkmm\include\glibmm\debug.h">
      <Filter>Header Files</Filter>
    </ClInclude>
    <ClInclude Include="..\..\w32deps\gtkmm\include\glibmm\dispatcher.h">
      <Filter>Header Files</Filter>
    </ClInclude>
    <ClInclude Include="..\..\w32deps\gtkmm\include\glibmm\error.h">
      <Filter>Header Files</Filter>
    </ClInclude>
    <ClInclude Include="..\..\w32deps\gtkmm\include\glibmm\exception.h">
      <Filter>Header Files</Filter>
    </ClInclude>
    <ClInclude Include="..\..\w32deps\gtkmm\include\glibmm\exceptionhandler.h">
      <Filter>Header Files</Filter>
    </ClInclude>
    <ClInclude Include="..\..\w32deps\gtkmm\include\glibmm\fileutils.h">
      <Filter>Header Files</Filter>
    </ClInclude>
    <ClInclude Include="..\..\w32deps\gtkmm\include\glibmm\helperlist.h">
      <Filter>Header Files</Filter>
    </ClInclude>
    <ClInclude Include="..\..\w32deps\gtkmm\include\glibmm\i18n.h">
      <Filter>Header Files</Filter>
    </ClInclude>
    <ClInclude Include="..\..\w32deps\gtkmm\include\glibmm\i18n-lib.h">
      <Filter>Header Files</Filter>
    </ClInclude>
    <ClInclude Include="..\..\w32deps\gtkmm\include\glibmm\init.h">
      <Filter>Header Files</Filter>
    </ClInclude>
    <ClInclude Include="..\..\w32deps\gtkmm\include\glibmm\interface.h">
      <Filter>Header Files</Filter>
    </ClInclude>
    <ClInclude Include="..\..\w32deps\gtkmm\include\glibmm\iochannel.h">
      <Filter>Header Files</Filter>
    </ClInclude>
    <ClInclude Include="..\..\w32deps\gtkmm\include\glibmm\keyfile.h">
      <Filter>Header Files</Filter>
    </ClInclude>
    <ClInclude Include="..\..\w32deps\gtkmm\include\glibmm\listhandle.h">
      <Filter>Header Files</Filter>
    </ClInclude>
    <ClInclude Include="..\..\w32deps\gtkmm\include\glibmm\main.h">
      <Filter>Header Files</Filter>
    </ClInclude>
    <ClInclude Include="..\..\w32deps\gtkmm\include\glibmm\markup.h">
      <Filter>Header Files</Filter>
    </ClInclude>
    <ClInclude Include="..\..\w32deps\gtkmm\include\glibmm\miscutils.h">
      <Filter>Header Files</Filter>
    </ClInclude>
    <ClInclude Include="..\..\w32deps\gtkmm\include\glibmm\module.h">
      <Filter>Header Files</Filter>
    </ClInclude>
    <ClInclude Include="..\..\w32deps\gtkmm\include\glibmm\nodetree.h">
      <Filter>Header Files</Filter>
    </ClInclude>
    <ClInclude Include="..\..\w32deps\gtkmm\include\glibmm\object.h">
      <Filter>Header Files</Filter>
    </ClInclude>
    <ClInclude Include="..\..\w32deps\gtkmm\include\glibmm\objectbase.h">
      <Filter>Header Files</Filter>
    </ClInclude>
    <ClInclude Include="..\..\w32deps\gtkmm\include\glibmm\optioncontext.h">
      <Filter>Header Files</Filter>
    </ClInclude>
    <ClInclude Include="..\..\w32deps\gtkmm\include\glibmm\optionentry.h">
      <Filter>Header Files</Filter>
    </ClInclude>
    <ClInclude Include="..\..\w32deps\gtkmm\include\glibmm\optiongroup.h">
      <Filter>Header Files</Filter>
    </ClInclude>
    <ClInclude Include="..\..\w32deps\gtkmm\include\glibmm\pattern.h">
      <Filter>Header Files</Filter>
    </ClInclude>
    <ClInclude Include="..\..\w32deps\gtkmm\include\glibmm\priorities.h">
      <Filter>Header Files</Filter>
    </ClInclude>
    <ClInclude Include="..\..\w32deps\gtkmm\include\glibmm\property.h">
      <Filter>Header Files</Filter>
    </ClInclude>
    <ClInclude Include="..\..\w32deps\gtkmm\include\glibmm\propertyproxy.h">
      <Filter>Header Files</Filter>
    </ClInclude>
    <ClInclude Include="..\..\w32deps\gtkmm\include\glibmm\propertyproxy_base.h">
      <Filter>Header Files</Filter>
    </ClInclude>
    <ClInclude Include="..\..\w32deps\gtkmm\include\glibmm\quark.h">
      <Filter>Header Files</Filter>
    </ClInclude>
    <ClInclude Include="..\..\w32deps\gtkmm\include\glibmm\random.h">
      <Filter>Header Files</Filter>
    </ClInclude>
    <ClInclude Include="..\..\w32deps\gtkmm\include\glibmm\refptr.h">
      <Filter>Header Files</Filter>
    </ClInclude>
    <ClInclude Include="..\..\w32deps\gtkmm\include\glibmm\regex.h">
      <Filter>Header Files</Filter>
    </ClInclude>
    <ClInclude Include="..\..\w32deps\gtkmm\include\glibmm\sarray.h">
      <Filter>Header Files</Filter>
    </ClInclude>
    <ClInclude Include="..\..\w32deps\gtkmm\include\glibmm\shell.h">
      <Filter>Header Files</Filter>
    </ClInclude>
    <ClInclude Include="..\..\w32deps\gtkmm\include\glibmm\signalproxy.h">
      <Filter>Header Files</Filter>
    </ClInclude>
    <ClInclude Include="..\..\w32deps\gtkmm\include\glibmm\signalproxy_connectionnode.h">
      <Filter>Header Files</Filter>
    </ClInclude>
    <ClInclude Include="..\..\w32deps\gtkmm\include\glibmm\slisthandle.h">
      <Filter>Header Files</Filter>
    </ClInclude>
    <ClInclude Include="..\..\w32deps\gtkmm\include\glibmm\spawn.h">
      <Filter>Header Files</Filter>
    </ClInclude>
    <ClInclude Include="..\..\w32deps\gtkmm\include\glibmm\streamiochannel.h">
      <Filter>Header Files</Filter>
    </ClInclude>
    <ClInclude Include="..\..\w32deps\gtkmm\include\glibmm\stringutils.h">
      <Filter>Header Files</Filter>
    </ClInclude>
    <ClInclude Include="..\..\w32deps\gtkmm\include\glibmm\thread.h">
      <Filter>Header Files</Filter>
    </ClInclude>
    <ClInclude Include="..\..\w32deps\gtkmm\include\glibmm\threadpool.h">
      <Filter>Header Files</Filter>
    </ClInclude>
    <ClInclude Include="..\..\w32deps\gtkmm\include\glibmm\timer.h">
      <Filter>Header Files</Filter>
    </ClInclude>
    <ClInclude Include="..\..\w32deps\gtkmm\include\glibmm\timeval.h">
      <Filter>Header Files</Filter>
    </ClInclude>
    <ClInclude Include="..\..\w32deps\gtkmm\include\glibmm\unicode.h">
      <Filter>Header Files</Filter>
    </ClInclude>
    <ClInclude Include="..\..\w32deps\gtkmm\include\glibmm\uriutils.h">
      <Filter>Header Files</Filter>
    </ClInclude>
    <ClInclude Include="..\..\w32deps\gtkmm\include\glibmm\ustring.h">
      <Filter>Header Files</Filter>
    </ClInclude>
    <ClInclude Include="..\..\w32deps\gtkmm\include\glibmm\utility.h">
      <Filter>Header Files</Filter>
    </ClInclude>
    <ClInclude Include="..\..\w32deps\gtkmm\include\glibmm\value.h">
      <Filter>Header Files</Filter>
    </ClInclude>
    <ClInclude Include="..\..\w32deps\gtkmm\include\glibmm\value_basictypes.h">
      <Filter>Header Files</Filter>
    </ClInclude>
    <ClInclude Include="..\..\w32deps\gtkmm\include\glibmm\value_custom.h">
      <Filter>Header Files</Filter>
    </ClInclude>
    <ClInclude Include="..\..\w32deps\gtkmm\include\glibmm\valuearray.h">
      <Filter>Header Files</Filter>
    </ClInclude>
    <ClInclude Include="..\..\w32deps\gtkmm\include\glibmm\variant.h">
      <Filter>Header Files</Filter>
    </ClInclude>
    <ClInclude Include="..\..\w32deps\gtkmm\include\glibmm\variant_basictypes.h">
      <Filter>Header Files</Filter>
    </ClInclude>
    <ClInclude Include="..\..\w32deps\gtkmm\include\glibmm\variantiter.h">
      <Filter>Header Files</Filter>
    </ClInclude>
    <ClInclude Include="..\..\w32deps\gtkmm\include\glibmm\varianttype.h">
      <Filter>Header Files</Filter>
    </ClInclude>
    <ClInclude Include="..\..\w32deps\gtkmm\include\glibmm\vectorutils.h">
      <Filter>Header Files</Filter>
    </ClInclude>
    <ClInclude Include="..\..\w32deps\gtkmm\include\glibmm\wrap.h">
      <Filter>Header Files</Filter>
    </ClInclude>
    <ClInclude Include="..\..\w32deps\gtkmm\include\glibmm\wrap_init.h">
      <Filter>Header Files</Filter>
    </ClInclude>
    <ClInclude Include="..\..\w32deps\gtkmm\include\glibmm\arrayhandle.h">
      <Filter>Header Files</Filter>
    </ClInclude>
    <ClInclude Include="..\..\w32deps\gtkmm\include\glibmm\balancedtree.h">
      <Filter>Header Files</Filter>
    </ClInclude>
  </ItemGroup>
</Project>