<?xml version="1.0" encoding="utf-8"?>
<Project ToolsVersion="4.0" xmlns="http://schemas.microsoft.com/developer/msbuild/2003">
  <ItemGroup>
    <Filter Include="Sources">
      <UniqueIdentifier>{c8bd7e77-50d2-4422-aecd-eb75f715f3d5}</UniqueIdentifier>
    </Filter>
    <Filter Include="Headers">
      <UniqueIdentifier>{60204b1d-53a4-416e-a2fb-2825e511266f}</UniqueIdentifier>
    </Filter>
  </ItemGroup>
  <ItemGroup>
    <ClInclude Include="..\..\windeps\libzlib\include\crc32.h">
      <Filter>Headers</Filter>
    </ClInclude>
    <ClInclude Include="..\..\windeps\libzlib\include\deflate.h">
      <Filter>Headers</Filter>
    </ClInclude>
    <ClInclude Include="..\..\windeps\libzlib\include\gzguts.h">
      <Filter>Headers</Filter>
    </ClInclude>
    <ClInclude Include="..\..\windeps\libzlib\include\inffast.h">
      <Filter>Headers</Filter>
    </ClInclude>
    <ClInclude Include="..\..\windeps\libzlib\include\inffixed.h">
      <Filter>Headers</Filter>
    </ClInclude>
    <ClInclude Include="..\..\windeps\libzlib\include\inflate.h">
      <Filter>Headers</Filter>
    </ClInclude>
    <ClInclude Include="..\..\windeps\libzlib\include\inftrees.h">
      <Filter>Headers</Filter>
    </ClInclude>
    <ClInclude Include="..\..\windeps\libzlib\include\trees.h">
      <Filter>Headers</Filter>
    </ClInclude>
    <ClInclude Include="..\..\windeps\libzlib\include\zconf.h">
      <Filter>Headers</Filter>
    </ClInclude>
    <ClInclude Include="..\..\windeps\libzlib\include\zlib.h">
      <Filter>Headers</Filter>
    </ClInclude>
    <ClInclude Include="..\..\windeps\libzlib\include\zutil.h">
      <Filter>Headers</Filter>
    </ClInclude>
  </ItemGroup>
  <ItemGroup>
    <ClCompile Include="..\libzlib\src\adler32.c">
      <Filter>Sources</Filter>
    </ClCompile>
    <ClCompile Include="..\libzlib\src\compress.c">
      <Filter>Sources</Filter>
    </ClCompile>
    <ClCompile Include="..\libzlib\src\crc32.c">
      <Filter>Sources</Filter>
    </ClCompile>
    <ClCompile Include="..\libzlib\src\deflate.c">
      <Filter>Sources</Filter>
    </ClCompile>
    <ClCompile Include="..\libzlib\src\gzclose.c">
      <Filter>Sources</Filter>
    </ClCompile>
    <ClCompile Include="..\libzlib\src\gzlib.c">
      <Filter>Sources</Filter>
    </ClCompile>
    <ClCompile Include="..\libzlib\src\gzread.c">
      <Filter>Sources</Filter>
    </ClCompile>
    <ClCompile Include="..\libzlib\src\gzwrite.c">
      <Filter>Sources</Filter>
    </ClCompile>
    <ClCompile Include="..\libzlib\src\infback.c">
      <Filter>Sources</Filter>
    </ClCompile>
    <ClCompile Include="..\libzlib\src\inffast.c">
      <Filter>Sources</Filter>
    </ClCompile>
    <ClCompile Include="..\libzlib\src\inflate.c">
      <Filter>Sources</Filter>
    </ClCompile>
    <ClCompile Include="..\libzlib\src\inftrees.c">
      <Filter>Sources</Filter>
    </ClCompile>
    <ClCompile Include="..\libzlib\src\trees.c">
      <Filter>Sources</Filter>
    </ClCompile>
    <ClCompile Include="..\libzlib\src\uncompr.c">
      <Filter>Sources</Filter>
    </ClCompile>
    <ClCompile Include="..\libzlib\src\zutil.c">
      <Filter>Sources</Filter>
    </ClCompile>
  </ItemGroup>
</Project>