<?xml version="1.0" encoding="utf-8"?>
<Project ToolsVersion="4.0" xmlns="http://schemas.microsoft.com/developer/msbuild/2003">
  <ItemGroup>
    <Filter Include="gtkmm">
      <UniqueIdentifier>{2a732ca8-2d55-4d89-b414-42dcd3e00416}</UniqueIdentifier>
    </Filter>
    <Filter Include="gtkmm\gl">
      <UniqueIdentifier>{9577e466-538c-42df-9044-ac0a014e67f2}</UniqueIdentifier>
    </Filter>
  </ItemGroup>
  <ItemGroup>
    <ClInclude Include="..\gtkglext\gtkmm\gl\defs.h">
      <Filter>gtkmm\gl</Filter>
    </ClInclude>
    <ClInclude Include="..\gtkglext\gtkmm\gl\drawingarea.h">
      <Filter>gtkmm\gl</Filter>
    </ClInclude>
    <ClInclude Include="..\gtkglext\gtkmm\gl\init.h">
      <Filter>gtkmm\gl</Filter>
    </ClInclude>
    <ClInclude Include="..\gtkglext\gtkmm\gl\version.h">
      <Filter>gtkmm\gl</Filter>
    </ClInclude>
    <ClInclude Include="..\gtkglext\gtkmm\gl\widget.h">
      <Filter>gtkmm\gl</Filter>
    </ClInclude>
    <ClInclude Include="..\gtkglext\gtkglmm.h" />
  </ItemGroup>
  <ItemGroup>
    <ClCompile Include="..\gtkglext\gtkmm\gl\drawingarea.cc">
      <Filter>gtkmm\gl</Filter>
    </ClCompile>
    <ClCompile Include="..\gtkglext\gtkmm\gl\init.cc">
      <Filter>gtkmm\gl</Filter>
    </ClCompile>
    <ClCompile Include="..\gtkglext\gtkmm\gl\version.cc">
      <Filter>gtkmm\gl</Filter>
    </ClCompile>
    <ClCompile Include="..\gtkglext\gtkmm\gl\widget.cc">
      <Filter>gtkmm\gl</Filter>
    </ClCompile>
  </ItemGroup>
</Project>